// !$*UTF8*$!
{
	archiveVersion = 1;
	classes = {
	};
	objectVersion = 46;
	objects = {

/* Begin PBXAggregateTarget section */
		"BeaverDI::BeaverDIPackageTests::ProductTarget" /* BeaverDIPackageTests */ = {
			isa = PBXAggregateTarget;
			buildConfigurationList = OBJ_345 /* Build configuration list for PBXAggregateTarget "BeaverDIPackageTests" */;
			buildPhases = (
			);
			dependencies = (
				OBJ_348 /* PBXTargetDependency */,
				OBJ_349 /* PBXTargetDependency */,
			);
			name = BeaverDIPackageTests;
			productName = BeaverDIPackageTests;
		};
/* End PBXAggregateTarget section */

/* Begin PBXBuildFile section */
		OBJ_134 /* Package.swift in Sources */ = {isa = PBXBuildFile; fileRef = OBJ_6 /* Package.swift */; };
		OBJ_140 /* Package.swift in Sources */ = {isa = PBXBuildFile; fileRef = OBJ_45 /* Package.swift */; };
		OBJ_146 /* Package.swift in Sources */ = {isa = PBXBuildFile; fileRef = OBJ_83 /* Package.swift */; };
		OBJ_152 /* Package.swift in Sources */ = {isa = PBXBuildFile; fileRef = OBJ_113 /* Package.swift */; };
		OBJ_158 /* Package.swift in Sources */ = {isa = PBXBuildFile; fileRef = OBJ_115 /* Package.swift */; };
		OBJ_164 /* BuilderStoreTests.swift in Sources */ = {isa = PBXBuildFile; fileRef = OBJ_28 /* BuilderStoreTests.swift */; };
		OBJ_165 /* DependencyContainerTests.swift in Sources */ = {isa = PBXBuildFile; fileRef = OBJ_29 /* DependencyContainerTests.swift */; };
		OBJ_166 /* InstanceCacheTests.swift in Sources */ = {isa = PBXBuildFile; fileRef = OBJ_30 /* InstanceCacheTests.swift */; };
		OBJ_167 /* InstanceKeyTests.swift in Sources */ = {isa = PBXBuildFile; fileRef = OBJ_31 /* InstanceKeyTests.swift */; };
		OBJ_168 /* Mocks.swift in Sources */ = {isa = PBXBuildFile; fileRef = OBJ_32 /* Mocks.swift */; };
		OBJ_170 /* BeaverDI.framework in Frameworks */ = {isa = PBXBuildFile; fileRef = "BeaverDI::BeaverDI::Product" /* BeaverDI.framework */; };
		OBJ_178 /* LexerTests.swift in Sources */ = {isa = PBXBuildFile; fileRef = OBJ_25 /* LexerTests.swift */; };
		OBJ_179 /* SourceKitDeclarationTests.swift in Sources */ = {isa = PBXBuildFile; fileRef = OBJ_26 /* SourceKitDeclarationTests.swift */; };
		OBJ_181 /* BeaverDICodeGen.framework in Frameworks */ = {isa = PBXBuildFile; fileRef = "BeaverDI::BeaverDICodeGen::Product" /* BeaverDICodeGen.framework */; };
		OBJ_182 /* SourceKittenFramework.framework in Frameworks */ = {isa = PBXBuildFile; fileRef = "SourceKitten::SourceKittenFramework::Product" /* SourceKittenFramework.framework */; };
		OBJ_183 /* Yams.framework in Frameworks */ = {isa = PBXBuildFile; fileRef = "Yams::Yams::Product" /* Yams.framework */; };
		OBJ_184 /* CYaml.framework in Frameworks */ = {isa = PBXBuildFile; fileRef = "Yams::CYaml::Product" /* CYaml.framework */; };
		OBJ_185 /* SWXMLHash.framework in Frameworks */ = {isa = PBXBuildFile; fileRef = "SWXMLHash::SWXMLHash::Product" /* SWXMLHash.framework */; };
		OBJ_200 /* BuilderStore.swift in Sources */ = {isa = PBXBuildFile; fileRef = OBJ_15 /* BuilderStore.swift */; };
		OBJ_201 /* Dependencies.swift in Sources */ = {isa = PBXBuildFile; fileRef = OBJ_16 /* Dependencies.swift */; };
		OBJ_202 /* DependencyContainer.swift in Sources */ = {isa = PBXBuildFile; fileRef = OBJ_17 /* DependencyContainer.swift */; };
		OBJ_203 /* DependencyResolver.swift in Sources */ = {isa = PBXBuildFile; fileRef = OBJ_18 /* DependencyResolver.swift */; };
		OBJ_204 /* DependencyStore.swift in Sources */ = {isa = PBXBuildFile; fileRef = OBJ_19 /* DependencyStore.swift */; };
		OBJ_205 /* InstanceCache.swift in Sources */ = {isa = PBXBuildFile; fileRef = OBJ_20 /* InstanceCache.swift */; };
		OBJ_206 /* InstanceKey.swift in Sources */ = {isa = PBXBuildFile; fileRef = OBJ_21 /* InstanceKey.swift */; };
		OBJ_207 /* Scope.swift in Sources */ = {isa = PBXBuildFile; fileRef = OBJ_22 /* Scope.swift */; };
		OBJ_214 /* main.swift in Sources */ = {isa = PBXBuildFile; fileRef = OBJ_13 /* main.swift */; };
		OBJ_216 /* Commander.framework in Frameworks */ = {isa = PBXBuildFile; fileRef = "Commander::Commander::Product" /* Commander.framework */; };
		OBJ_217 /* BeaverDICodeGen.framework in Frameworks */ = {isa = PBXBuildFile; fileRef = "BeaverDI::BeaverDICodeGen::Product" /* BeaverDICodeGen.framework */; };
		OBJ_218 /* SourceKittenFramework.framework in Frameworks */ = {isa = PBXBuildFile; fileRef = "SourceKitten::SourceKittenFramework::Product" /* SourceKittenFramework.framework */; };
		OBJ_219 /* Yams.framework in Frameworks */ = {isa = PBXBuildFile; fileRef = "Yams::Yams::Product" /* Yams.framework */; };
		OBJ_220 /* CYaml.framework in Frameworks */ = {isa = PBXBuildFile; fileRef = "Yams::CYaml::Product" /* CYaml.framework */; };
		OBJ_221 /* SWXMLHash.framework in Frameworks */ = {isa = PBXBuildFile; fileRef = "SWXMLHash::SWXMLHash::Product" /* SWXMLHash.framework */; };
		OBJ_233 /* ArgumentConvertible.swift in Sources */ = {isa = PBXBuildFile; fileRef = OBJ_36 /* ArgumentConvertible.swift */; };
		OBJ_234 /* ArgumentDescription.swift in Sources */ = {isa = PBXBuildFile; fileRef = OBJ_37 /* ArgumentDescription.swift */; };
		OBJ_235 /* ArgumentParser.swift in Sources */ = {isa = PBXBuildFile; fileRef = OBJ_38 /* ArgumentParser.swift */; };
		OBJ_236 /* Command.swift in Sources */ = {isa = PBXBuildFile; fileRef = OBJ_39 /* Command.swift */; };
		OBJ_237 /* CommandRunner.swift in Sources */ = {isa = PBXBuildFile; fileRef = OBJ_40 /* CommandRunner.swift */; };
		OBJ_238 /* CommandType.swift in Sources */ = {isa = PBXBuildFile; fileRef = OBJ_41 /* CommandType.swift */; };
		OBJ_239 /* Commands.swift in Sources */ = {isa = PBXBuildFile; fileRef = OBJ_42 /* Commands.swift */; };
		OBJ_240 /* Error.swift in Sources */ = {isa = PBXBuildFile; fileRef = OBJ_43 /* Error.swift */; };
		OBJ_241 /* Group.swift in Sources */ = {isa = PBXBuildFile; fileRef = OBJ_44 /* Group.swift */; };
		OBJ_247 /* Lexer.swift in Sources */ = {isa = PBXBuildFile; fileRef = OBJ_9 /* Lexer.swift */; };
		OBJ_248 /* SourceKitDeclaration.swift in Sources */ = {isa = PBXBuildFile; fileRef = OBJ_10 /* SourceKitDeclaration.swift */; };
		OBJ_249 /* Token.swift in Sources */ = {isa = PBXBuildFile; fileRef = OBJ_11 /* Token.swift */; };
		OBJ_251 /* SourceKittenFramework.framework in Frameworks */ = {isa = PBXBuildFile; fileRef = "SourceKitten::SourceKittenFramework::Product" /* SourceKittenFramework.framework */; };
		OBJ_252 /* Yams.framework in Frameworks */ = {isa = PBXBuildFile; fileRef = "Yams::Yams::Product" /* Yams.framework */; };
		OBJ_253 /* CYaml.framework in Frameworks */ = {isa = PBXBuildFile; fileRef = "Yams::CYaml::Product" /* CYaml.framework */; };
		OBJ_254 /* SWXMLHash.framework in Frameworks */ = {isa = PBXBuildFile; fileRef = "SWXMLHash::SWXMLHash::Product" /* SWXMLHash.framework */; };
		OBJ_263 /* Clang+SourceKitten.swift in Sources */ = {isa = PBXBuildFile; fileRef = OBJ_48 /* Clang+SourceKitten.swift */; };
		OBJ_264 /* ClangTranslationUnit.swift in Sources */ = {isa = PBXBuildFile; fileRef = OBJ_49 /* ClangTranslationUnit.swift */; };
		OBJ_265 /* CodeCompletionItem.swift in Sources */ = {isa = PBXBuildFile; fileRef = OBJ_50 /* CodeCompletionItem.swift */; };
		OBJ_266 /* Dictionary+Merge.swift in Sources */ = {isa = PBXBuildFile; fileRef = OBJ_51 /* Dictionary+Merge.swift */; };
		OBJ_267 /* Documentation.swift in Sources */ = {isa = PBXBuildFile; fileRef = OBJ_52 /* Documentation.swift */; };
		OBJ_268 /* File.swift in Sources */ = {isa = PBXBuildFile; fileRef = OBJ_53 /* File.swift */; };
		OBJ_269 /* JSONOutput.swift in Sources */ = {isa = PBXBuildFile; fileRef = OBJ_54 /* JSONOutput.swift */; };
		OBJ_270 /* Language.swift in Sources */ = {isa = PBXBuildFile; fileRef = OBJ_55 /* Language.swift */; };
		OBJ_271 /* LinuxCompatibility.swift in Sources */ = {isa = PBXBuildFile; fileRef = OBJ_56 /* LinuxCompatibility.swift */; };
		OBJ_272 /* Module.swift in Sources */ = {isa = PBXBuildFile; fileRef = OBJ_57 /* Module.swift */; };
		OBJ_273 /* ObjCDeclarationKind.swift in Sources */ = {isa = PBXBuildFile; fileRef = OBJ_58 /* ObjCDeclarationKind.swift */; };
		OBJ_274 /* OffsetMap.swift in Sources */ = {isa = PBXBuildFile; fileRef = OBJ_59 /* OffsetMap.swift */; };
		OBJ_275 /* Parameter.swift in Sources */ = {isa = PBXBuildFile; fileRef = OBJ_60 /* Parameter.swift */; };
		OBJ_276 /* Request.swift in Sources */ = {isa = PBXBuildFile; fileRef = OBJ_61 /* Request.swift */; };
		OBJ_277 /* SourceDeclaration.swift in Sources */ = {isa = PBXBuildFile; fileRef = OBJ_62 /* SourceDeclaration.swift */; };
		OBJ_278 /* SourceLocation.swift in Sources */ = {isa = PBXBuildFile; fileRef = OBJ_63 /* SourceLocation.swift */; };
		OBJ_279 /* StatementKind.swift in Sources */ = {isa = PBXBuildFile; fileRef = OBJ_64 /* StatementKind.swift */; };
		OBJ_280 /* String+SourceKitten.swift in Sources */ = {isa = PBXBuildFile; fileRef = OBJ_65 /* String+SourceKitten.swift */; };
		OBJ_281 /* Structure.swift in Sources */ = {isa = PBXBuildFile; fileRef = OBJ_66 /* Structure.swift */; };
		OBJ_282 /* SwiftDeclarationKind.swift in Sources */ = {isa = PBXBuildFile; fileRef = OBJ_67 /* SwiftDeclarationKind.swift */; };
		OBJ_283 /* SwiftDocKey.swift in Sources */ = {isa = PBXBuildFile; fileRef = OBJ_68 /* SwiftDocKey.swift */; };
		OBJ_284 /* SwiftDocs.swift in Sources */ = {isa = PBXBuildFile; fileRef = OBJ_69 /* SwiftDocs.swift */; };
		OBJ_285 /* SwiftLangSyntax.swift in Sources */ = {isa = PBXBuildFile; fileRef = OBJ_70 /* SwiftLangSyntax.swift */; };
		OBJ_286 /* SyntaxKind.swift in Sources */ = {isa = PBXBuildFile; fileRef = OBJ_71 /* SyntaxKind.swift */; };
		OBJ_287 /* SyntaxMap.swift in Sources */ = {isa = PBXBuildFile; fileRef = OBJ_72 /* SyntaxMap.swift */; };
		OBJ_288 /* SyntaxToken.swift in Sources */ = {isa = PBXBuildFile; fileRef = OBJ_73 /* SyntaxToken.swift */; };
		OBJ_289 /* Text.swift in Sources */ = {isa = PBXBuildFile; fileRef = OBJ_74 /* Text.swift */; };
		OBJ_290 /* Version.swift in Sources */ = {isa = PBXBuildFile; fileRef = OBJ_75 /* Version.swift */; };
		OBJ_291 /* Xcode.swift in Sources */ = {isa = PBXBuildFile; fileRef = OBJ_76 /* Xcode.swift */; };
		OBJ_292 /* library_wrapper.swift in Sources */ = {isa = PBXBuildFile; fileRef = OBJ_77 /* library_wrapper.swift */; };
		OBJ_293 /* library_wrapper_CXString.swift in Sources */ = {isa = PBXBuildFile; fileRef = OBJ_78 /* library_wrapper_CXString.swift */; };
		OBJ_294 /* library_wrapper_Documentation.swift in Sources */ = {isa = PBXBuildFile; fileRef = OBJ_79 /* library_wrapper_Documentation.swift */; };
		OBJ_295 /* library_wrapper_Index.swift in Sources */ = {isa = PBXBuildFile; fileRef = OBJ_80 /* library_wrapper_Index.swift */; };
		OBJ_296 /* library_wrapper_sourcekitd.swift in Sources */ = {isa = PBXBuildFile; fileRef = OBJ_81 /* library_wrapper_sourcekitd.swift */; };
		OBJ_298 /* Yams.framework in Frameworks */ = {isa = PBXBuildFile; fileRef = "Yams::Yams::Product" /* Yams.framework */; };
		OBJ_299 /* CYaml.framework in Frameworks */ = {isa = PBXBuildFile; fileRef = "Yams::CYaml::Product" /* CYaml.framework */; };
		OBJ_300 /* SWXMLHash.framework in Frameworks */ = {isa = PBXBuildFile; fileRef = "SWXMLHash::SWXMLHash::Product" /* SWXMLHash.framework */; };
		OBJ_308 /* Constructor.swift in Sources */ = {isa = PBXBuildFile; fileRef = OBJ_98 /* Constructor.swift */; };
		OBJ_309 /* Decoder.swift in Sources */ = {isa = PBXBuildFile; fileRef = OBJ_99 /* Decoder.swift */; };
		OBJ_310 /* Emitter.swift in Sources */ = {isa = PBXBuildFile; fileRef = OBJ_100 /* Emitter.swift */; };
		OBJ_311 /* Encoder.swift in Sources */ = {isa = PBXBuildFile; fileRef = OBJ_101 /* Encoder.swift */; };
		OBJ_312 /* Mark.swift in Sources */ = {isa = PBXBuildFile; fileRef = OBJ_102 /* Mark.swift */; };
		OBJ_313 /* Node.Mapping.swift in Sources */ = {isa = PBXBuildFile; fileRef = OBJ_103 /* Node.Mapping.swift */; };
		OBJ_314 /* Node.Scalar.swift in Sources */ = {isa = PBXBuildFile; fileRef = OBJ_104 /* Node.Scalar.swift */; };
		OBJ_315 /* Node.Sequence.swift in Sources */ = {isa = PBXBuildFile; fileRef = OBJ_105 /* Node.Sequence.swift */; };
		OBJ_316 /* Node.swift in Sources */ = {isa = PBXBuildFile; fileRef = OBJ_106 /* Node.swift */; };
		OBJ_317 /* Parser.swift in Sources */ = {isa = PBXBuildFile; fileRef = OBJ_107 /* Parser.swift */; };
		OBJ_318 /* Representer.swift in Sources */ = {isa = PBXBuildFile; fileRef = OBJ_108 /* Representer.swift */; };
		OBJ_319 /* Resolver.swift in Sources */ = {isa = PBXBuildFile; fileRef = OBJ_109 /* Resolver.swift */; };
		OBJ_320 /* String+Yams.swift in Sources */ = {isa = PBXBuildFile; fileRef = OBJ_110 /* String+Yams.swift */; };
		OBJ_321 /* Tag.swift in Sources */ = {isa = PBXBuildFile; fileRef = OBJ_111 /* Tag.swift */; };
		OBJ_322 /* YamlError.swift in Sources */ = {isa = PBXBuildFile; fileRef = OBJ_112 /* YamlError.swift */; };
		OBJ_324 /* CYaml.framework in Frameworks */ = {isa = PBXBuildFile; fileRef = "Yams::CYaml::Product" /* CYaml.framework */; };
		OBJ_330 /* api.c in Sources */ = {isa = PBXBuildFile; fileRef = OBJ_87 /* api.c */; };
		OBJ_331 /* emitter.c in Sources */ = {isa = PBXBuildFile; fileRef = OBJ_88 /* emitter.c */; };
		OBJ_332 /* parser.c in Sources */ = {isa = PBXBuildFile; fileRef = OBJ_89 /* parser.c */; };
		OBJ_333 /* reader.c in Sources */ = {isa = PBXBuildFile; fileRef = OBJ_90 /* reader.c */; };
		OBJ_334 /* scanner.c in Sources */ = {isa = PBXBuildFile; fileRef = OBJ_91 /* scanner.c */; };
		OBJ_335 /* writer.c in Sources */ = {isa = PBXBuildFile; fileRef = OBJ_92 /* writer.c */; };
		OBJ_341 /* SWXMLHash+TypeConversion.swift in Sources */ = {isa = PBXBuildFile; fileRef = OBJ_116 /* SWXMLHash+TypeConversion.swift */; };
		OBJ_342 /* SWXMLHash.swift in Sources */ = {isa = PBXBuildFile; fileRef = OBJ_117 /* SWXMLHash.swift */; };
/* End PBXBuildFile section */

/* Begin PBXContainerItemProxy section */
		196BE5EF20425C4B00202D63 /* PBXContainerItemProxy */ = {
			isa = PBXContainerItemProxy;
			containerPortal = OBJ_1 /* Project object */;
			proxyType = 1;
			remoteGlobalIDString = "SourceKitten::SourceKittenFramework";
			remoteInfo = SourceKittenFramework;
		};
		196BE5F020425C4B00202D63 /* PBXContainerItemProxy */ = {
			isa = PBXContainerItemProxy;
			containerPortal = OBJ_1 /* Project object */;
			proxyType = 1;
			remoteGlobalIDString = "Yams::Yams";
			remoteInfo = Yams;
		};
		196BE5F120425C4B00202D63 /* PBXContainerItemProxy */ = {
			isa = PBXContainerItemProxy;
			containerPortal = OBJ_1 /* Project object */;
			proxyType = 1;
			remoteGlobalIDString = "Yams::CYaml";
			remoteInfo = CYaml;
		};
		196BE5F220425C4B00202D63 /* PBXContainerItemProxy */ = {
			isa = PBXContainerItemProxy;
			containerPortal = OBJ_1 /* Project object */;
			proxyType = 1;
			remoteGlobalIDString = "Yams::CYaml";
			remoteInfo = CYaml;
		};
		196BE5F320425C4B00202D63 /* PBXContainerItemProxy */ = {
			isa = PBXContainerItemProxy;
			containerPortal = OBJ_1 /* Project object */;
			proxyType = 1;
			remoteGlobalIDString = "SWXMLHash::SWXMLHash";
			remoteInfo = SWXMLHash;
		};
		196BE5F420425C4B00202D63 /* PBXContainerItemProxy */ = {
			isa = PBXContainerItemProxy;
			containerPortal = OBJ_1 /* Project object */;
			proxyType = 1;
			remoteGlobalIDString = "Yams::Yams";
			remoteInfo = Yams;
		};
		196BE5F520425C4B00202D63 /* PBXContainerItemProxy */ = {
			isa = PBXContainerItemProxy;
			containerPortal = OBJ_1 /* Project object */;
			proxyType = 1;
			remoteGlobalIDString = "Yams::CYaml";
			remoteInfo = CYaml;
		};
		196BE5F620425C4B00202D63 /* PBXContainerItemProxy */ = {
			isa = PBXContainerItemProxy;
			containerPortal = OBJ_1 /* Project object */;
			proxyType = 1;
			remoteGlobalIDString = "SWXMLHash::SWXMLHash";
			remoteInfo = SWXMLHash;
		};
		196BE5F720425C4B00202D63 /* PBXContainerItemProxy */ = {
			isa = PBXContainerItemProxy;
			containerPortal = OBJ_1 /* Project object */;
			proxyType = 1;
			remoteGlobalIDString = "BeaverDI::BeaverDICodeGen";
			remoteInfo = BeaverDICodeGen;
		};
		196BE5F820425C4B00202D63 /* PBXContainerItemProxy */ = {
			isa = PBXContainerItemProxy;
			containerPortal = OBJ_1 /* Project object */;
			proxyType = 1;
			remoteGlobalIDString = "SourceKitten::SourceKittenFramework";
			remoteInfo = SourceKittenFramework;
		};
		196BE5F920425C4B00202D63 /* PBXContainerItemProxy */ = {
			isa = PBXContainerItemProxy;
			containerPortal = OBJ_1 /* Project object */;
			proxyType = 1;
			remoteGlobalIDString = "Yams::Yams";
			remoteInfo = Yams;
		};
		196BE5FA20425C4B00202D63 /* PBXContainerItemProxy */ = {
			isa = PBXContainerItemProxy;
			containerPortal = OBJ_1 /* Project object */;
			proxyType = 1;
			remoteGlobalIDString = "Yams::CYaml";
			remoteInfo = CYaml;
		};
		196BE5FB20425C4B00202D63 /* PBXContainerItemProxy */ = {
			isa = PBXContainerItemProxy;
			containerPortal = OBJ_1 /* Project object */;
			proxyType = 1;
			remoteGlobalIDString = "SWXMLHash::SWXMLHash";
			remoteInfo = SWXMLHash;
		};
		196BE5FC20425C4C00202D63 /* PBXContainerItemProxy */ = {
			isa = PBXContainerItemProxy;
			containerPortal = OBJ_1 /* Project object */;
			proxyType = 1;
			remoteGlobalIDString = "BeaverDI::BeaverDI";
			remoteInfo = BeaverDI;
		};
		196BE5FD20425C4C00202D63 /* PBXContainerItemProxy */ = {
			isa = PBXContainerItemProxy;
			containerPortal = OBJ_1 /* Project object */;
			proxyType = 1;
			remoteGlobalIDString = "Commander::Commander";
			remoteInfo = Commander;
		};
		196BE5FE20425C4C00202D63 /* PBXContainerItemProxy */ = {
			isa = PBXContainerItemProxy;
			containerPortal = OBJ_1 /* Project object */;
			proxyType = 1;
			remoteGlobalIDString = "BeaverDI::BeaverDICodeGen";
			remoteInfo = BeaverDICodeGen;
		};
		196BE5FF20425C4C00202D63 /* PBXContainerItemProxy */ = {
			isa = PBXContainerItemProxy;
			containerPortal = OBJ_1 /* Project object */;
			proxyType = 1;
			remoteGlobalIDString = "SourceKitten::SourceKittenFramework";
			remoteInfo = SourceKittenFramework;
		};
		196BE60020425C4C00202D63 /* PBXContainerItemProxy */ = {
			isa = PBXContainerItemProxy;
			containerPortal = OBJ_1 /* Project object */;
			proxyType = 1;
			remoteGlobalIDString = "Yams::Yams";
			remoteInfo = Yams;
		};
		196BE60120425C4C00202D63 /* PBXContainerItemProxy */ = {
			isa = PBXContainerItemProxy;
			containerPortal = OBJ_1 /* Project object */;
			proxyType = 1;
			remoteGlobalIDString = "Yams::CYaml";
			remoteInfo = CYaml;
		};
		196BE60220425C4C00202D63 /* PBXContainerItemProxy */ = {
			isa = PBXContainerItemProxy;
			containerPortal = OBJ_1 /* Project object */;
			proxyType = 1;
			remoteGlobalIDString = "SWXMLHash::SWXMLHash";
			remoteInfo = SWXMLHash;
		};
		196BE60320425C4C00202D63 /* PBXContainerItemProxy */ = {
			isa = PBXContainerItemProxy;
			containerPortal = OBJ_1 /* Project object */;
			proxyType = 1;
			remoteGlobalIDString = "BeaverDI::BeaverDICodeGenTests";
			remoteInfo = BeaverDICodeGenTests;
		};
		196BE60420425C4C00202D63 /* PBXContainerItemProxy */ = {
			isa = PBXContainerItemProxy;
			containerPortal = OBJ_1 /* Project object */;
			proxyType = 1;
			remoteGlobalIDString = "BeaverDI::BeaverDITests";
			remoteInfo = BeaverDITests;
		};
/* End PBXContainerItemProxy section */

/* Begin PBXFileReference section */
		"BeaverDI::BeaverDI::Product" /* BeaverDI.framework */ = {isa = PBXFileReference; lastKnownFileType = wrapper.framework; path = BeaverDI.framework; sourceTree = BUILT_PRODUCTS_DIR; };
		"BeaverDI::BeaverDICodeGen::Product" /* BeaverDICodeGen.framework */ = {isa = PBXFileReference; explicitFileType = wrapper.framework; path = BeaverDICodeGen.framework; sourceTree = BUILT_PRODUCTS_DIR; };
		"BeaverDI::BeaverDICodeGenTests::Product" /* BeaverDICodeGenTests.xctest */ = {isa = PBXFileReference; lastKnownFileType = file; path = BeaverDICodeGenTests.xctest; sourceTree = BUILT_PRODUCTS_DIR; };
		"BeaverDI::BeaverDICommand::Product" /* BeaverDICommand */ = {isa = PBXFileReference; lastKnownFileType = text; path = BeaverDICommand; sourceTree = BUILT_PRODUCTS_DIR; };
		"BeaverDI::BeaverDITests::Product" /* BeaverDITests.xctest */ = {isa = PBXFileReference; lastKnownFileType = file; path = BeaverDITests.xctest; sourceTree = BUILT_PRODUCTS_DIR; };
		"Commander::Commander::Product" /* Commander.framework */ = {isa = PBXFileReference; lastKnownFileType = wrapper.framework; path = Commander.framework; sourceTree = BUILT_PRODUCTS_DIR; };
		OBJ_10 /* SourceKitDeclaration.swift */ = {isa = PBXFileReference; lastKnownFileType = sourcecode.swift; path = SourceKitDeclaration.swift; sourceTree = "<group>"; };
		OBJ_100 /* Emitter.swift */ = {isa = PBXFileReference; lastKnownFileType = sourcecode.swift; path = Emitter.swift; sourceTree = "<group>"; };
		OBJ_101 /* Encoder.swift */ = {isa = PBXFileReference; lastKnownFileType = sourcecode.swift; path = Encoder.swift; sourceTree = "<group>"; };
		OBJ_102 /* Mark.swift */ = {isa = PBXFileReference; lastKnownFileType = sourcecode.swift; path = Mark.swift; sourceTree = "<group>"; };
		OBJ_103 /* Node.Mapping.swift */ = {isa = PBXFileReference; lastKnownFileType = sourcecode.swift; path = Node.Mapping.swift; sourceTree = "<group>"; };
		OBJ_104 /* Node.Scalar.swift */ = {isa = PBXFileReference; lastKnownFileType = sourcecode.swift; path = Node.Scalar.swift; sourceTree = "<group>"; };
		OBJ_105 /* Node.Sequence.swift */ = {isa = PBXFileReference; lastKnownFileType = sourcecode.swift; path = Node.Sequence.swift; sourceTree = "<group>"; };
		OBJ_106 /* Node.swift */ = {isa = PBXFileReference; lastKnownFileType = sourcecode.swift; path = Node.swift; sourceTree = "<group>"; };
		OBJ_107 /* Parser.swift */ = {isa = PBXFileReference; lastKnownFileType = sourcecode.swift; path = Parser.swift; sourceTree = "<group>"; };
		OBJ_108 /* Representer.swift */ = {isa = PBXFileReference; lastKnownFileType = sourcecode.swift; path = Representer.swift; sourceTree = "<group>"; };
		OBJ_109 /* Resolver.swift */ = {isa = PBXFileReference; lastKnownFileType = sourcecode.swift; path = Resolver.swift; sourceTree = "<group>"; };
		OBJ_11 /* Token.swift */ = {isa = PBXFileReference; lastKnownFileType = sourcecode.swift; path = Token.swift; sourceTree = "<group>"; };
		OBJ_110 /* String+Yams.swift */ = {isa = PBXFileReference; lastKnownFileType = sourcecode.swift; path = "String+Yams.swift"; sourceTree = "<group>"; };
		OBJ_111 /* Tag.swift */ = {isa = PBXFileReference; lastKnownFileType = sourcecode.swift; path = Tag.swift; sourceTree = "<group>"; };
		OBJ_112 /* YamlError.swift */ = {isa = PBXFileReference; lastKnownFileType = sourcecode.swift; path = YamlError.swift; sourceTree = "<group>"; };
		OBJ_113 /* Package.swift */ = {isa = PBXFileReference; explicitFileType = sourcecode.swift; name = Package.swift; path = "/Users/theophanerupin/Projects/Beaver/BeaverDI/.build/checkouts/Yams.git-8068124914099325722/Package.swift"; sourceTree = "<group>"; };
		OBJ_115 /* Package.swift */ = {isa = PBXFileReference; explicitFileType = sourcecode.swift; name = Package.swift; path = "/Users/theophanerupin/Projects/Beaver/BeaverDI/.build/checkouts/SWXMLHash.git-5776748636326364470/Package.swift"; sourceTree = "<group>"; };
		OBJ_116 /* SWXMLHash+TypeConversion.swift */ = {isa = PBXFileReference; lastKnownFileType = sourcecode.swift; path = "SWXMLHash+TypeConversion.swift"; sourceTree = "<group>"; };
		OBJ_117 /* SWXMLHash.swift */ = {isa = PBXFileReference; lastKnownFileType = sourcecode.swift; path = SWXMLHash.swift; sourceTree = "<group>"; };
		OBJ_13 /* main.swift */ = {isa = PBXFileReference; lastKnownFileType = sourcecode.swift; path = main.swift; sourceTree = "<group>"; };
		OBJ_15 /* BuilderStore.swift */ = {isa = PBXFileReference; lastKnownFileType = sourcecode.swift; path = BuilderStore.swift; sourceTree = "<group>"; };
		OBJ_16 /* Dependencies.swift */ = {isa = PBXFileReference; lastKnownFileType = sourcecode.swift; path = Dependencies.swift; sourceTree = "<group>"; };
		OBJ_17 /* DependencyContainer.swift */ = {isa = PBXFileReference; lastKnownFileType = sourcecode.swift; path = DependencyContainer.swift; sourceTree = "<group>"; };
		OBJ_18 /* DependencyResolver.swift */ = {isa = PBXFileReference; lastKnownFileType = sourcecode.swift; path = DependencyResolver.swift; sourceTree = "<group>"; };
		OBJ_19 /* DependencyStore.swift */ = {isa = PBXFileReference; lastKnownFileType = sourcecode.swift; path = DependencyStore.swift; sourceTree = "<group>"; };
		OBJ_20 /* InstanceCache.swift */ = {isa = PBXFileReference; lastKnownFileType = sourcecode.swift; path = InstanceCache.swift; sourceTree = "<group>"; };
		OBJ_21 /* InstanceKey.swift */ = {isa = PBXFileReference; lastKnownFileType = sourcecode.swift; path = InstanceKey.swift; sourceTree = "<group>"; };
		OBJ_22 /* Scope.swift */ = {isa = PBXFileReference; lastKnownFileType = sourcecode.swift; path = Scope.swift; sourceTree = "<group>"; };
		OBJ_25 /* LexerTests.swift */ = {isa = PBXFileReference; lastKnownFileType = sourcecode.swift; path = LexerTests.swift; sourceTree = "<group>"; };
		OBJ_26 /* SourceKitDeclarationTests.swift */ = {isa = PBXFileReference; lastKnownFileType = sourcecode.swift; path = SourceKitDeclarationTests.swift; sourceTree = "<group>"; };
		OBJ_28 /* BuilderStoreTests.swift */ = {isa = PBXFileReference; lastKnownFileType = sourcecode.swift; path = BuilderStoreTests.swift; sourceTree = "<group>"; };
		OBJ_29 /* DependencyContainerTests.swift */ = {isa = PBXFileReference; lastKnownFileType = sourcecode.swift; path = DependencyContainerTests.swift; sourceTree = "<group>"; };
		OBJ_30 /* InstanceCacheTests.swift */ = {isa = PBXFileReference; lastKnownFileType = sourcecode.swift; path = InstanceCacheTests.swift; sourceTree = "<group>"; };
		OBJ_31 /* InstanceKeyTests.swift */ = {isa = PBXFileReference; lastKnownFileType = sourcecode.swift; path = InstanceKeyTests.swift; sourceTree = "<group>"; };
		OBJ_32 /* Mocks.swift */ = {isa = PBXFileReference; lastKnownFileType = sourcecode.swift; path = Mocks.swift; sourceTree = "<group>"; };
		OBJ_36 /* ArgumentConvertible.swift */ = {isa = PBXFileReference; lastKnownFileType = sourcecode.swift; path = ArgumentConvertible.swift; sourceTree = "<group>"; };
		OBJ_37 /* ArgumentDescription.swift */ = {isa = PBXFileReference; lastKnownFileType = sourcecode.swift; path = ArgumentDescription.swift; sourceTree = "<group>"; };
		OBJ_38 /* ArgumentParser.swift */ = {isa = PBXFileReference; lastKnownFileType = sourcecode.swift; path = ArgumentParser.swift; sourceTree = "<group>"; };
		OBJ_39 /* Command.swift */ = {isa = PBXFileReference; lastKnownFileType = sourcecode.swift; path = Command.swift; sourceTree = "<group>"; };
		OBJ_40 /* CommandRunner.swift */ = {isa = PBXFileReference; lastKnownFileType = sourcecode.swift; path = CommandRunner.swift; sourceTree = "<group>"; };
		OBJ_41 /* CommandType.swift */ = {isa = PBXFileReference; lastKnownFileType = sourcecode.swift; path = CommandType.swift; sourceTree = "<group>"; };
		OBJ_42 /* Commands.swift */ = {isa = PBXFileReference; lastKnownFileType = sourcecode.swift; path = Commands.swift; sourceTree = "<group>"; };
		OBJ_43 /* Error.swift */ = {isa = PBXFileReference; lastKnownFileType = sourcecode.swift; path = Error.swift; sourceTree = "<group>"; };
		OBJ_44 /* Group.swift */ = {isa = PBXFileReference; lastKnownFileType = sourcecode.swift; path = Group.swift; sourceTree = "<group>"; };
		OBJ_45 /* Package.swift */ = {isa = PBXFileReference; explicitFileType = sourcecode.swift; name = Package.swift; path = "/Users/theophanerupin/Projects/Beaver/BeaverDI/.build/checkouts/Commander.git-8842944228949165507/Package.swift"; sourceTree = "<group>"; };
		OBJ_48 /* Clang+SourceKitten.swift */ = {isa = PBXFileReference; lastKnownFileType = sourcecode.swift; path = "Clang+SourceKitten.swift"; sourceTree = "<group>"; };
		OBJ_49 /* ClangTranslationUnit.swift */ = {isa = PBXFileReference; lastKnownFileType = sourcecode.swift; path = ClangTranslationUnit.swift; sourceTree = "<group>"; };
		OBJ_50 /* CodeCompletionItem.swift */ = {isa = PBXFileReference; lastKnownFileType = sourcecode.swift; path = CodeCompletionItem.swift; sourceTree = "<group>"; };
		OBJ_51 /* Dictionary+Merge.swift */ = {isa = PBXFileReference; lastKnownFileType = sourcecode.swift; path = "Dictionary+Merge.swift"; sourceTree = "<group>"; };
		OBJ_52 /* Documentation.swift */ = {isa = PBXFileReference; lastKnownFileType = sourcecode.swift; path = Documentation.swift; sourceTree = "<group>"; };
		OBJ_53 /* File.swift */ = {isa = PBXFileReference; lastKnownFileType = sourcecode.swift; path = File.swift; sourceTree = "<group>"; };
		OBJ_54 /* JSONOutput.swift */ = {isa = PBXFileReference; lastKnownFileType = sourcecode.swift; path = JSONOutput.swift; sourceTree = "<group>"; };
		OBJ_55 /* Language.swift */ = {isa = PBXFileReference; lastKnownFileType = sourcecode.swift; path = Language.swift; sourceTree = "<group>"; };
		OBJ_56 /* LinuxCompatibility.swift */ = {isa = PBXFileReference; lastKnownFileType = sourcecode.swift; path = LinuxCompatibility.swift; sourceTree = "<group>"; };
		OBJ_57 /* Module.swift */ = {isa = PBXFileReference; lastKnownFileType = sourcecode.swift; path = Module.swift; sourceTree = "<group>"; };
		OBJ_58 /* ObjCDeclarationKind.swift */ = {isa = PBXFileReference; lastKnownFileType = sourcecode.swift; path = ObjCDeclarationKind.swift; sourceTree = "<group>"; };
		OBJ_59 /* OffsetMap.swift */ = {isa = PBXFileReference; lastKnownFileType = sourcecode.swift; path = OffsetMap.swift; sourceTree = "<group>"; };
		OBJ_6 /* Package.swift */ = {isa = PBXFileReference; explicitFileType = sourcecode.swift; path = Package.swift; sourceTree = "<group>"; };
		OBJ_60 /* Parameter.swift */ = {isa = PBXFileReference; lastKnownFileType = sourcecode.swift; path = Parameter.swift; sourceTree = "<group>"; };
		OBJ_61 /* Request.swift */ = {isa = PBXFileReference; lastKnownFileType = sourcecode.swift; path = Request.swift; sourceTree = "<group>"; };
		OBJ_62 /* SourceDeclaration.swift */ = {isa = PBXFileReference; lastKnownFileType = sourcecode.swift; path = SourceDeclaration.swift; sourceTree = "<group>"; };
		OBJ_63 /* SourceLocation.swift */ = {isa = PBXFileReference; lastKnownFileType = sourcecode.swift; path = SourceLocation.swift; sourceTree = "<group>"; };
		OBJ_64 /* StatementKind.swift */ = {isa = PBXFileReference; lastKnownFileType = sourcecode.swift; path = StatementKind.swift; sourceTree = "<group>"; };
		OBJ_65 /* String+SourceKitten.swift */ = {isa = PBXFileReference; lastKnownFileType = sourcecode.swift; path = "String+SourceKitten.swift"; sourceTree = "<group>"; };
		OBJ_66 /* Structure.swift */ = {isa = PBXFileReference; lastKnownFileType = sourcecode.swift; path = Structure.swift; sourceTree = "<group>"; };
		OBJ_67 /* SwiftDeclarationKind.swift */ = {isa = PBXFileReference; lastKnownFileType = sourcecode.swift; path = SwiftDeclarationKind.swift; sourceTree = "<group>"; };
		OBJ_68 /* SwiftDocKey.swift */ = {isa = PBXFileReference; lastKnownFileType = sourcecode.swift; path = SwiftDocKey.swift; sourceTree = "<group>"; };
		OBJ_69 /* SwiftDocs.swift */ = {isa = PBXFileReference; lastKnownFileType = sourcecode.swift; path = SwiftDocs.swift; sourceTree = "<group>"; };
		OBJ_70 /* SwiftLangSyntax.swift */ = {isa = PBXFileReference; lastKnownFileType = sourcecode.swift; path = SwiftLangSyntax.swift; sourceTree = "<group>"; };
		OBJ_71 /* SyntaxKind.swift */ = {isa = PBXFileReference; lastKnownFileType = sourcecode.swift; path = SyntaxKind.swift; sourceTree = "<group>"; };
		OBJ_72 /* SyntaxMap.swift */ = {isa = PBXFileReference; lastKnownFileType = sourcecode.swift; path = SyntaxMap.swift; sourceTree = "<group>"; };
		OBJ_73 /* SyntaxToken.swift */ = {isa = PBXFileReference; lastKnownFileType = sourcecode.swift; path = SyntaxToken.swift; sourceTree = "<group>"; };
		OBJ_74 /* Text.swift */ = {isa = PBXFileReference; lastKnownFileType = sourcecode.swift; path = Text.swift; sourceTree = "<group>"; };
		OBJ_75 /* Version.swift */ = {isa = PBXFileReference; lastKnownFileType = sourcecode.swift; path = Version.swift; sourceTree = "<group>"; };
		OBJ_76 /* Xcode.swift */ = {isa = PBXFileReference; lastKnownFileType = sourcecode.swift; path = Xcode.swift; sourceTree = "<group>"; };
		OBJ_77 /* library_wrapper.swift */ = {isa = PBXFileReference; lastKnownFileType = sourcecode.swift; path = library_wrapper.swift; sourceTree = "<group>"; };
		OBJ_78 /* library_wrapper_CXString.swift */ = {isa = PBXFileReference; lastKnownFileType = sourcecode.swift; path = library_wrapper_CXString.swift; sourceTree = "<group>"; };
		OBJ_79 /* library_wrapper_Documentation.swift */ = {isa = PBXFileReference; lastKnownFileType = sourcecode.swift; path = library_wrapper_Documentation.swift; sourceTree = "<group>"; };
		OBJ_80 /* library_wrapper_Index.swift */ = {isa = PBXFileReference; lastKnownFileType = sourcecode.swift; path = library_wrapper_Index.swift; sourceTree = "<group>"; };
		OBJ_81 /* library_wrapper_sourcekitd.swift */ = {isa = PBXFileReference; lastKnownFileType = sourcecode.swift; path = library_wrapper_sourcekitd.swift; sourceTree = "<group>"; };
		OBJ_83 /* Package.swift */ = {isa = PBXFileReference; explicitFileType = sourcecode.swift; name = Package.swift; path = "/Users/theophanerupin/Projects/Beaver/BeaverDI/.build/checkouts/SourceKitten.git-6484296299232452758/Package.swift"; sourceTree = "<group>"; };
		OBJ_87 /* api.c */ = {isa = PBXFileReference; lastKnownFileType = sourcecode.c.c; path = api.c; sourceTree = "<group>"; };
		OBJ_88 /* emitter.c */ = {isa = PBXFileReference; lastKnownFileType = sourcecode.c.c; path = emitter.c; sourceTree = "<group>"; };
		OBJ_89 /* parser.c */ = {isa = PBXFileReference; lastKnownFileType = sourcecode.c.c; path = parser.c; sourceTree = "<group>"; };
		OBJ_9 /* Lexer.swift */ = {isa = PBXFileReference; lastKnownFileType = sourcecode.swift; path = Lexer.swift; sourceTree = "<group>"; };
		OBJ_90 /* reader.c */ = {isa = PBXFileReference; lastKnownFileType = sourcecode.c.c; path = reader.c; sourceTree = "<group>"; };
		OBJ_91 /* scanner.c */ = {isa = PBXFileReference; lastKnownFileType = sourcecode.c.c; path = scanner.c; sourceTree = "<group>"; };
		OBJ_92 /* writer.c */ = {isa = PBXFileReference; lastKnownFileType = sourcecode.c.c; path = writer.c; sourceTree = "<group>"; };
		OBJ_94 /* CYaml.h */ = {isa = PBXFileReference; lastKnownFileType = sourcecode.c.h; path = CYaml.h; sourceTree = "<group>"; };
		OBJ_95 /* yaml.h */ = {isa = PBXFileReference; lastKnownFileType = sourcecode.c.h; path = yaml.h; sourceTree = "<group>"; };
		OBJ_96 /* module.modulemap */ = {isa = PBXFileReference; lastKnownFileType = "sourcecode.module-map"; name = module.modulemap; path = /Users/theophanerupin/Projects/Beaver/BeaverDI/BeaverDI.xcodeproj/GeneratedModuleMap/CYaml/module.modulemap; sourceTree = "<group>"; };
		OBJ_98 /* Constructor.swift */ = {isa = PBXFileReference; lastKnownFileType = sourcecode.swift; path = Constructor.swift; sourceTree = "<group>"; };
		OBJ_99 /* Decoder.swift */ = {isa = PBXFileReference; lastKnownFileType = sourcecode.swift; path = Decoder.swift; sourceTree = "<group>"; };
		"SWXMLHash::SWXMLHash::Product" /* SWXMLHash.framework */ = {isa = PBXFileReference; explicitFileType = wrapper.framework; path = SWXMLHash.framework; sourceTree = BUILT_PRODUCTS_DIR; };
		"SourceKitten::SourceKittenFramework::Product" /* SourceKittenFramework.framework */ = {isa = PBXFileReference; explicitFileType = wrapper.framework; path = SourceKittenFramework.framework; sourceTree = BUILT_PRODUCTS_DIR; };
		"Yams::CYaml::Product" /* CYaml.framework */ = {isa = PBXFileReference; explicitFileType = wrapper.framework; path = CYaml.framework; sourceTree = BUILT_PRODUCTS_DIR; };
		"Yams::Yams::Product" /* Yams.framework */ = {isa = PBXFileReference; explicitFileType = wrapper.framework; path = Yams.framework; sourceTree = BUILT_PRODUCTS_DIR; };
/* End PBXFileReference section */

/* Begin PBXFrameworksBuildPhase section */
		OBJ_169 /* Frameworks */ = {
			isa = PBXFrameworksBuildPhase;
			buildActionMask = 0;
			files = (
				OBJ_170 /* BeaverDI.framework in Frameworks */,
			);
			runOnlyForDeploymentPostprocessing = 0;
		};
		OBJ_180 /* Frameworks */ = {
			isa = PBXFrameworksBuildPhase;
			buildActionMask = 0;
			files = (
				OBJ_181 /* BeaverDICodeGen.framework in Frameworks */,
				OBJ_182 /* SourceKittenFramework.framework in Frameworks */,
				OBJ_183 /* Yams.framework in Frameworks */,
				OBJ_184 /* CYaml.framework in Frameworks */,
				OBJ_185 /* SWXMLHash.framework in Frameworks */,
			);
			runOnlyForDeploymentPostprocessing = 0;
		};
		OBJ_208 /* Frameworks */ = {
			isa = PBXFrameworksBuildPhase;
			buildActionMask = 0;
			files = (
			);
			runOnlyForDeploymentPostprocessing = 0;
		};
		OBJ_215 /* Frameworks */ = {
			isa = PBXFrameworksBuildPhase;
			buildActionMask = 0;
			files = (
				OBJ_216 /* Commander.framework in Frameworks */,
				OBJ_217 /* BeaverDICodeGen.framework in Frameworks */,
				OBJ_218 /* SourceKittenFramework.framework in Frameworks */,
				OBJ_219 /* Yams.framework in Frameworks */,
				OBJ_220 /* CYaml.framework in Frameworks */,
				OBJ_221 /* SWXMLHash.framework in Frameworks */,
			);
			runOnlyForDeploymentPostprocessing = 0;
		};
		OBJ_242 /* Frameworks */ = {
			isa = PBXFrameworksBuildPhase;
			buildActionMask = 0;
			files = (
			);
			runOnlyForDeploymentPostprocessing = 0;
		};
		OBJ_250 /* Frameworks */ = {
			isa = PBXFrameworksBuildPhase;
			buildActionMask = 0;
			files = (
				OBJ_251 /* SourceKittenFramework.framework in Frameworks */,
				OBJ_252 /* Yams.framework in Frameworks */,
				OBJ_253 /* CYaml.framework in Frameworks */,
				OBJ_254 /* SWXMLHash.framework in Frameworks */,
			);
			runOnlyForDeploymentPostprocessing = 0;
		};
		OBJ_297 /* Frameworks */ = {
			isa = PBXFrameworksBuildPhase;
			buildActionMask = 0;
			files = (
				OBJ_298 /* Yams.framework in Frameworks */,
				OBJ_299 /* CYaml.framework in Frameworks */,
				OBJ_300 /* SWXMLHash.framework in Frameworks */,
			);
			runOnlyForDeploymentPostprocessing = 0;
		};
		OBJ_323 /* Frameworks */ = {
			isa = PBXFrameworksBuildPhase;
			buildActionMask = 0;
			files = (
				OBJ_324 /* CYaml.framework in Frameworks */,
			);
			runOnlyForDeploymentPostprocessing = 0;
		};
		OBJ_336 /* Frameworks */ = {
			isa = PBXFrameworksBuildPhase;
			buildActionMask = 0;
			files = (
			);
			runOnlyForDeploymentPostprocessing = 0;
		};
		OBJ_343 /* Frameworks */ = {
			isa = PBXFrameworksBuildPhase;
			buildActionMask = 0;
			files = (
			);
			runOnlyForDeploymentPostprocessing = 0;
		};
/* End PBXFrameworksBuildPhase section */

/* Begin PBXGroup section */
		OBJ_114 /* SWXMLHash 4.4.1 */ = {
			isa = PBXGroup;
			children = (
				OBJ_115 /* Package.swift */,
				OBJ_116 /* SWXMLHash+TypeConversion.swift */,
				OBJ_117 /* SWXMLHash.swift */,
			);
			name = "SWXMLHash 4.4.1";
			path = ".build/checkouts/SWXMLHash.git-5776748636326364470/Source";
			sourceTree = SOURCE_ROOT;
		};
		OBJ_118 /* Products */ = {
			isa = PBXGroup;
			children = (
				"BeaverDI::BeaverDITests::Product" /* BeaverDITests.xctest */,
				"BeaverDI::BeaverDICodeGenTests::Product" /* BeaverDICodeGenTests.xctest */,
				"BeaverDI::BeaverDI::Product" /* BeaverDI.framework */,
				"BeaverDI::BeaverDICommand::Product" /* BeaverDICommand */,
				"Commander::Commander::Product" /* Commander.framework */,
				"BeaverDI::BeaverDICodeGen::Product" /* BeaverDICodeGen.framework */,
				"SourceKitten::SourceKittenFramework::Product" /* SourceKittenFramework.framework */,
				"Yams::Yams::Product" /* Yams.framework */,
				"Yams::CYaml::Product" /* CYaml.framework */,
				"SWXMLHash::SWXMLHash::Product" /* SWXMLHash.framework */,
			);
			name = Products;
			sourceTree = BUILT_PRODUCTS_DIR;
		};
		OBJ_12 /* BeaverDICommand */ = {
			isa = PBXGroup;
			children = (
				OBJ_13 /* main.swift */,
			);
			name = BeaverDICommand;
			path = Sources/BeaverDICommand;
			sourceTree = SOURCE_ROOT;
		};
		OBJ_14 /* BeaverDI */ = {
			isa = PBXGroup;
			children = (
				OBJ_15 /* BuilderStore.swift */,
				OBJ_16 /* Dependencies.swift */,
				OBJ_17 /* DependencyContainer.swift */,
				OBJ_18 /* DependencyResolver.swift */,
				OBJ_19 /* DependencyStore.swift */,
				OBJ_20 /* InstanceCache.swift */,
				OBJ_21 /* InstanceKey.swift */,
				OBJ_22 /* Scope.swift */,
			);
			name = BeaverDI;
			path = Sources/BeaverDI;
			sourceTree = SOURCE_ROOT;
		};
		OBJ_23 /* Tests */ = {
			isa = PBXGroup;
			children = (
				OBJ_24 /* BeaverDICodeGenTests */,
				OBJ_27 /* BeaverDITests */,
			);
			name = Tests;
			sourceTree = SOURCE_ROOT;
		};
		OBJ_24 /* BeaverDICodeGenTests */ = {
			isa = PBXGroup;
			children = (
				OBJ_25 /* LexerTests.swift */,
				OBJ_26 /* SourceKitDeclarationTests.swift */,
			);
			name = BeaverDICodeGenTests;
			path = Tests/BeaverDICodeGenTests;
			sourceTree = SOURCE_ROOT;
		};
		OBJ_27 /* BeaverDITests */ = {
			isa = PBXGroup;
			children = (
				OBJ_28 /* BuilderStoreTests.swift */,
				OBJ_29 /* DependencyContainerTests.swift */,
				OBJ_30 /* InstanceCacheTests.swift */,
				OBJ_31 /* InstanceKeyTests.swift */,
				OBJ_32 /* Mocks.swift */,
			);
			name = BeaverDITests;
			path = Tests/BeaverDITests;
			sourceTree = SOURCE_ROOT;
		};
		OBJ_33 /* Dependencies */ = {
			isa = PBXGroup;
			children = (
				OBJ_34 /* Commander 0.8.0 */,
				OBJ_46 /* SourceKitten 0.19.1 */,
				OBJ_84 /* Yams 0.5.0 */,
				OBJ_114 /* SWXMLHash 4.4.1 */,
			);
			name = Dependencies;
			sourceTree = "<group>";
		};
		OBJ_34 /* Commander 0.8.0 */ = {
			isa = PBXGroup;
			children = (
				OBJ_35 /* Commander */,
				OBJ_45 /* Package.swift */,
			);
			name = "Commander 0.8.0";
			sourceTree = SOURCE_ROOT;
		};
		OBJ_35 /* Commander */ = {
			isa = PBXGroup;
			children = (
				OBJ_36 /* ArgumentConvertible.swift */,
				OBJ_37 /* ArgumentDescription.swift */,
				OBJ_38 /* ArgumentParser.swift */,
				OBJ_39 /* Command.swift */,
				OBJ_40 /* CommandRunner.swift */,
				OBJ_41 /* CommandType.swift */,
				OBJ_42 /* Commands.swift */,
				OBJ_43 /* Error.swift */,
				OBJ_44 /* Group.swift */,
			);
			name = Commander;
			path = ".build/checkouts/Commander.git-8842944228949165507/Sources/Commander";
			sourceTree = SOURCE_ROOT;
		};
		OBJ_46 /* SourceKitten 0.19.1 */ = {
			isa = PBXGroup;
			children = (
				OBJ_47 /* SourceKittenFramework */,
				OBJ_82 /* sourcekitten */,
				OBJ_83 /* Package.swift */,
			);
			name = "SourceKitten 0.19.1";
			sourceTree = SOURCE_ROOT;
		};
		OBJ_47 /* SourceKittenFramework */ = {
			isa = PBXGroup;
			children = (
				OBJ_48 /* Clang+SourceKitten.swift */,
				OBJ_49 /* ClangTranslationUnit.swift */,
				OBJ_50 /* CodeCompletionItem.swift */,
				OBJ_51 /* Dictionary+Merge.swift */,
				OBJ_52 /* Documentation.swift */,
				OBJ_53 /* File.swift */,
				OBJ_54 /* JSONOutput.swift */,
				OBJ_55 /* Language.swift */,
				OBJ_56 /* LinuxCompatibility.swift */,
				OBJ_57 /* Module.swift */,
				OBJ_58 /* ObjCDeclarationKind.swift */,
				OBJ_59 /* OffsetMap.swift */,
				OBJ_60 /* Parameter.swift */,
				OBJ_61 /* Request.swift */,
				OBJ_62 /* SourceDeclaration.swift */,
				OBJ_63 /* SourceLocation.swift */,
				OBJ_64 /* StatementKind.swift */,
				OBJ_65 /* String+SourceKitten.swift */,
				OBJ_66 /* Structure.swift */,
				OBJ_67 /* SwiftDeclarationKind.swift */,
				OBJ_68 /* SwiftDocKey.swift */,
				OBJ_69 /* SwiftDocs.swift */,
				OBJ_70 /* SwiftLangSyntax.swift */,
				OBJ_71 /* SyntaxKind.swift */,
				OBJ_72 /* SyntaxMap.swift */,
				OBJ_73 /* SyntaxToken.swift */,
				OBJ_74 /* Text.swift */,
				OBJ_75 /* Version.swift */,
				OBJ_76 /* Xcode.swift */,
				OBJ_77 /* library_wrapper.swift */,
				OBJ_78 /* library_wrapper_CXString.swift */,
				OBJ_79 /* library_wrapper_Documentation.swift */,
				OBJ_80 /* library_wrapper_Index.swift */,
				OBJ_81 /* library_wrapper_sourcekitd.swift */,
			);
			name = SourceKittenFramework;
			path = ".build/checkouts/SourceKitten.git-6484296299232452758/Source/SourceKittenFramework";
			sourceTree = SOURCE_ROOT;
		};
		OBJ_5 /*  */ = {
			isa = PBXGroup;
			children = (
				OBJ_6 /* Package.swift */,
				OBJ_7 /* Sources */,
				OBJ_23 /* Tests */,
				OBJ_33 /* Dependencies */,
				OBJ_118 /* Products */,
			);
			name = "";
			sourceTree = "<group>";
		};
		OBJ_7 /* Sources */ = {
			isa = PBXGroup;
			children = (
				OBJ_8 /* BeaverDICodeGen */,
				OBJ_12 /* BeaverDICommand */,
				OBJ_14 /* BeaverDI */,
			);
			name = Sources;
			sourceTree = SOURCE_ROOT;
		};
		OBJ_8 /* BeaverDICodeGen */ = {
			isa = PBXGroup;
			children = (
				OBJ_9 /* Lexer.swift */,
				OBJ_10 /* SourceKitDeclaration.swift */,
				OBJ_11 /* Token.swift */,
			);
			name = BeaverDICodeGen;
			path = Sources/BeaverDICodeGen;
			sourceTree = SOURCE_ROOT;
		};
		OBJ_82 /* sourcekitten */ = {
			isa = PBXGroup;
			children = (
			);
			name = sourcekitten;
			path = ".build/checkouts/SourceKitten.git-6484296299232452758/Source/sourcekitten";
			sourceTree = SOURCE_ROOT;
		};
		OBJ_84 /* Yams 0.5.0 */ = {
			isa = PBXGroup;
			children = (
				OBJ_85 /* CYaml */,
				OBJ_97 /* Yams */,
				OBJ_113 /* Package.swift */,
			);
			name = "Yams 0.5.0";
			sourceTree = SOURCE_ROOT;
		};
		OBJ_85 /* CYaml */ = {
			isa = PBXGroup;
			children = (
				OBJ_86 /* src */,
				OBJ_93 /* include */,
			);
			name = CYaml;
			path = ".build/checkouts/Yams.git-8068124914099325722/Sources/CYaml";
			sourceTree = SOURCE_ROOT;
		};
		OBJ_86 /* src */ = {
			isa = PBXGroup;
			children = (
				OBJ_87 /* api.c */,
				OBJ_88 /* emitter.c */,
				OBJ_89 /* parser.c */,
				OBJ_90 /* reader.c */,
				OBJ_91 /* scanner.c */,
				OBJ_92 /* writer.c */,
			);
			path = src;
			sourceTree = "<group>";
		};
		OBJ_93 /* include */ = {
			isa = PBXGroup;
			children = (
				OBJ_94 /* CYaml.h */,
				OBJ_95 /* yaml.h */,
				OBJ_96 /* module.modulemap */,
			);
			path = include;
			sourceTree = "<group>";
		};
		OBJ_97 /* Yams */ = {
			isa = PBXGroup;
			children = (
				OBJ_98 /* Constructor.swift */,
				OBJ_99 /* Decoder.swift */,
				OBJ_100 /* Emitter.swift */,
				OBJ_101 /* Encoder.swift */,
				OBJ_102 /* Mark.swift */,
				OBJ_103 /* Node.Mapping.swift */,
				OBJ_104 /* Node.Scalar.swift */,
				OBJ_105 /* Node.Sequence.swift */,
				OBJ_106 /* Node.swift */,
				OBJ_107 /* Parser.swift */,
				OBJ_108 /* Representer.swift */,
				OBJ_109 /* Resolver.swift */,
				OBJ_110 /* String+Yams.swift */,
				OBJ_111 /* Tag.swift */,
				OBJ_112 /* YamlError.swift */,
			);
			name = Yams;
			path = ".build/checkouts/Yams.git-8068124914099325722/Sources/Yams";
			sourceTree = SOURCE_ROOT;
		};
/* End PBXGroup section */

/* Begin PBXNativeTarget section */
		"BeaverDI::BeaverDI" /* BeaverDI */ = {
			isa = PBXNativeTarget;
			buildConfigurationList = OBJ_196 /* Build configuration list for PBXNativeTarget "BeaverDI" */;
			buildPhases = (
				OBJ_199 /* Sources */,
				OBJ_208 /* Frameworks */,
			);
			buildRules = (
			);
			dependencies = (
			);
			name = BeaverDI;
			productName = BeaverDI;
			productReference = "BeaverDI::BeaverDI::Product" /* BeaverDI.framework */;
			productType = "com.apple.product-type.framework";
		};
		"BeaverDI::BeaverDICodeGen" /* BeaverDICodeGen */ = {
			isa = PBXNativeTarget;
			buildConfigurationList = OBJ_243 /* Build configuration list for PBXNativeTarget "BeaverDICodeGen" */;
			buildPhases = (
				OBJ_246 /* Sources */,
				OBJ_250 /* Frameworks */,
			);
			buildRules = (
			);
			dependencies = (
				OBJ_255 /* PBXTargetDependency */,
				OBJ_256 /* PBXTargetDependency */,
				OBJ_257 /* PBXTargetDependency */,
				OBJ_258 /* PBXTargetDependency */,
			);
			name = BeaverDICodeGen;
			productName = BeaverDICodeGen;
			productReference = "BeaverDI::BeaverDICodeGen::Product" /* BeaverDICodeGen.framework */;
			productType = "com.apple.product-type.framework";
		};
		"BeaverDI::BeaverDICodeGenTests" /* BeaverDICodeGenTests */ = {
			isa = PBXNativeTarget;
			buildConfigurationList = OBJ_174 /* Build configuration list for PBXNativeTarget "BeaverDICodeGenTests" */;
			buildPhases = (
				OBJ_177 /* Sources */,
				OBJ_180 /* Frameworks */,
			);
			buildRules = (
			);
			dependencies = (
				OBJ_186 /* PBXTargetDependency */,
				OBJ_188 /* PBXTargetDependency */,
				OBJ_190 /* PBXTargetDependency */,
				OBJ_192 /* PBXTargetDependency */,
				OBJ_194 /* PBXTargetDependency */,
			);
			name = BeaverDICodeGenTests;
			productName = BeaverDICodeGenTests;
			productReference = "BeaverDI::BeaverDICodeGenTests::Product" /* BeaverDICodeGenTests.xctest */;
			productType = "com.apple.product-type.bundle.unit-test";
		};
		"BeaverDI::BeaverDICommand" /* BeaverDICommand */ = {
			isa = PBXNativeTarget;
			buildConfigurationList = OBJ_210 /* Build configuration list for PBXNativeTarget "BeaverDICommand" */;
			buildPhases = (
				OBJ_213 /* Sources */,
				OBJ_215 /* Frameworks */,
			);
			buildRules = (
			);
			dependencies = (
				OBJ_222 /* PBXTargetDependency */,
				OBJ_224 /* PBXTargetDependency */,
				OBJ_225 /* PBXTargetDependency */,
				OBJ_226 /* PBXTargetDependency */,
				OBJ_227 /* PBXTargetDependency */,
				OBJ_228 /* PBXTargetDependency */,
			);
			name = BeaverDICommand;
			productName = BeaverDICommand;
			productReference = "BeaverDI::BeaverDICommand::Product" /* BeaverDICommand */;
			productType = "com.apple.product-type.tool";
		};
		"BeaverDI::BeaverDITests" /* BeaverDITests */ = {
			isa = PBXNativeTarget;
			buildConfigurationList = OBJ_160 /* Build configuration list for PBXNativeTarget "BeaverDITests" */;
			buildPhases = (
				OBJ_163 /* Sources */,
				OBJ_169 /* Frameworks */,
			);
			buildRules = (
			);
			dependencies = (
				OBJ_171 /* PBXTargetDependency */,
			);
			name = BeaverDITests;
			productName = BeaverDITests;
			productReference = "BeaverDI::BeaverDITests::Product" /* BeaverDITests.xctest */;
			productType = "com.apple.product-type.bundle.unit-test";
		};
		"BeaverDI::SwiftPMPackageDescription" /* BeaverDIPackageDescription */ = {
			isa = PBXNativeTarget;
			buildConfigurationList = OBJ_130 /* Build configuration list for PBXNativeTarget "BeaverDIPackageDescription" */;
			buildPhases = (
				OBJ_133 /* Sources */,
			);
			buildRules = (
			);
			dependencies = (
			);
			name = BeaverDIPackageDescription;
			productName = BeaverDIPackageDescription;
			productType = "com.apple.product-type.framework";
		};
		"Commander::Commander" /* Commander */ = {
			isa = PBXNativeTarget;
			buildConfigurationList = OBJ_229 /* Build configuration list for PBXNativeTarget "Commander" */;
			buildPhases = (
				OBJ_232 /* Sources */,
				OBJ_242 /* Frameworks */,
			);
			buildRules = (
			);
			dependencies = (
			);
			name = Commander;
			productName = Commander;
			productReference = "Commander::Commander::Product" /* Commander.framework */;
			productType = "com.apple.product-type.framework";
		};
		"Commander::SwiftPMPackageDescription" /* CommanderPackageDescription */ = {
			isa = PBXNativeTarget;
			buildConfigurationList = OBJ_136 /* Build configuration list for PBXNativeTarget "CommanderPackageDescription" */;
			buildPhases = (
				OBJ_139 /* Sources */,
			);
			buildRules = (
			);
			dependencies = (
			);
			name = CommanderPackageDescription;
			productName = CommanderPackageDescription;
			productType = "com.apple.product-type.framework";
		};
		"SWXMLHash::SWXMLHash" /* SWXMLHash */ = {
			isa = PBXNativeTarget;
			buildConfigurationList = OBJ_337 /* Build configuration list for PBXNativeTarget "SWXMLHash" */;
			buildPhases = (
				OBJ_340 /* Sources */,
				OBJ_343 /* Frameworks */,
			);
			buildRules = (
			);
			dependencies = (
			);
			name = SWXMLHash;
			productName = SWXMLHash;
			productReference = "SWXMLHash::SWXMLHash::Product" /* SWXMLHash.framework */;
			productType = "com.apple.product-type.framework";
		};
		"SWXMLHash::SwiftPMPackageDescription" /* SWXMLHashPackageDescription */ = {
			isa = PBXNativeTarget;
			buildConfigurationList = OBJ_154 /* Build configuration list for PBXNativeTarget "SWXMLHashPackageDescription" */;
			buildPhases = (
				OBJ_157 /* Sources */,
			);
			buildRules = (
			);
			dependencies = (
			);
			name = SWXMLHashPackageDescription;
			productName = SWXMLHashPackageDescription;
			productType = "com.apple.product-type.framework";
		};
		"SourceKitten::SourceKittenFramework" /* SourceKittenFramework */ = {
			isa = PBXNativeTarget;
			buildConfigurationList = OBJ_259 /* Build configuration list for PBXNativeTarget "SourceKittenFramework" */;
			buildPhases = (
				OBJ_262 /* Sources */,
				OBJ_297 /* Frameworks */,
			);
			buildRules = (
			);
			dependencies = (
				OBJ_301 /* PBXTargetDependency */,
				OBJ_302 /* PBXTargetDependency */,
				OBJ_303 /* PBXTargetDependency */,
			);
			name = SourceKittenFramework;
			productName = SourceKittenFramework;
			productReference = "SourceKitten::SourceKittenFramework::Product" /* SourceKittenFramework.framework */;
			productType = "com.apple.product-type.framework";
		};
		"SourceKitten::SwiftPMPackageDescription" /* SourceKittenPackageDescription */ = {
			isa = PBXNativeTarget;
			buildConfigurationList = OBJ_142 /* Build configuration list for PBXNativeTarget "SourceKittenPackageDescription" */;
			buildPhases = (
				OBJ_145 /* Sources */,
			);
			buildRules = (
			);
			dependencies = (
			);
			name = SourceKittenPackageDescription;
			productName = SourceKittenPackageDescription;
			productType = "com.apple.product-type.framework";
		};
		"Yams::CYaml" /* CYaml */ = {
			isa = PBXNativeTarget;
			buildConfigurationList = OBJ_326 /* Build configuration list for PBXNativeTarget "CYaml" */;
			buildPhases = (
				OBJ_329 /* Sources */,
				OBJ_336 /* Frameworks */,
			);
			buildRules = (
			);
			dependencies = (
			);
			name = CYaml;
			productName = CYaml;
			productReference = "Yams::CYaml::Product" /* CYaml.framework */;
			productType = "com.apple.product-type.framework";
		};
		"Yams::SwiftPMPackageDescription" /* YamsPackageDescription */ = {
			isa = PBXNativeTarget;
			buildConfigurationList = OBJ_148 /* Build configuration list for PBXNativeTarget "YamsPackageDescription" */;
			buildPhases = (
				OBJ_151 /* Sources */,
			);
			buildRules = (
			);
			dependencies = (
			);
			name = YamsPackageDescription;
			productName = YamsPackageDescription;
			productType = "com.apple.product-type.framework";
		};
		"Yams::Yams" /* Yams */ = {
			isa = PBXNativeTarget;
			buildConfigurationList = OBJ_304 /* Build configuration list for PBXNativeTarget "Yams" */;
			buildPhases = (
				OBJ_307 /* Sources */,
				OBJ_323 /* Frameworks */,
			);
			buildRules = (
			);
			dependencies = (
				OBJ_325 /* PBXTargetDependency */,
			);
			name = Yams;
			productName = Yams;
			productReference = "Yams::Yams::Product" /* Yams.framework */;
			productType = "com.apple.product-type.framework";
		};
/* End PBXNativeTarget section */

/* Begin PBXProject section */
		OBJ_1 /* Project object */ = {
			isa = PBXProject;
			attributes = {
				LastUpgradeCheck = 9999;
			};
			buildConfigurationList = OBJ_2 /* Build configuration list for PBXProject "BeaverDI" */;
			compatibilityVersion = "Xcode 3.2";
			developmentRegion = English;
			hasScannedForEncodings = 0;
			knownRegions = (
				en,
			);
			mainGroup = OBJ_5 /*  */;
			productRefGroup = OBJ_118 /* Products */;
			projectDirPath = "";
			projectRoot = "";
			targets = (
				"BeaverDI::SwiftPMPackageDescription" /* BeaverDIPackageDescription */,
				"Commander::SwiftPMPackageDescription" /* CommanderPackageDescription */,
				"SourceKitten::SwiftPMPackageDescription" /* SourceKittenPackageDescription */,
				"Yams::SwiftPMPackageDescription" /* YamsPackageDescription */,
				"SWXMLHash::SwiftPMPackageDescription" /* SWXMLHashPackageDescription */,
				"BeaverDI::BeaverDITests" /* BeaverDITests */,
				"BeaverDI::BeaverDICodeGenTests" /* BeaverDICodeGenTests */,
				"BeaverDI::BeaverDI" /* BeaverDI */,
				"BeaverDI::BeaverDICommand" /* BeaverDICommand */,
				"Commander::Commander" /* Commander */,
				"BeaverDI::BeaverDICodeGen" /* BeaverDICodeGen */,
				"SourceKitten::SourceKittenFramework" /* SourceKittenFramework */,
				"Yams::Yams" /* Yams */,
				"Yams::CYaml" /* CYaml */,
				"SWXMLHash::SWXMLHash" /* SWXMLHash */,
				"BeaverDI::BeaverDIPackageTests::ProductTarget" /* BeaverDIPackageTests */,
			);
		};
/* End PBXProject section */

/* Begin PBXSourcesBuildPhase section */
		OBJ_133 /* Sources */ = {
			isa = PBXSourcesBuildPhase;
			buildActionMask = 0;
			files = (
				OBJ_134 /* Package.swift in Sources */,
			);
			runOnlyForDeploymentPostprocessing = 0;
		};
		OBJ_139 /* Sources */ = {
			isa = PBXSourcesBuildPhase;
			buildActionMask = 0;
			files = (
				OBJ_140 /* Package.swift in Sources */,
			);
			runOnlyForDeploymentPostprocessing = 0;
		};
		OBJ_145 /* Sources */ = {
			isa = PBXSourcesBuildPhase;
			buildActionMask = 0;
			files = (
				OBJ_146 /* Package.swift in Sources */,
			);
			runOnlyForDeploymentPostprocessing = 0;
		};
		OBJ_151 /* Sources */ = {
			isa = PBXSourcesBuildPhase;
			buildActionMask = 0;
			files = (
				OBJ_152 /* Package.swift in Sources */,
			);
			runOnlyForDeploymentPostprocessing = 0;
		};
		OBJ_157 /* Sources */ = {
			isa = PBXSourcesBuildPhase;
			buildActionMask = 0;
			files = (
				OBJ_158 /* Package.swift in Sources */,
			);
			runOnlyForDeploymentPostprocessing = 0;
		};
		OBJ_163 /* Sources */ = {
			isa = PBXSourcesBuildPhase;
			buildActionMask = 0;
			files = (
				OBJ_164 /* BuilderStoreTests.swift in Sources */,
				OBJ_165 /* DependencyContainerTests.swift in Sources */,
				OBJ_166 /* InstanceCacheTests.swift in Sources */,
				OBJ_167 /* InstanceKeyTests.swift in Sources */,
				OBJ_168 /* Mocks.swift in Sources */,
			);
			runOnlyForDeploymentPostprocessing = 0;
		};
		OBJ_177 /* Sources */ = {
			isa = PBXSourcesBuildPhase;
			buildActionMask = 0;
			files = (
				OBJ_178 /* LexerTests.swift in Sources */,
				OBJ_179 /* SourceKitDeclarationTests.swift in Sources */,
			);
			runOnlyForDeploymentPostprocessing = 0;
		};
		OBJ_199 /* Sources */ = {
			isa = PBXSourcesBuildPhase;
			buildActionMask = 0;
			files = (
				OBJ_200 /* BuilderStore.swift in Sources */,
				OBJ_201 /* Dependencies.swift in Sources */,
				OBJ_202 /* DependencyContainer.swift in Sources */,
				OBJ_203 /* DependencyResolver.swift in Sources */,
				OBJ_204 /* DependencyStore.swift in Sources */,
				OBJ_205 /* InstanceCache.swift in Sources */,
				OBJ_206 /* InstanceKey.swift in Sources */,
				OBJ_207 /* Scope.swift in Sources */,
			);
			runOnlyForDeploymentPostprocessing = 0;
		};
		OBJ_213 /* Sources */ = {
			isa = PBXSourcesBuildPhase;
			buildActionMask = 0;
			files = (
				OBJ_214 /* main.swift in Sources */,
			);
			runOnlyForDeploymentPostprocessing = 0;
		};
		OBJ_232 /* Sources */ = {
			isa = PBXSourcesBuildPhase;
			buildActionMask = 0;
			files = (
				OBJ_233 /* ArgumentConvertible.swift in Sources */,
				OBJ_234 /* ArgumentDescription.swift in Sources */,
				OBJ_235 /* ArgumentParser.swift in Sources */,
				OBJ_236 /* Command.swift in Sources */,
				OBJ_237 /* CommandRunner.swift in Sources */,
				OBJ_238 /* CommandType.swift in Sources */,
				OBJ_239 /* Commands.swift in Sources */,
				OBJ_240 /* Error.swift in Sources */,
				OBJ_241 /* Group.swift in Sources */,
			);
			runOnlyForDeploymentPostprocessing = 0;
		};
		OBJ_246 /* Sources */ = {
			isa = PBXSourcesBuildPhase;
			buildActionMask = 0;
			files = (
				OBJ_247 /* Lexer.swift in Sources */,
				OBJ_248 /* SourceKitDeclaration.swift in Sources */,
				OBJ_249 /* Token.swift in Sources */,
			);
			runOnlyForDeploymentPostprocessing = 0;
		};
		OBJ_262 /* Sources */ = {
			isa = PBXSourcesBuildPhase;
			buildActionMask = 0;
			files = (
				OBJ_263 /* Clang+SourceKitten.swift in Sources */,
				OBJ_264 /* ClangTranslationUnit.swift in Sources */,
				OBJ_265 /* CodeCompletionItem.swift in Sources */,
				OBJ_266 /* Dictionary+Merge.swift in Sources */,
				OBJ_267 /* Documentation.swift in Sources */,
				OBJ_268 /* File.swift in Sources */,
				OBJ_269 /* JSONOutput.swift in Sources */,
				OBJ_270 /* Language.swift in Sources */,
				OBJ_271 /* LinuxCompatibility.swift in Sources */,
				OBJ_272 /* Module.swift in Sources */,
				OBJ_273 /* ObjCDeclarationKind.swift in Sources */,
				OBJ_274 /* OffsetMap.swift in Sources */,
				OBJ_275 /* Parameter.swift in Sources */,
				OBJ_276 /* Request.swift in Sources */,
				OBJ_277 /* SourceDeclaration.swift in Sources */,
				OBJ_278 /* SourceLocation.swift in Sources */,
				OBJ_279 /* StatementKind.swift in Sources */,
				OBJ_280 /* String+SourceKitten.swift in Sources */,
				OBJ_281 /* Structure.swift in Sources */,
				OBJ_282 /* SwiftDeclarationKind.swift in Sources */,
				OBJ_283 /* SwiftDocKey.swift in Sources */,
				OBJ_284 /* SwiftDocs.swift in Sources */,
				OBJ_285 /* SwiftLangSyntax.swift in Sources */,
				OBJ_286 /* SyntaxKind.swift in Sources */,
				OBJ_287 /* SyntaxMap.swift in Sources */,
				OBJ_288 /* SyntaxToken.swift in Sources */,
				OBJ_289 /* Text.swift in Sources */,
				OBJ_290 /* Version.swift in Sources */,
				OBJ_291 /* Xcode.swift in Sources */,
				OBJ_292 /* library_wrapper.swift in Sources */,
				OBJ_293 /* library_wrapper_CXString.swift in Sources */,
				OBJ_294 /* library_wrapper_Documentation.swift in Sources */,
				OBJ_295 /* library_wrapper_Index.swift in Sources */,
				OBJ_296 /* library_wrapper_sourcekitd.swift in Sources */,
			);
			runOnlyForDeploymentPostprocessing = 0;
		};
		OBJ_307 /* Sources */ = {
			isa = PBXSourcesBuildPhase;
			buildActionMask = 0;
			files = (
				OBJ_308 /* Constructor.swift in Sources */,
				OBJ_309 /* Decoder.swift in Sources */,
				OBJ_310 /* Emitter.swift in Sources */,
				OBJ_311 /* Encoder.swift in Sources */,
				OBJ_312 /* Mark.swift in Sources */,
				OBJ_313 /* Node.Mapping.swift in Sources */,
				OBJ_314 /* Node.Scalar.swift in Sources */,
				OBJ_315 /* Node.Sequence.swift in Sources */,
				OBJ_316 /* Node.swift in Sources */,
				OBJ_317 /* Parser.swift in Sources */,
				OBJ_318 /* Representer.swift in Sources */,
				OBJ_319 /* Resolver.swift in Sources */,
				OBJ_320 /* String+Yams.swift in Sources */,
				OBJ_321 /* Tag.swift in Sources */,
				OBJ_322 /* YamlError.swift in Sources */,
			);
			runOnlyForDeploymentPostprocessing = 0;
		};
		OBJ_329 /* Sources */ = {
			isa = PBXSourcesBuildPhase;
			buildActionMask = 0;
			files = (
				OBJ_330 /* api.c in Sources */,
				OBJ_331 /* emitter.c in Sources */,
				OBJ_332 /* parser.c in Sources */,
				OBJ_333 /* reader.c in Sources */,
				OBJ_334 /* scanner.c in Sources */,
				OBJ_335 /* writer.c in Sources */,
			);
			runOnlyForDeploymentPostprocessing = 0;
		};
		OBJ_340 /* Sources */ = {
			isa = PBXSourcesBuildPhase;
			buildActionMask = 0;
			files = (
				OBJ_341 /* SWXMLHash+TypeConversion.swift in Sources */,
				OBJ_342 /* SWXMLHash.swift in Sources */,
			);
			runOnlyForDeploymentPostprocessing = 0;
		};
/* End PBXSourcesBuildPhase section */

/* Begin PBXTargetDependency section */
		OBJ_171 /* PBXTargetDependency */ = {
			isa = PBXTargetDependency;
			target = "BeaverDI::BeaverDI" /* BeaverDI */;
			targetProxy = 196BE5FC20425C4C00202D63 /* PBXContainerItemProxy */;
		};
		OBJ_186 /* PBXTargetDependency */ = {
			isa = PBXTargetDependency;
			target = "BeaverDI::BeaverDICodeGen" /* BeaverDICodeGen */;
			targetProxy = 196BE5F720425C4B00202D63 /* PBXContainerItemProxy */;
		};
		OBJ_188 /* PBXTargetDependency */ = {
			isa = PBXTargetDependency;
			target = "SourceKitten::SourceKittenFramework" /* SourceKittenFramework */;
			targetProxy = 196BE5F820425C4B00202D63 /* PBXContainerItemProxy */;
		};
		OBJ_190 /* PBXTargetDependency */ = {
			isa = PBXTargetDependency;
			target = "Yams::Yams" /* Yams */;
			targetProxy = 196BE5F920425C4B00202D63 /* PBXContainerItemProxy */;
		};
		OBJ_192 /* PBXTargetDependency */ = {
			isa = PBXTargetDependency;
			target = "Yams::CYaml" /* CYaml */;
			targetProxy = 196BE5FA20425C4B00202D63 /* PBXContainerItemProxy */;
		};
		OBJ_194 /* PBXTargetDependency */ = {
			isa = PBXTargetDependency;
			target = "SWXMLHash::SWXMLHash" /* SWXMLHash */;
			targetProxy = 196BE5FB20425C4B00202D63 /* PBXContainerItemProxy */;
		};
		OBJ_222 /* PBXTargetDependency */ = {
			isa = PBXTargetDependency;
			target = "Commander::Commander" /* Commander */;
			targetProxy = 196BE5FD20425C4C00202D63 /* PBXContainerItemProxy */;
		};
		OBJ_224 /* PBXTargetDependency */ = {
			isa = PBXTargetDependency;
			target = "BeaverDI::BeaverDICodeGen" /* BeaverDICodeGen */;
			targetProxy = 196BE5FE20425C4C00202D63 /* PBXContainerItemProxy */;
		};
		OBJ_225 /* PBXTargetDependency */ = {
			isa = PBXTargetDependency;
			target = "SourceKitten::SourceKittenFramework" /* SourceKittenFramework */;
			targetProxy = 196BE5FF20425C4C00202D63 /* PBXContainerItemProxy */;
		};
		OBJ_226 /* PBXTargetDependency */ = {
			isa = PBXTargetDependency;
			target = "Yams::Yams" /* Yams */;
			targetProxy = 196BE60020425C4C00202D63 /* PBXContainerItemProxy */;
		};
		OBJ_227 /* PBXTargetDependency */ = {
			isa = PBXTargetDependency;
			target = "Yams::CYaml" /* CYaml */;
			targetProxy = 196BE60120425C4C00202D63 /* PBXContainerItemProxy */;
		};
		OBJ_228 /* PBXTargetDependency */ = {
			isa = PBXTargetDependency;
			target = "SWXMLHash::SWXMLHash" /* SWXMLHash */;
			targetProxy = 196BE60220425C4C00202D63 /* PBXContainerItemProxy */;
		};
		OBJ_255 /* PBXTargetDependency */ = {
			isa = PBXTargetDependency;
			target = "SourceKitten::SourceKittenFramework" /* SourceKittenFramework */;
			targetProxy = 196BE5EF20425C4B00202D63 /* PBXContainerItemProxy */;
		};
		OBJ_256 /* PBXTargetDependency */ = {
			isa = PBXTargetDependency;
			target = "Yams::Yams" /* Yams */;
			targetProxy = 196BE5F420425C4B00202D63 /* PBXContainerItemProxy */;
		};
		OBJ_257 /* PBXTargetDependency */ = {
			isa = PBXTargetDependency;
			target = "Yams::CYaml" /* CYaml */;
			targetProxy = 196BE5F520425C4B00202D63 /* PBXContainerItemProxy */;
		};
		OBJ_258 /* PBXTargetDependency */ = {
			isa = PBXTargetDependency;
			target = "SWXMLHash::SWXMLHash" /* SWXMLHash */;
			targetProxy = 196BE5F620425C4B00202D63 /* PBXContainerItemProxy */;
		};
		OBJ_301 /* PBXTargetDependency */ = {
			isa = PBXTargetDependency;
			target = "Yams::Yams" /* Yams */;
			targetProxy = 196BE5F020425C4B00202D63 /* PBXContainerItemProxy */;
		};
		OBJ_302 /* PBXTargetDependency */ = {
			isa = PBXTargetDependency;
			target = "Yams::CYaml" /* CYaml */;
			targetProxy = 196BE5F220425C4B00202D63 /* PBXContainerItemProxy */;
		};
		OBJ_303 /* PBXTargetDependency */ = {
			isa = PBXTargetDependency;
			target = "SWXMLHash::SWXMLHash" /* SWXMLHash */;
			targetProxy = 196BE5F320425C4B00202D63 /* PBXContainerItemProxy */;
		};
		OBJ_325 /* PBXTargetDependency */ = {
			isa = PBXTargetDependency;
			target = "Yams::CYaml" /* CYaml */;
			targetProxy = 196BE5F120425C4B00202D63 /* PBXContainerItemProxy */;
		};
		OBJ_348 /* PBXTargetDependency */ = {
			isa = PBXTargetDependency;
			target = "BeaverDI::BeaverDICodeGenTests" /* BeaverDICodeGenTests */;
			targetProxy = 196BE60320425C4C00202D63 /* PBXContainerItemProxy */;
		};
		OBJ_349 /* PBXTargetDependency */ = {
			isa = PBXTargetDependency;
			target = "BeaverDI::BeaverDITests" /* BeaverDITests */;
			targetProxy = 196BE60420425C4C00202D63 /* PBXContainerItemProxy */;
		};
/* End PBXTargetDependency section */

/* Begin XCBuildConfiguration section */
		OBJ_131 /* Debug */ = {
			isa = XCBuildConfiguration;
			buildSettings = {
				LD = /usr/bin/true;
				OTHER_SWIFT_FLAGS = "-swift-version 4 -I /Applications/Xcode.app/Contents/Developer/Toolchains/XcodeDefault.xctoolchain/usr/lib/swift/pm/4 -target x86_64-apple-macosx10.10 -sdk /Applications/Xcode.app/Contents/Developer/Platforms/MacOSX.platform/Developer/SDKs/MacOSX10.13.sdk";
				SWIFT_VERSION = 4.0;
			};
			name = Debug;
		};
		OBJ_132 /* Release */ = {
			isa = XCBuildConfiguration;
			buildSettings = {
				LD = /usr/bin/true;
				OTHER_SWIFT_FLAGS = "-swift-version 4 -I /Applications/Xcode.app/Contents/Developer/Toolchains/XcodeDefault.xctoolchain/usr/lib/swift/pm/4 -target x86_64-apple-macosx10.10 -sdk /Applications/Xcode.app/Contents/Developer/Platforms/MacOSX.platform/Developer/SDKs/MacOSX10.13.sdk";
				SWIFT_VERSION = 4.0;
			};
			name = Release;
		};
		OBJ_137 /* Debug */ = {
			isa = XCBuildConfiguration;
			buildSettings = {
				LD = /usr/bin/true;
				OTHER_SWIFT_FLAGS = "-swift-version 4 -I /Applications/Xcode.app/Contents/Developer/Toolchains/XcodeDefault.xctoolchain/usr/lib/swift/pm/4 -target x86_64-apple-macosx10.10 -sdk /Applications/Xcode.app/Contents/Developer/Platforms/MacOSX.platform/Developer/SDKs/MacOSX10.13.sdk";
				SWIFT_VERSION = 4.0;
			};
			name = Debug;
		};
		OBJ_138 /* Release */ = {
			isa = XCBuildConfiguration;
			buildSettings = {
				LD = /usr/bin/true;
				OTHER_SWIFT_FLAGS = "-swift-version 4 -I /Applications/Xcode.app/Contents/Developer/Toolchains/XcodeDefault.xctoolchain/usr/lib/swift/pm/4 -target x86_64-apple-macosx10.10 -sdk /Applications/Xcode.app/Contents/Developer/Platforms/MacOSX.platform/Developer/SDKs/MacOSX10.13.sdk";
				SWIFT_VERSION = 4.0;
			};
			name = Release;
		};
		OBJ_143 /* Debug */ = {
			isa = XCBuildConfiguration;
			buildSettings = {
				LD = /usr/bin/true;
				OTHER_SWIFT_FLAGS = "-swift-version 4 -I /Applications/Xcode.app/Contents/Developer/Toolchains/XcodeDefault.xctoolchain/usr/lib/swift/pm/4 -target x86_64-apple-macosx10.10 -sdk /Applications/Xcode.app/Contents/Developer/Platforms/MacOSX.platform/Developer/SDKs/MacOSX10.13.sdk";
				SWIFT_VERSION = 4.0;
			};
			name = Debug;
		};
		OBJ_144 /* Release */ = {
			isa = XCBuildConfiguration;
			buildSettings = {
				LD = /usr/bin/true;
				OTHER_SWIFT_FLAGS = "-swift-version 4 -I /Applications/Xcode.app/Contents/Developer/Toolchains/XcodeDefault.xctoolchain/usr/lib/swift/pm/4 -target x86_64-apple-macosx10.10 -sdk /Applications/Xcode.app/Contents/Developer/Platforms/MacOSX.platform/Developer/SDKs/MacOSX10.13.sdk";
				SWIFT_VERSION = 4.0;
			};
			name = Release;
		};
		OBJ_149 /* Debug */ = {
			isa = XCBuildConfiguration;
			buildSettings = {
				LD = /usr/bin/true;
				OTHER_SWIFT_FLAGS = "-swift-version 4 -I /Applications/Xcode.app/Contents/Developer/Toolchains/XcodeDefault.xctoolchain/usr/lib/swift/pm/4 -target x86_64-apple-macosx10.10 -sdk /Applications/Xcode.app/Contents/Developer/Platforms/MacOSX.platform/Developer/SDKs/MacOSX10.13.sdk";
				SWIFT_VERSION = 4.0;
			};
			name = Debug;
		};
		OBJ_150 /* Release */ = {
			isa = XCBuildConfiguration;
			buildSettings = {
				LD = /usr/bin/true;
				OTHER_SWIFT_FLAGS = "-swift-version 4 -I /Applications/Xcode.app/Contents/Developer/Toolchains/XcodeDefault.xctoolchain/usr/lib/swift/pm/4 -target x86_64-apple-macosx10.10 -sdk /Applications/Xcode.app/Contents/Developer/Platforms/MacOSX.platform/Developer/SDKs/MacOSX10.13.sdk";
				SWIFT_VERSION = 4.0;
			};
			name = Release;
		};
		OBJ_155 /* Debug */ = {
			isa = XCBuildConfiguration;
			buildSettings = {
				LD = /usr/bin/true;
				OTHER_SWIFT_FLAGS = "-swift-version 4 -I /Applications/Xcode.app/Contents/Developer/Toolchains/XcodeDefault.xctoolchain/usr/lib/swift/pm/4 -target x86_64-apple-macosx10.10 -sdk /Applications/Xcode.app/Contents/Developer/Platforms/MacOSX.platform/Developer/SDKs/MacOSX10.13.sdk";
				SWIFT_VERSION = 4.0;
			};
			name = Debug;
		};
		OBJ_156 /* Release */ = {
			isa = XCBuildConfiguration;
			buildSettings = {
				LD = /usr/bin/true;
				OTHER_SWIFT_FLAGS = "-swift-version 4 -I /Applications/Xcode.app/Contents/Developer/Toolchains/XcodeDefault.xctoolchain/usr/lib/swift/pm/4 -target x86_64-apple-macosx10.10 -sdk /Applications/Xcode.app/Contents/Developer/Platforms/MacOSX.platform/Developer/SDKs/MacOSX10.13.sdk";
				SWIFT_VERSION = 4.0;
			};
			name = Release;
		};
		OBJ_161 /* Debug */ = {
			isa = XCBuildConfiguration;
			buildSettings = {
				EMBEDDED_CONTENT_CONTAINS_SWIFT = YES;
				FRAMEWORK_SEARCH_PATHS = (
					"$(inherited)",
					"$(PLATFORM_DIR)/Developer/Library/Frameworks",
				);
				HEADER_SEARCH_PATHS = "$(inherited)";
				INFOPLIST_FILE = BeaverDI.xcodeproj/BeaverDITests_Info.plist;
				LD_RUNPATH_SEARCH_PATHS = "@loader_path/../Frameworks @loader_path/Frameworks";
				OTHER_LDFLAGS = "$(inherited)";
				OTHER_SWIFT_FLAGS = "$(inherited)";
				SWIFT_VERSION = 4.0;
				TARGET_NAME = BeaverDITests;
			};
			name = Debug;
		};
		OBJ_162 /* Release */ = {
			isa = XCBuildConfiguration;
			buildSettings = {
				EMBEDDED_CONTENT_CONTAINS_SWIFT = YES;
				FRAMEWORK_SEARCH_PATHS = (
					"$(inherited)",
					"$(PLATFORM_DIR)/Developer/Library/Frameworks",
				);
				HEADER_SEARCH_PATHS = "$(inherited)";
				INFOPLIST_FILE = BeaverDI.xcodeproj/BeaverDITests_Info.plist;
				LD_RUNPATH_SEARCH_PATHS = "@loader_path/../Frameworks @loader_path/Frameworks";
				OTHER_LDFLAGS = "$(inherited)";
				OTHER_SWIFT_FLAGS = "$(inherited)";
				SWIFT_VERSION = 4.0;
				TARGET_NAME = BeaverDITests;
			};
			name = Release;
		};
		OBJ_175 /* Debug */ = {
			isa = XCBuildConfiguration;
			buildSettings = {
				EMBEDDED_CONTENT_CONTAINS_SWIFT = YES;
				FRAMEWORK_SEARCH_PATHS = (
					"$(inherited)",
					"$(PLATFORM_DIR)/Developer/Library/Frameworks",
				);
				HEADER_SEARCH_PATHS = (
					"$(inherited)",
					"$(SRCROOT)/.build/checkouts/Yams.git-8068124914099325722/Sources/CYaml/include",
					"$(SRCROOT)/.build/checkouts/SourceKit.git-6033254968535974678",
					"$(SRCROOT)/.build/checkouts/Clang_C.git-5715122005051714050",
					"$(SRCROOT)/BeaverDI.xcodeproj/GeneratedModuleMap/CYaml",
				);
				INFOPLIST_FILE = BeaverDI.xcodeproj/BeaverDICodeGenTests_Info.plist;
				LD_RUNPATH_SEARCH_PATHS = "@loader_path/../Frameworks @loader_path/Frameworks";
				OTHER_LDFLAGS = "$(inherited)";
				OTHER_SWIFT_FLAGS = "$(inherited) -Xcc -fmodule-map-file=$(SRCROOT)/BeaverDI.xcodeproj/GeneratedModuleMap/CYaml/module.modulemap";
				SWIFT_VERSION = 4.0;
				TARGET_NAME = BeaverDICodeGenTests;
			};
			name = Debug;
		};
		OBJ_176 /* Release */ = {
			isa = XCBuildConfiguration;
			buildSettings = {
				EMBEDDED_CONTENT_CONTAINS_SWIFT = YES;
				FRAMEWORK_SEARCH_PATHS = (
					"$(inherited)",
					"$(PLATFORM_DIR)/Developer/Library/Frameworks",
				);
				HEADER_SEARCH_PATHS = (
					"$(inherited)",
					"$(SRCROOT)/.build/checkouts/Yams.git-8068124914099325722/Sources/CYaml/include",
					"$(SRCROOT)/.build/checkouts/SourceKit.git-6033254968535974678",
					"$(SRCROOT)/.build/checkouts/Clang_C.git-5715122005051714050",
					"$(SRCROOT)/BeaverDI.xcodeproj/GeneratedModuleMap/CYaml",
				);
				INFOPLIST_FILE = BeaverDI.xcodeproj/BeaverDICodeGenTests_Info.plist;
				LD_RUNPATH_SEARCH_PATHS = "@loader_path/../Frameworks @loader_path/Frameworks";
				OTHER_LDFLAGS = "$(inherited)";
				OTHER_SWIFT_FLAGS = "$(inherited) -Xcc -fmodule-map-file=$(SRCROOT)/BeaverDI.xcodeproj/GeneratedModuleMap/CYaml/module.modulemap";
				SWIFT_VERSION = 4.0;
				TARGET_NAME = BeaverDICodeGenTests;
			};
			name = Release;
		};
		OBJ_197 /* Debug */ = {
			isa = XCBuildConfiguration;
			buildSettings = {
				ENABLE_TESTABILITY = YES;
				FRAMEWORK_SEARCH_PATHS = (
					"$(inherited)",
					"$(PLATFORM_DIR)/Developer/Library/Frameworks",
				);
				HEADER_SEARCH_PATHS = "$(inherited)";
				INFOPLIST_FILE = BeaverDI.xcodeproj/BeaverDI_Info.plist;
				LD_RUNPATH_SEARCH_PATHS = "$(TOOLCHAIN_DIR)/usr/lib/swift/macosx";
				OTHER_LDFLAGS = "$(inherited)";
				OTHER_SWIFT_FLAGS = "$(inherited)";
				PRODUCT_BUNDLE_IDENTIFIER = BeaverDI;
				PRODUCT_MODULE_NAME = "$(TARGET_NAME:c99extidentifier)";
				PRODUCT_NAME = "$(TARGET_NAME:c99extidentifier)";
				SKIP_INSTALL = YES;
				SWIFT_VERSION = 4.0;
				TARGET_NAME = BeaverDI;
			};
			name = Debug;
		};
		OBJ_198 /* Release */ = {
			isa = XCBuildConfiguration;
			buildSettings = {
				ENABLE_TESTABILITY = YES;
				FRAMEWORK_SEARCH_PATHS = (
					"$(inherited)",
					"$(PLATFORM_DIR)/Developer/Library/Frameworks",
				);
				HEADER_SEARCH_PATHS = "$(inherited)";
				INFOPLIST_FILE = BeaverDI.xcodeproj/BeaverDI_Info.plist;
				LD_RUNPATH_SEARCH_PATHS = "$(TOOLCHAIN_DIR)/usr/lib/swift/macosx";
				OTHER_LDFLAGS = "$(inherited)";
				OTHER_SWIFT_FLAGS = "$(inherited)";
				PRODUCT_BUNDLE_IDENTIFIER = BeaverDI;
				PRODUCT_MODULE_NAME = "$(TARGET_NAME:c99extidentifier)";
				PRODUCT_NAME = "$(TARGET_NAME:c99extidentifier)";
				SKIP_INSTALL = YES;
				SWIFT_VERSION = 4.0;
				TARGET_NAME = BeaverDI;
			};
			name = Release;
		};
		OBJ_211 /* Debug */ = {
			isa = XCBuildConfiguration;
			buildSettings = {
				FRAMEWORK_SEARCH_PATHS = (
					"$(inherited)",
					"$(PLATFORM_DIR)/Developer/Library/Frameworks",
				);
				HEADER_SEARCH_PATHS = (
					"$(inherited)",
					"$(SRCROOT)/.build/checkouts/Yams.git-8068124914099325722/Sources/CYaml/include",
					"$(SRCROOT)/.build/checkouts/SourceKit.git-6033254968535974678",
					"$(SRCROOT)/.build/checkouts/Clang_C.git-5715122005051714050",
					"$(SRCROOT)/BeaverDI.xcodeproj/GeneratedModuleMap/CYaml",
				);
				INFOPLIST_FILE = BeaverDI.xcodeproj/BeaverDICommand_Info.plist;
				LD_RUNPATH_SEARCH_PATHS = "$(TOOLCHAIN_DIR)/usr/lib/swift/macosx @executable_path";
				OTHER_LDFLAGS = "$(inherited)";
				OTHER_SWIFT_FLAGS = "$(inherited) -Xcc -fmodule-map-file=$(SRCROOT)/BeaverDI.xcodeproj/GeneratedModuleMap/CYaml/module.modulemap";
				SWIFT_FORCE_DYNAMIC_LINK_STDLIB = YES;
				SWIFT_FORCE_STATIC_LINK_STDLIB = NO;
				SWIFT_VERSION = 4.0;
				TARGET_NAME = BeaverDICommand;
			};
			name = Debug;
		};
		OBJ_212 /* Release */ = {
			isa = XCBuildConfiguration;
			buildSettings = {
				FRAMEWORK_SEARCH_PATHS = (
					"$(inherited)",
					"$(PLATFORM_DIR)/Developer/Library/Frameworks",
				);
				HEADER_SEARCH_PATHS = (
					"$(inherited)",
					"$(SRCROOT)/.build/checkouts/Yams.git-8068124914099325722/Sources/CYaml/include",
					"$(SRCROOT)/.build/checkouts/SourceKit.git-6033254968535974678",
					"$(SRCROOT)/.build/checkouts/Clang_C.git-5715122005051714050",
					"$(SRCROOT)/BeaverDI.xcodeproj/GeneratedModuleMap/CYaml",
				);
				INFOPLIST_FILE = BeaverDI.xcodeproj/BeaverDICommand_Info.plist;
				LD_RUNPATH_SEARCH_PATHS = "$(TOOLCHAIN_DIR)/usr/lib/swift/macosx @executable_path";
				OTHER_LDFLAGS = "$(inherited)";
				OTHER_SWIFT_FLAGS = "$(inherited) -Xcc -fmodule-map-file=$(SRCROOT)/BeaverDI.xcodeproj/GeneratedModuleMap/CYaml/module.modulemap";
				SWIFT_FORCE_DYNAMIC_LINK_STDLIB = YES;
				SWIFT_FORCE_STATIC_LINK_STDLIB = NO;
				SWIFT_VERSION = 4.0;
				TARGET_NAME = BeaverDICommand;
			};
			name = Release;
		};
		OBJ_230 /* Debug */ = {
			isa = XCBuildConfiguration;
			buildSettings = {
				ENABLE_TESTABILITY = YES;
				FRAMEWORK_SEARCH_PATHS = (
					"$(inherited)",
					"$(PLATFORM_DIR)/Developer/Library/Frameworks",
				);
				HEADER_SEARCH_PATHS = "$(inherited)";
				INFOPLIST_FILE = BeaverDI.xcodeproj/Commander_Info.plist;
				LD_RUNPATH_SEARCH_PATHS = "$(TOOLCHAIN_DIR)/usr/lib/swift/macosx";
				OTHER_LDFLAGS = "$(inherited)";
				OTHER_SWIFT_FLAGS = "$(inherited)";
				PRODUCT_BUNDLE_IDENTIFIER = Commander;
				PRODUCT_MODULE_NAME = "$(TARGET_NAME:c99extidentifier)";
				PRODUCT_NAME = "$(TARGET_NAME:c99extidentifier)";
				SKIP_INSTALL = YES;
				SWIFT_VERSION = 4.0;
				TARGET_NAME = Commander;
			};
			name = Debug;
		};
		OBJ_231 /* Release */ = {
			isa = XCBuildConfiguration;
			buildSettings = {
				ENABLE_TESTABILITY = YES;
				FRAMEWORK_SEARCH_PATHS = (
					"$(inherited)",
					"$(PLATFORM_DIR)/Developer/Library/Frameworks",
				);
				HEADER_SEARCH_PATHS = "$(inherited)";
				INFOPLIST_FILE = BeaverDI.xcodeproj/Commander_Info.plist;
				LD_RUNPATH_SEARCH_PATHS = "$(TOOLCHAIN_DIR)/usr/lib/swift/macosx";
				OTHER_LDFLAGS = "$(inherited)";
				OTHER_SWIFT_FLAGS = "$(inherited)";
				PRODUCT_BUNDLE_IDENTIFIER = Commander;
				PRODUCT_MODULE_NAME = "$(TARGET_NAME:c99extidentifier)";
				PRODUCT_NAME = "$(TARGET_NAME:c99extidentifier)";
				SKIP_INSTALL = YES;
				SWIFT_VERSION = 4.0;
				TARGET_NAME = Commander;
			};
			name = Release;
		};
		OBJ_244 /* Debug */ = {
			isa = XCBuildConfiguration;
			buildSettings = {
				ENABLE_TESTABILITY = YES;
				FRAMEWORK_SEARCH_PATHS = (
					"$(inherited)",
					"$(PLATFORM_DIR)/Developer/Library/Frameworks",
				);
				HEADER_SEARCH_PATHS = (
					"$(inherited)",
					"$(SRCROOT)/.build/checkouts/Yams.git-8068124914099325722/Sources/CYaml/include",
					"$(SRCROOT)/.build/checkouts/SourceKit.git-6033254968535974678",
					"$(SRCROOT)/.build/checkouts/Clang_C.git-5715122005051714050",
					"$(SRCROOT)/BeaverDI.xcodeproj/GeneratedModuleMap/CYaml",
				);
				INFOPLIST_FILE = BeaverDI.xcodeproj/BeaverDICodeGen_Info.plist;
				LD_RUNPATH_SEARCH_PATHS = "$(TOOLCHAIN_DIR)/usr/lib/swift/macosx";
				OTHER_LDFLAGS = "$(inherited)";
				OTHER_SWIFT_FLAGS = "$(inherited) -Xcc -fmodule-map-file=$(SRCROOT)/BeaverDI.xcodeproj/GeneratedModuleMap/CYaml/module.modulemap";
				PRODUCT_BUNDLE_IDENTIFIER = BeaverDICodeGen;
				PRODUCT_MODULE_NAME = "$(TARGET_NAME:c99extidentifier)";
				PRODUCT_NAME = "$(TARGET_NAME:c99extidentifier)";
				SKIP_INSTALL = YES;
				SWIFT_VERSION = 4.0;
				TARGET_NAME = BeaverDICodeGen;
			};
			name = Debug;
		};
		OBJ_245 /* Release */ = {
			isa = XCBuildConfiguration;
			buildSettings = {
				ENABLE_TESTABILITY = YES;
				FRAMEWORK_SEARCH_PATHS = (
					"$(inherited)",
					"$(PLATFORM_DIR)/Developer/Library/Frameworks",
				);
				HEADER_SEARCH_PATHS = (
					"$(inherited)",
					"$(SRCROOT)/.build/checkouts/Yams.git-8068124914099325722/Sources/CYaml/include",
					"$(SRCROOT)/.build/checkouts/SourceKit.git-6033254968535974678",
					"$(SRCROOT)/.build/checkouts/Clang_C.git-5715122005051714050",
					"$(SRCROOT)/BeaverDI.xcodeproj/GeneratedModuleMap/CYaml",
				);
				INFOPLIST_FILE = BeaverDI.xcodeproj/BeaverDICodeGen_Info.plist;
				LD_RUNPATH_SEARCH_PATHS = "$(TOOLCHAIN_DIR)/usr/lib/swift/macosx";
				OTHER_LDFLAGS = "$(inherited)";
				OTHER_SWIFT_FLAGS = "$(inherited) -Xcc -fmodule-map-file=$(SRCROOT)/BeaverDI.xcodeproj/GeneratedModuleMap/CYaml/module.modulemap";
				PRODUCT_BUNDLE_IDENTIFIER = BeaverDICodeGen;
				PRODUCT_MODULE_NAME = "$(TARGET_NAME:c99extidentifier)";
				PRODUCT_NAME = "$(TARGET_NAME:c99extidentifier)";
				SKIP_INSTALL = YES;
				SWIFT_VERSION = 4.0;
				TARGET_NAME = BeaverDICodeGen;
			};
			name = Release;
		};
		OBJ_260 /* Debug */ = {
			isa = XCBuildConfiguration;
			buildSettings = {
				ENABLE_TESTABILITY = YES;
				FRAMEWORK_SEARCH_PATHS = (
					"$(inherited)",
					"$(PLATFORM_DIR)/Developer/Library/Frameworks",
				);
				HEADER_SEARCH_PATHS = (
					"$(inherited)",
					"$(SRCROOT)/.build/checkouts/Yams.git-8068124914099325722/Sources/CYaml/include",
					"$(SRCROOT)/.build/checkouts/SourceKit.git-6033254968535974678",
					"$(SRCROOT)/.build/checkouts/Clang_C.git-5715122005051714050",
					"$(SRCROOT)/BeaverDI.xcodeproj/GeneratedModuleMap/CYaml",
				);
				INFOPLIST_FILE = BeaverDI.xcodeproj/SourceKittenFramework_Info.plist;
				LD_RUNPATH_SEARCH_PATHS = "$(TOOLCHAIN_DIR)/usr/lib/swift/macosx";
				OTHER_LDFLAGS = "$(inherited)";
				OTHER_SWIFT_FLAGS = "$(inherited) -Xcc -fmodule-map-file=$(SRCROOT)/BeaverDI.xcodeproj/GeneratedModuleMap/CYaml/module.modulemap";
				PRODUCT_BUNDLE_IDENTIFIER = SourceKittenFramework;
				PRODUCT_MODULE_NAME = "$(TARGET_NAME:c99extidentifier)";
				PRODUCT_NAME = "$(TARGET_NAME:c99extidentifier)";
				SKIP_INSTALL = YES;
				SWIFT_VERSION = 4.0;
				TARGET_NAME = SourceKittenFramework;
			};
			name = Debug;
		};
		OBJ_261 /* Release */ = {
			isa = XCBuildConfiguration;
			buildSettings = {
				ENABLE_TESTABILITY = YES;
				FRAMEWORK_SEARCH_PATHS = (
					"$(inherited)",
					"$(PLATFORM_DIR)/Developer/Library/Frameworks",
				);
				HEADER_SEARCH_PATHS = (
					"$(inherited)",
					"$(SRCROOT)/.build/checkouts/Yams.git-8068124914099325722/Sources/CYaml/include",
					"$(SRCROOT)/.build/checkouts/SourceKit.git-6033254968535974678",
					"$(SRCROOT)/.build/checkouts/Clang_C.git-5715122005051714050",
					"$(SRCROOT)/BeaverDI.xcodeproj/GeneratedModuleMap/CYaml",
				);
				INFOPLIST_FILE = BeaverDI.xcodeproj/SourceKittenFramework_Info.plist;
				LD_RUNPATH_SEARCH_PATHS = "$(TOOLCHAIN_DIR)/usr/lib/swift/macosx";
				OTHER_LDFLAGS = "$(inherited)";
				OTHER_SWIFT_FLAGS = "$(inherited) -Xcc -fmodule-map-file=$(SRCROOT)/BeaverDI.xcodeproj/GeneratedModuleMap/CYaml/module.modulemap";
				PRODUCT_BUNDLE_IDENTIFIER = SourceKittenFramework;
				PRODUCT_MODULE_NAME = "$(TARGET_NAME:c99extidentifier)";
				PRODUCT_NAME = "$(TARGET_NAME:c99extidentifier)";
				SKIP_INSTALL = YES;
				SWIFT_VERSION = 4.0;
				TARGET_NAME = SourceKittenFramework;
			};
			name = Release;
		};
		OBJ_3 /* Debug */ = {
			isa = XCBuildConfiguration;
			buildSettings = {
				CLANG_ENABLE_OBJC_ARC = YES;
				COMBINE_HIDPI_IMAGES = YES;
				COPY_PHASE_STRIP = NO;
				DEBUG_INFORMATION_FORMAT = dwarf;
				DYLIB_INSTALL_NAME_BASE = "@rpath";
				ENABLE_NS_ASSERTIONS = YES;
				GCC_OPTIMIZATION_LEVEL = 0;
				MACOSX_DEPLOYMENT_TARGET = 10.10;
				ONLY_ACTIVE_ARCH = YES;
				OTHER_SWIFT_FLAGS = "-DXcode";
				PRODUCT_NAME = "$(TARGET_NAME)";
				SDKROOT = macosx;
				SUPPORTED_PLATFORMS = "macosx iphoneos iphonesimulator appletvos appletvsimulator watchos watchsimulator";
				SWIFT_ACTIVE_COMPILATION_CONDITIONS = SWIFT_PACKAGE;
				SWIFT_OPTIMIZATION_LEVEL = "-Onone";
				USE_HEADERMAP = NO;
			};
			name = Debug;
		};
		OBJ_305 /* Debug */ = {
			isa = XCBuildConfiguration;
			buildSettings = {
				ENABLE_TESTABILITY = YES;
				FRAMEWORK_SEARCH_PATHS = (
					"$(inherited)",
					"$(PLATFORM_DIR)/Developer/Library/Frameworks",
				);
				HEADER_SEARCH_PATHS = (
					"$(inherited)",
					"$(SRCROOT)/.build/checkouts/Yams.git-8068124914099325722/Sources/CYaml/include",
					"$(SRCROOT)/BeaverDI.xcodeproj/GeneratedModuleMap/CYaml",
				);
				INFOPLIST_FILE = BeaverDI.xcodeproj/Yams_Info.plist;
				LD_RUNPATH_SEARCH_PATHS = "$(TOOLCHAIN_DIR)/usr/lib/swift/macosx";
				OTHER_LDFLAGS = "$(inherited)";
				OTHER_SWIFT_FLAGS = "$(inherited) -Xcc -fmodule-map-file=$(SRCROOT)/BeaverDI.xcodeproj/GeneratedModuleMap/CYaml/module.modulemap";
				PRODUCT_BUNDLE_IDENTIFIER = Yams;
				PRODUCT_MODULE_NAME = "$(TARGET_NAME:c99extidentifier)";
				PRODUCT_NAME = "$(TARGET_NAME:c99extidentifier)";
				SKIP_INSTALL = YES;
				SWIFT_VERSION = 4.0;
				TARGET_NAME = Yams;
			};
			name = Debug;
		};
		OBJ_306 /* Release */ = {
			isa = XCBuildConfiguration;
			buildSettings = {
				ENABLE_TESTABILITY = YES;
				FRAMEWORK_SEARCH_PATHS = (
					"$(inherited)",
					"$(PLATFORM_DIR)/Developer/Library/Frameworks",
				);
				HEADER_SEARCH_PATHS = (
					"$(inherited)",
					"$(SRCROOT)/.build/checkouts/Yams.git-8068124914099325722/Sources/CYaml/include",
					"$(SRCROOT)/BeaverDI.xcodeproj/GeneratedModuleMap/CYaml",
				);
				INFOPLIST_FILE = BeaverDI.xcodeproj/Yams_Info.plist;
				LD_RUNPATH_SEARCH_PATHS = "$(TOOLCHAIN_DIR)/usr/lib/swift/macosx";
				OTHER_LDFLAGS = "$(inherited)";
				OTHER_SWIFT_FLAGS = "$(inherited) -Xcc -fmodule-map-file=$(SRCROOT)/BeaverDI.xcodeproj/GeneratedModuleMap/CYaml/module.modulemap";
				PRODUCT_BUNDLE_IDENTIFIER = Yams;
				PRODUCT_MODULE_NAME = "$(TARGET_NAME:c99extidentifier)";
				PRODUCT_NAME = "$(TARGET_NAME:c99extidentifier)";
				SKIP_INSTALL = YES;
				SWIFT_VERSION = 4.0;
				TARGET_NAME = Yams;
			};
			name = Release;
		};
		OBJ_327 /* Debug */ = {
			isa = XCBuildConfiguration;
			buildSettings = {
				DEFINES_MODULE = NO;
				ENABLE_TESTABILITY = YES;
				FRAMEWORK_SEARCH_PATHS = (
					"$(inherited)",
					"$(PLATFORM_DIR)/Developer/Library/Frameworks",
				);
				HEADER_SEARCH_PATHS = (
					"$(inherited)",
					"$(SRCROOT)/.build/checkouts/Yams.git-8068124914099325722/Sources/CYaml/include",
				);
				INFOPLIST_FILE = BeaverDI.xcodeproj/CYaml_Info.plist;
				LD_RUNPATH_SEARCH_PATHS = "$(TOOLCHAIN_DIR)/usr/lib/swift/macosx";
				OTHER_LDFLAGS = "$(inherited)";
				OTHER_SWIFT_FLAGS = "$(inherited)";
				PRODUCT_BUNDLE_IDENTIFIER = CYaml;
				PRODUCT_MODULE_NAME = "$(TARGET_NAME:c99extidentifier)";
				PRODUCT_NAME = "$(TARGET_NAME:c99extidentifier)";
				SKIP_INSTALL = YES;
				TARGET_NAME = CYaml;
			};
			name = Debug;
		};
		OBJ_328 /* Release */ = {
			isa = XCBuildConfiguration;
			buildSettings = {
				DEFINES_MODULE = NO;
				ENABLE_TESTABILITY = YES;
				FRAMEWORK_SEARCH_PATHS = (
					"$(inherited)",
					"$(PLATFORM_DIR)/Developer/Library/Frameworks",
				);
				HEADER_SEARCH_PATHS = (
					"$(inherited)",
					"$(SRCROOT)/.build/checkouts/Yams.git-8068124914099325722/Sources/CYaml/include",
				);
				INFOPLIST_FILE = BeaverDI.xcodeproj/CYaml_Info.plist;
				LD_RUNPATH_SEARCH_PATHS = "$(TOOLCHAIN_DIR)/usr/lib/swift/macosx";
				OTHER_LDFLAGS = "$(inherited)";
				OTHER_SWIFT_FLAGS = "$(inherited)";
				PRODUCT_BUNDLE_IDENTIFIER = CYaml;
				PRODUCT_MODULE_NAME = "$(TARGET_NAME:c99extidentifier)";
				PRODUCT_NAME = "$(TARGET_NAME:c99extidentifier)";
				SKIP_INSTALL = YES;
				TARGET_NAME = CYaml;
			};
			name = Release;
		};
		OBJ_338 /* Debug */ = {
			isa = XCBuildConfiguration;
			buildSettings = {
				ENABLE_TESTABILITY = YES;
				FRAMEWORK_SEARCH_PATHS = (
					"$(inherited)",
					"$(PLATFORM_DIR)/Developer/Library/Frameworks",
				);
				HEADER_SEARCH_PATHS = "$(inherited)";
				INFOPLIST_FILE = BeaverDI.xcodeproj/SWXMLHash_Info.plist;
				LD_RUNPATH_SEARCH_PATHS = "$(TOOLCHAIN_DIR)/usr/lib/swift/macosx";
				OTHER_LDFLAGS = "$(inherited)";
				OTHER_SWIFT_FLAGS = "$(inherited)";
				PRODUCT_BUNDLE_IDENTIFIER = SWXMLHash;
				PRODUCT_MODULE_NAME = "$(TARGET_NAME:c99extidentifier)";
				PRODUCT_NAME = "$(TARGET_NAME:c99extidentifier)";
				SKIP_INSTALL = YES;
				SWIFT_VERSION = 4.0;
				TARGET_NAME = SWXMLHash;
			};
			name = Debug;
		};
		OBJ_339 /* Release */ = {
			isa = XCBuildConfiguration;
			buildSettings = {
				ENABLE_TESTABILITY = YES;
				FRAMEWORK_SEARCH_PATHS = (
					"$(inherited)",
					"$(PLATFORM_DIR)/Developer/Library/Frameworks",
				);
				HEADER_SEARCH_PATHS = "$(inherited)";
				INFOPLIST_FILE = BeaverDI.xcodeproj/SWXMLHash_Info.plist;
				LD_RUNPATH_SEARCH_PATHS = "$(TOOLCHAIN_DIR)/usr/lib/swift/macosx";
				OTHER_LDFLAGS = "$(inherited)";
				OTHER_SWIFT_FLAGS = "$(inherited)";
				PRODUCT_BUNDLE_IDENTIFIER = SWXMLHash;
				PRODUCT_MODULE_NAME = "$(TARGET_NAME:c99extidentifier)";
				PRODUCT_NAME = "$(TARGET_NAME:c99extidentifier)";
				SKIP_INSTALL = YES;
				SWIFT_VERSION = 4.0;
				TARGET_NAME = SWXMLHash;
			};
			name = Release;
		};
		OBJ_346 /* Debug */ = {
			isa = XCBuildConfiguration;
			buildSettings = {
			};
			name = Debug;
		};
		OBJ_347 /* Release */ = {
			isa = XCBuildConfiguration;
			buildSettings = {
			};
			name = Release;
		};
		OBJ_4 /* Release */ = {
			isa = XCBuildConfiguration;
			buildSettings = {
				CLANG_ENABLE_OBJC_ARC = YES;
				COMBINE_HIDPI_IMAGES = YES;
				COPY_PHASE_STRIP = YES;
				DEBUG_INFORMATION_FORMAT = "dwarf-with-dsym";
				DYLIB_INSTALL_NAME_BASE = "@rpath";
				GCC_OPTIMIZATION_LEVEL = s;
				MACOSX_DEPLOYMENT_TARGET = 10.10;
				OTHER_SWIFT_FLAGS = "-DXcode";
				PRODUCT_NAME = "$(TARGET_NAME)";
				SDKROOT = macosx;
				SUPPORTED_PLATFORMS = "macosx iphoneos iphonesimulator appletvos appletvsimulator watchos watchsimulator";
				SWIFT_ACTIVE_COMPILATION_CONDITIONS = SWIFT_PACKAGE;
				SWIFT_OPTIMIZATION_LEVEL = "-Owholemodule";
				USE_HEADERMAP = NO;
			};
			name = Release;
		};
/* End XCBuildConfiguration section */

/* Begin XCConfigurationList section */
		OBJ_130 /* Build configuration list for PBXNativeTarget "BeaverDIPackageDescription" */ = {
			isa = XCConfigurationList;
			buildConfigurations = (
				OBJ_131 /* Debug */,
				OBJ_132 /* Release */,
			);
			defaultConfigurationIsVisible = 0;
			defaultConfigurationName = Debug;
		};
		OBJ_136 /* Build configuration list for PBXNativeTarget "CommanderPackageDescription" */ = {
			isa = XCConfigurationList;
			buildConfigurations = (
				OBJ_137 /* Debug */,
				OBJ_138 /* Release */,
			);
			defaultConfigurationIsVisible = 0;
			defaultConfigurationName = Debug;
		};
		OBJ_142 /* Build configuration list for PBXNativeTarget "SourceKittenPackageDescription" */ = {
			isa = XCConfigurationList;
			buildConfigurations = (
				OBJ_143 /* Debug */,
				OBJ_144 /* Release */,
			);
			defaultConfigurationIsVisible = 0;
			defaultConfigurationName = Debug;
		};
		OBJ_148 /* Build configuration list for PBXNativeTarget "YamsPackageDescription" */ = {
			isa = XCConfigurationList;
			buildConfigurations = (
				OBJ_149 /* Debug */,
				OBJ_150 /* Release */,
			);
			defaultConfigurationIsVisible = 0;
			defaultConfigurationName = Debug;
		};
		OBJ_154 /* Build configuration list for PBXNativeTarget "SWXMLHashPackageDescription" */ = {
			isa = XCConfigurationList;
			buildConfigurations = (
				OBJ_155 /* Debug */,
				OBJ_156 /* Release */,
			);
			defaultConfigurationIsVisible = 0;
			defaultConfigurationName = Debug;
		};
		OBJ_160 /* Build configuration list for PBXNativeTarget "BeaverDITests" */ = {
			isa = XCConfigurationList;
			buildConfigurations = (
				OBJ_161 /* Debug */,
				OBJ_162 /* Release */,
			);
			defaultConfigurationIsVisible = 0;
			defaultConfigurationName = Debug;
		};
		OBJ_174 /* Build configuration list for PBXNativeTarget "BeaverDICodeGenTests" */ = {
			isa = XCConfigurationList;
			buildConfigurations = (
				OBJ_175 /* Debug */,
				OBJ_176 /* Release */,
			);
			defaultConfigurationIsVisible = 0;
			defaultConfigurationName = Debug;
		};
		OBJ_196 /* Build configuration list for PBXNativeTarget "BeaverDI" */ = {
			isa = XCConfigurationList;
			buildConfigurations = (
				OBJ_197 /* Debug */,
				OBJ_198 /* Release */,
			);
			defaultConfigurationIsVisible = 0;
			defaultConfigurationName = Debug;
		};
		OBJ_2 /* Build configuration list for PBXProject "BeaverDI" */ = {
			isa = XCConfigurationList;
			buildConfigurations = (
				OBJ_3 /* Debug */,
				OBJ_4 /* Release */,
			);
			defaultConfigurationIsVisible = 0;
			defaultConfigurationName = Debug;
		};
		OBJ_210 /* Build configuration list for PBXNativeTarget "BeaverDICommand" */ = {
			isa = XCConfigurationList;
			buildConfigurations = (
				OBJ_211 /* Debug */,
				OBJ_212 /* Release */,
			);
			defaultConfigurationIsVisible = 0;
			defaultConfigurationName = Debug;
		};
		OBJ_229 /* Build configuration list for PBXNativeTarget "Commander" */ = {
			isa = XCConfigurationList;
			buildConfigurations = (
				OBJ_230 /* Debug */,
				OBJ_231 /* Release */,
			);
			defaultConfigurationIsVisible = 0;
			defaultConfigurationName = Debug;
		};
		OBJ_243 /* Build configuration list for PBXNativeTarget "BeaverDICodeGen" */ = {
			isa = XCConfigurationList;
			buildConfigurations = (
				OBJ_244 /* Debug */,
				OBJ_245 /* Release */,
			);
			defaultConfigurationIsVisible = 0;
			defaultConfigurationName = Debug;
		};
		OBJ_259 /* Build configuration list for PBXNativeTarget "SourceKittenFramework" */ = {
			isa = XCConfigurationList;
			buildConfigurations = (
				OBJ_260 /* Debug */,
				OBJ_261 /* Release */,
			);
			defaultConfigurationIsVisible = 0;
			defaultConfigurationName = Debug;
		};
		OBJ_304 /* Build configuration list for PBXNativeTarget "Yams" */ = {
			isa = XCConfigurationList;
			buildConfigurations = (
				OBJ_305 /* Debug */,
				OBJ_306 /* Release */,
			);
			defaultConfigurationIsVisible = 0;
			defaultConfigurationName = Debug;
		};
		OBJ_326 /* Build configuration list for PBXNativeTarget "CYaml" */ = {
			isa = XCConfigurationList;
			buildConfigurations = (
				OBJ_327 /* Debug */,
				OBJ_328 /* Release */,
			);
			defaultConfigurationIsVisible = 0;
			defaultConfigurationName = Debug;
		};
		OBJ_337 /* Build configuration list for PBXNativeTarget "SWXMLHash" */ = {
			isa = XCConfigurationList;
			buildConfigurations = (
				OBJ_338 /* Debug */,
				OBJ_339 /* Release */,
			);
			defaultConfigurationIsVisible = 0;
			defaultConfigurationName = Debug;
		};
		OBJ_345 /* Build configuration list for PBXAggregateTarget "BeaverDIPackageTests" */ = {
			isa = XCConfigurationList;
			buildConfigurations = (
				OBJ_346 /* Debug */,
				OBJ_347 /* Release */,
			);
			defaultConfigurationIsVisible = 0;
			defaultConfigurationName = Debug;
		};
/* End XCConfigurationList section */
	};
	rootObject = OBJ_1 /* Project object */;
}
