// !$*UTF8*$!
{
	archiveVersion = 1;
	classes = {
	};
	objectVersion = 48;
	objects = {

/* Begin PBXBuildFile section */
		190988B821FF86780086F5D2 /* HomeViewController.swift in Sources */ = {isa = PBXBuildFile; fileRef = 19E5551E20769572004C44FC /* HomeViewController.swift */; };
		19273AE221CED0FA006E18E7 /* Weaver.PersonManager.swift in Sources */ = {isa = PBXBuildFile; fileRef = 19273ADC21CED0FA006E18E7 /* Weaver.PersonManager.swift */; };
		19273AE321CED0FA006E18E7 /* Weaver.AppDelegate.swift in Sources */ = {isa = PBXBuildFile; fileRef = 19273ADD21CED0FA006E18E7 /* Weaver.AppDelegate.swift */; };
		19273AE421CED0FA006E18E7 /* Weaver.HomeViewController.swift in Sources */ = {isa = PBXBuildFile; fileRef = 19273ADE21CED0FA006E18E7 /* Weaver.HomeViewController.swift */; };
		19273AE521CED0FA006E18E7 /* Weaver.WSReviewViewController+Injectable.swift in Sources */ = {isa = PBXBuildFile; fileRef = 19273ADF21CED0FA006E18E7 /* Weaver.WSReviewViewController+Injectable.swift */; };
		19273AE621CED0FA006E18E7 /* Weaver.ReviewManager.swift in Sources */ = {isa = PBXBuildFile; fileRef = 19273AE021CED0FA006E18E7 /* Weaver.ReviewManager.swift */; };
		19273AE721CED0FA006E18E7 /* Weaver.MovieViewController.swift in Sources */ = {isa = PBXBuildFile; fileRef = 19273AE121CED0FA006E18E7 /* Weaver.MovieViewController.swift */; };
		194F90E220CFB78B00F594F5 /* API.framework in Frameworks */ = {isa = PBXBuildFile; fileRef = 194F90D920CFB78B00F594F5 /* API.framework */; };
		194F90EB20CFB78B00F594F5 /* API.h in Headers */ = {isa = PBXBuildFile; fileRef = 194F90DB20CFB78B00F594F5 /* API.h */; settings = {ATTRIBUTES = (Public, ); }; };
		194F90EE20CFB78B00F594F5 /* API.framework in Frameworks */ = {isa = PBXBuildFile; fileRef = 194F90D920CFB78B00F594F5 /* API.framework */; };
		194F90F020CFB78B00F594F5 /* API.framework in Embed Frameworks */ = {isa = PBXBuildFile; fileRef = 194F90D920CFB78B00F594F5 /* API.framework */; settings = {ATTRIBUTES = (CodeSignOnCopy, RemoveHeadersOnCopy, ); }; };
		194F90F820CFB80800F594F5 /* API.swift in Sources */ = {isa = PBXBuildFile; fileRef = 194F90F720CFB80800F594F5 /* API.swift */; };
		194F90FB20CFB9A300F594F5 /* Result.swift in Sources */ = {isa = PBXBuildFile; fileRef = 194F90FA20CFB9A300F594F5 /* Result.swift */; };
		194F90FE20CFBE0A00F594F5 /* Error.swift in Sources */ = {isa = PBXBuildFile; fileRef = 194F90FD20CFBE0A00F594F5 /* Error.swift */; };
		194F910020CFBE4D00F594F5 /* Weaver.API.swift in Sources */ = {isa = PBXBuildFile; fileRef = 194F90FF20CFBE4D00F594F5 /* Weaver.API.swift */; };
		194F910420CFBE9E00F594F5 /* Logger.swift in Sources */ = {isa = PBXBuildFile; fileRef = 194F910320CFBE9E00F594F5 /* Logger.swift */; };
		195848D020D43F8300BB1F09 /* Person.swift in Sources */ = {isa = PBXBuildFile; fileRef = 19F5475420A8EFF0006F40DF /* Person.swift */; };
		195848D120D43F8300BB1F09 /* Review.swift in Sources */ = {isa = PBXBuildFile; fileRef = 19F5474C20A7DCB6006F40DF /* Review.swift */; };
		195848D320D4426100BB1F09 /* ReviewManager.swift in Sources */ = {isa = PBXBuildFile; fileRef = 19F5474820A7D67E006F40DF /* ReviewManager.swift */; };
		195848D420D442DF00BB1F09 /* URLProtocolMock.swift in Sources */ = {isa = PBXBuildFile; fileRef = 19DE26AE207BCFF30011DF93 /* URLProtocolMock.swift */; };
		195848D620D442E700BB1F09 /* ManagerMocks.swift in Sources */ = {isa = PBXBuildFile; fileRef = 19DE26A8207BBD9D0011DF93 /* ManagerMocks.swift */; };
		195848D720D442E700BB1F09 /* ResolverMocks.swift in Sources */ = {isa = PBXBuildFile; fileRef = 19DE26AA207BC21E0011DF93 /* ResolverMocks.swift */; };
		195848D820D442E700BB1F09 /* ImageManagerTests.swift in Sources */ = {isa = PBXBuildFile; fileRef = 19DE26BC207C7C8C0011DF93 /* ImageManagerTests.swift */; };
		195848D920D442E700BB1F09 /* MovieAPITests.swift in Sources */ = {isa = PBXBuildFile; fileRef = 19DE26AC207BC7BC0011DF93 /* MovieAPITests.swift */; };
		195848DA20D442E700BB1F09 /* MovieManagerTests.swift in Sources */ = {isa = PBXBuildFile; fileRef = 19DE26BA207C78670011DF93 /* MovieManagerTests.swift */; };
		19956DF5206B4F0A00751B70 /* AppDelegate.swift in Sources */ = {isa = PBXBuildFile; fileRef = 19956DF4206B4F0A00751B70 /* AppDelegate.swift */; };
		19956DFC206B4F0A00751B70 /* Assets.xcassets in Resources */ = {isa = PBXBuildFile; fileRef = 19956DFB206B4F0A00751B70 /* Assets.xcassets */; };
		19956DFF206B4F0A00751B70 /* LaunchScreen.storyboard in Resources */ = {isa = PBXBuildFile; fileRef = 19956DFD206B4F0A00751B70 /* LaunchScreen.storyboard */; };
		19E555232076A156004C44FC /* MovieTableViewCell.swift in Sources */ = {isa = PBXBuildFile; fileRef = 19E555222076A156004C44FC /* MovieTableViewCell.swift */; };
		19F5473720A69F7F006F40DF /* WSReviewViewController.m in Sources */ = {isa = PBXBuildFile; fileRef = 19F5473620A69F7F006F40DF /* WSReviewViewController.m */; };
		19F5473920A69F96006F40DF /* WSReviewViewController+Injectable.swift in Sources */ = {isa = PBXBuildFile; fileRef = 19F5473820A69F96006F40DF /* WSReviewViewController+Injectable.swift */; };
		19F5474520A79BCD006F40DF /* MovieViewController.swift in Sources */ = {isa = PBXBuildFile; fileRef = 19F5474420A79BCC006F40DF /* MovieViewController.swift */; };
		19F5475120A888D3006F40DF /* ReviewTableViewCell.swift in Sources */ = {isa = PBXBuildFile; fileRef = 19F5475020A888D3006F40DF /* ReviewTableViewCell.swift */; };
		19FCF53D20D337FF00AB142E /* Page.swift in Sources */ = {isa = PBXBuildFile; fileRef = 193EEF8A2076911D00BFE706 /* Page.swift */; };
		19FCF54020D3384300AB142E /* PersonManager.swift in Sources */ = {isa = PBXBuildFile; fileRef = 19F5475220A8EFA6006F40DF /* PersonManager.swift */; };
		19FCF54120D3384700AB142E /* ImageManager.swift in Sources */ = {isa = PBXBuildFile; fileRef = 19DE26A4207AADD30011DF93 /* ImageManager.swift */; };
		19FCF54320D3388F00AB142E /* Weaver.ImageManager.swift in Sources */ = {isa = PBXBuildFile; fileRef = 19FCF54220D3388F00AB142E /* Weaver.ImageManager.swift */; };
		19FCF54420D339EB00AB142E /* MovieManager.swift in Sources */ = {isa = PBXBuildFile; fileRef = 193EEF88207690C300BFE706 /* MovieManager.swift */; };
		19FCF54520D33A0300AB142E /* Movie.swift in Sources */ = {isa = PBXBuildFile; fileRef = 19F5475620A8F001006F40DF /* Movie.swift */; };
		19FCF54A20D33D2400AB142E /* Weaver.MovieManager.swift in Sources */ = {isa = PBXBuildFile; fileRef = 19FCF54920D33D2300AB142E /* Weaver.MovieManager.swift */; };
/* End PBXBuildFile section */

/* Begin PBXContainerItemProxy section */
		194F90E320CFB78B00F594F5 /* PBXContainerItemProxy */ = {
			isa = PBXContainerItemProxy;
			containerPortal = 19956DE9206B4F0A00751B70 /* Project object */;
			proxyType = 1;
			remoteGlobalIDString = 194F90D820CFB78B00F594F5;
			remoteInfo = API;
		};
		194F90E520CFB78B00F594F5 /* PBXContainerItemProxy */ = {
			isa = PBXContainerItemProxy;
			containerPortal = 19956DE9206B4F0A00751B70 /* Project object */;
			proxyType = 1;
			remoteGlobalIDString = 19956DF0206B4F0A00751B70;
			remoteInfo = Sample;
		};
		194F90EC20CFB78B00F594F5 /* PBXContainerItemProxy */ = {
			isa = PBXContainerItemProxy;
			containerPortal = 19956DE9206B4F0A00751B70 /* Project object */;
			proxyType = 1;
			remoteGlobalIDString = 194F90D820CFB78B00F594F5;
			remoteInfo = API;
		};
/* End PBXContainerItemProxy section */

/* Begin PBXCopyFilesBuildPhase section */
		194F90EF20CFB78B00F594F5 /* Embed Frameworks */ = {
			isa = PBXCopyFilesBuildPhase;
			buildActionMask = 2147483647;
			dstPath = "";
			dstSubfolderSpec = 10;
			files = (
				194F90F020CFB78B00F594F5 /* API.framework in Embed Frameworks */,
			);
			name = "Embed Frameworks";
			runOnlyForDeploymentPostprocessing = 0;
		};
/* End PBXCopyFilesBuildPhase section */

/* Begin PBXFileReference section */
		19273ADC21CED0FA006E18E7 /* Weaver.PersonManager.swift */ = {isa = PBXFileReference; fileEncoding = 4; lastKnownFileType = sourcecode.swift; path = Weaver.PersonManager.swift; sourceTree = "<group>"; };
		19273ADD21CED0FA006E18E7 /* Weaver.AppDelegate.swift */ = {isa = PBXFileReference; fileEncoding = 4; lastKnownFileType = sourcecode.swift; path = Weaver.AppDelegate.swift; sourceTree = "<group>"; };
		19273ADE21CED0FA006E18E7 /* Weaver.HomeViewController.swift */ = {isa = PBXFileReference; fileEncoding = 4; lastKnownFileType = sourcecode.swift; path = Weaver.HomeViewController.swift; sourceTree = "<group>"; };
		19273ADF21CED0FA006E18E7 /* Weaver.WSReviewViewController+Injectable.swift */ = {isa = PBXFileReference; fileEncoding = 4; lastKnownFileType = sourcecode.swift; path = "Weaver.WSReviewViewController+Injectable.swift"; sourceTree = "<group>"; };
		19273AE021CED0FA006E18E7 /* Weaver.ReviewManager.swift */ = {isa = PBXFileReference; fileEncoding = 4; lastKnownFileType = sourcecode.swift; path = Weaver.ReviewManager.swift; sourceTree = "<group>"; };
		19273AE121CED0FA006E18E7 /* Weaver.MovieViewController.swift */ = {isa = PBXFileReference; fileEncoding = 4; lastKnownFileType = sourcecode.swift; path = Weaver.MovieViewController.swift; sourceTree = "<group>"; };
		193EEF88207690C300BFE706 /* MovieManager.swift */ = {isa = PBXFileReference; lastKnownFileType = sourcecode.swift; path = MovieManager.swift; sourceTree = "<group>"; };
		193EEF8A2076911D00BFE706 /* Page.swift */ = {isa = PBXFileReference; lastKnownFileType = sourcecode.swift; path = Page.swift; sourceTree = "<group>"; };
		194F90D920CFB78B00F594F5 /* API.framework */ = {isa = PBXFileReference; explicitFileType = wrapper.framework; includeInIndex = 0; path = API.framework; sourceTree = BUILT_PRODUCTS_DIR; };
		194F90DB20CFB78B00F594F5 /* API.h */ = {isa = PBXFileReference; lastKnownFileType = sourcecode.c.h; path = API.h; sourceTree = "<group>"; };
		194F90DC20CFB78B00F594F5 /* Info.plist */ = {isa = PBXFileReference; lastKnownFileType = text.plist.xml; path = Info.plist; sourceTree = "<group>"; };
		194F90E120CFB78B00F594F5 /* APITests.xctest */ = {isa = PBXFileReference; explicitFileType = wrapper.cfbundle; includeInIndex = 0; path = APITests.xctest; sourceTree = BUILT_PRODUCTS_DIR; };
		194F90EA20CFB78B00F594F5 /* Info.plist */ = {isa = PBXFileReference; lastKnownFileType = text.plist.xml; path = Info.plist; sourceTree = "<group>"; };
		194F90F720CFB80800F594F5 /* API.swift */ = {isa = PBXFileReference; fileEncoding = 4; lastKnownFileType = sourcecode.swift; path = API.swift; sourceTree = "<group>"; };
		194F90FA20CFB9A300F594F5 /* Result.swift */ = {isa = PBXFileReference; fileEncoding = 4; lastKnownFileType = sourcecode.swift; path = Result.swift; sourceTree = "<group>"; };
		194F90FD20CFBE0A00F594F5 /* Error.swift */ = {isa = PBXFileReference; fileEncoding = 4; lastKnownFileType = sourcecode.swift; path = Error.swift; sourceTree = "<group>"; };
		194F90FF20CFBE4D00F594F5 /* Weaver.API.swift */ = {isa = PBXFileReference; fileEncoding = 4; lastKnownFileType = sourcecode.swift; path = Weaver.API.swift; sourceTree = "<group>"; };
		194F910320CFBE9E00F594F5 /* Logger.swift */ = {isa = PBXFileReference; fileEncoding = 4; lastKnownFileType = sourcecode.swift; path = Logger.swift; sourceTree = "<group>"; };
		19956DF1206B4F0A00751B70 /* Sample.app */ = {isa = PBXFileReference; explicitFileType = wrapper.application; includeInIndex = 0; path = Sample.app; sourceTree = BUILT_PRODUCTS_DIR; };
		19956DF4206B4F0A00751B70 /* AppDelegate.swift */ = {isa = PBXFileReference; lastKnownFileType = sourcecode.swift; path = AppDelegate.swift; sourceTree = "<group>"; };
		19956DFB206B4F0A00751B70 /* Assets.xcassets */ = {isa = PBXFileReference; lastKnownFileType = folder.assetcatalog; path = Assets.xcassets; sourceTree = "<group>"; };
		19956DFE206B4F0A00751B70 /* Base */ = {isa = PBXFileReference; lastKnownFileType = file.storyboard; name = Base; path = Base.lproj/LaunchScreen.storyboard; sourceTree = "<group>"; };
		19956E00206B4F0A00751B70 /* Info.plist */ = {isa = PBXFileReference; lastKnownFileType = text.plist.xml; path = Info.plist; sourceTree = "<group>"; };
		19DE26A4207AADD30011DF93 /* ImageManager.swift */ = {isa = PBXFileReference; lastKnownFileType = sourcecode.swift; path = ImageManager.swift; sourceTree = "<group>"; };
		19DE26A8207BBD9D0011DF93 /* ManagerMocks.swift */ = {isa = PBXFileReference; lastKnownFileType = sourcecode.swift; path = ManagerMocks.swift; sourceTree = "<group>"; };
		19DE26AA207BC21E0011DF93 /* ResolverMocks.swift */ = {isa = PBXFileReference; lastKnownFileType = sourcecode.swift; path = ResolverMocks.swift; sourceTree = "<group>"; };
		19DE26AC207BC7BC0011DF93 /* MovieAPITests.swift */ = {isa = PBXFileReference; lastKnownFileType = sourcecode.swift; path = MovieAPITests.swift; sourceTree = "<group>"; };
		19DE26AE207BCFF30011DF93 /* URLProtocolMock.swift */ = {isa = PBXFileReference; lastKnownFileType = sourcecode.swift; path = URLProtocolMock.swift; sourceTree = "<group>"; };
		19DE26BA207C78670011DF93 /* MovieManagerTests.swift */ = {isa = PBXFileReference; lastKnownFileType = sourcecode.swift; path = MovieManagerTests.swift; sourceTree = "<group>"; };
		19DE26BC207C7C8C0011DF93 /* ImageManagerTests.swift */ = {isa = PBXFileReference; lastKnownFileType = sourcecode.swift; path = ImageManagerTests.swift; sourceTree = "<group>"; };
		19E5551E20769572004C44FC /* HomeViewController.swift */ = {isa = PBXFileReference; lastKnownFileType = sourcecode.swift; path = HomeViewController.swift; sourceTree = "<group>"; };
		19E555222076A156004C44FC /* MovieTableViewCell.swift */ = {isa = PBXFileReference; lastKnownFileType = sourcecode.swift; path = MovieTableViewCell.swift; sourceTree = "<group>"; };
		19F5473420A69F7E006F40DF /* Sample-Bridging-Header.h */ = {isa = PBXFileReference; lastKnownFileType = sourcecode.c.h; path = "Sample-Bridging-Header.h"; sourceTree = "<group>"; };
		19F5473520A69F7F006F40DF /* WSReviewViewController.h */ = {isa = PBXFileReference; lastKnownFileType = sourcecode.c.h; path = WSReviewViewController.h; sourceTree = "<group>"; };
		19F5473620A69F7F006F40DF /* WSReviewViewController.m */ = {isa = PBXFileReference; lastKnownFileType = sourcecode.c.objc; path = WSReviewViewController.m; sourceTree = "<group>"; };
		19F5473820A69F96006F40DF /* WSReviewViewController+Injectable.swift */ = {isa = PBXFileReference; lastKnownFileType = sourcecode.swift; path = "WSReviewViewController+Injectable.swift"; sourceTree = "<group>"; };
		19F5474420A79BCC006F40DF /* MovieViewController.swift */ = {isa = PBXFileReference; fileEncoding = 4; lastKnownFileType = sourcecode.swift; path = MovieViewController.swift; sourceTree = "<group>"; };
		19F5474820A7D67E006F40DF /* ReviewManager.swift */ = {isa = PBXFileReference; lastKnownFileType = sourcecode.swift; path = ReviewManager.swift; sourceTree = "<group>"; };
		19F5474C20A7DCB6006F40DF /* Review.swift */ = {isa = PBXFileReference; lastKnownFileType = sourcecode.swift; path = Review.swift; sourceTree = "<group>"; };
		19F5475020A888D3006F40DF /* ReviewTableViewCell.swift */ = {isa = PBXFileReference; lastKnownFileType = sourcecode.swift; path = ReviewTableViewCell.swift; sourceTree = "<group>"; };
		19F5475220A8EFA6006F40DF /* PersonManager.swift */ = {isa = PBXFileReference; lastKnownFileType = sourcecode.swift; path = PersonManager.swift; sourceTree = "<group>"; };
		19F5475420A8EFF0006F40DF /* Person.swift */ = {isa = PBXFileReference; lastKnownFileType = sourcecode.swift; path = Person.swift; sourceTree = "<group>"; };
		19F5475620A8F001006F40DF /* Movie.swift */ = {isa = PBXFileReference; lastKnownFileType = sourcecode.swift; path = Movie.swift; sourceTree = "<group>"; };
		19FCF54220D3388F00AB142E /* Weaver.ImageManager.swift */ = {isa = PBXFileReference; fileEncoding = 4; lastKnownFileType = sourcecode.swift; path = Weaver.ImageManager.swift; sourceTree = "<group>"; };
		19FCF54920D33D2300AB142E /* Weaver.MovieManager.swift */ = {isa = PBXFileReference; fileEncoding = 4; lastKnownFileType = sourcecode.swift; path = Weaver.MovieManager.swift; sourceTree = "<group>"; };
/* End PBXFileReference section */

/* Begin PBXFrameworksBuildPhase section */
		194F90D520CFB78B00F594F5 /* Frameworks */ = {
			isa = PBXFrameworksBuildPhase;
			buildActionMask = 2147483647;
			files = (
			);
			runOnlyForDeploymentPostprocessing = 0;
		};
		194F90DE20CFB78B00F594F5 /* Frameworks */ = {
			isa = PBXFrameworksBuildPhase;
			buildActionMask = 2147483647;
			files = (
				194F90E220CFB78B00F594F5 /* API.framework in Frameworks */,
			);
			runOnlyForDeploymentPostprocessing = 0;
		};
		19956DEE206B4F0A00751B70 /* Frameworks */ = {
			isa = PBXFrameworksBuildPhase;
			buildActionMask = 2147483647;
			files = (
				194F90EE20CFB78B00F594F5 /* API.framework in Frameworks */,
			);
			runOnlyForDeploymentPostprocessing = 0;
		};
/* End PBXFrameworksBuildPhase section */

/* Begin PBXGroup section */
		194F90DA20CFB78B00F594F5 /* API */ = {
			isa = PBXGroup;
			children = (
				19FCF53F20D3381E00AB142E /* Manager */,
				19FCF53E20D3380300AB142E /* Model */,
				194F90FC20CFBA2900F594F5 /* Generated */,
				194F910320CFBE9E00F594F5 /* Logger.swift */,
				194F90DB20CFB78B00F594F5 /* API.h */,
				194F90DC20CFB78B00F594F5 /* Info.plist */,
			);
			path = API;
			sourceTree = "<group>";
		};
		194F90E720CFB78B00F594F5 /* APITests */ = {
			isa = PBXGroup;
			children = (
				19F5473F20A74C50006F40DF /* Spies */,
				19F5473E20A74C3E006F40DF /* Manager */,
				194F90EA20CFB78B00F594F5 /* Info.plist */,
			);
			path = APITests;
			sourceTree = "<group>";
		};
		194F90FC20CFBA2900F594F5 /* Generated */ = {
			isa = PBXGroup;
			children = (
				19FCF54920D33D2300AB142E /* Weaver.MovieManager.swift */,
				19FCF54220D3388F00AB142E /* Weaver.ImageManager.swift */,
				194F90FF20CFBE4D00F594F5 /* Weaver.API.swift */,
			);
			path = Generated;
			sourceTree = "<group>";
		};
		19956DE8206B4F0A00751B70 = {
			isa = PBXGroup;
			children = (
				19956DF3206B4F0A00751B70 /* Sample */,
				194F90DA20CFB78B00F594F5 /* API */,
				194F90E720CFB78B00F594F5 /* APITests */,
				19956DF2206B4F0A00751B70 /* Products */,
			);
			sourceTree = "<group>";
		};
		19956DF2206B4F0A00751B70 /* Products */ = {
			isa = PBXGroup;
			children = (
				19956DF1206B4F0A00751B70 /* Sample.app */,
				194F90D920CFB78B00F594F5 /* API.framework */,
				194F90E120CFB78B00F594F5 /* APITests.xctest */,
			);
			name = Products;
			sourceTree = "<group>";
		};
		19956DF3206B4F0A00751B70 /* Sample */ = {
			isa = PBXGroup;
			children = (
				19F5473D20A74C1F006F40DF /* View */,
				19F5473B20A74C02006F40DF /* Manager */,
				19956E18206B51FF00751B70 /* Generated */,
				19956DF4206B4F0A00751B70 /* AppDelegate.swift */,
				19956DFB206B4F0A00751B70 /* Assets.xcassets */,
				19956DFD206B4F0A00751B70 /* LaunchScreen.storyboard */,
				19956E00206B4F0A00751B70 /* Info.plist */,
				19F5473420A69F7E006F40DF /* Sample-Bridging-Header.h */,
			);
			path = Sample;
			sourceTree = "<group>";
		};
		19956E18206B51FF00751B70 /* Generated */ = {
			isa = PBXGroup;
			children = (
				19273ADD21CED0FA006E18E7 /* Weaver.AppDelegate.swift */,
				19273ADE21CED0FA006E18E7 /* Weaver.HomeViewController.swift */,
				19273AE121CED0FA006E18E7 /* Weaver.MovieViewController.swift */,
				19273ADC21CED0FA006E18E7 /* Weaver.PersonManager.swift */,
				19273AE021CED0FA006E18E7 /* Weaver.ReviewManager.swift */,
				19273ADF21CED0FA006E18E7 /* Weaver.WSReviewViewController+Injectable.swift */,
			);
			path = Generated;
			sourceTree = "<group>";
		};
		19F5473B20A74C02006F40DF /* Manager */ = {
			isa = PBXGroup;
			children = (
				19F5475220A8EFA6006F40DF /* PersonManager.swift */,
				19F5474820A7D67E006F40DF /* ReviewManager.swift */,
			);
			path = Manager;
			sourceTree = "<group>";
		};
		19F5473D20A74C1F006F40DF /* View */ = {
			isa = PBXGroup;
			children = (
				19E5551E20769572004C44FC /* HomeViewController.swift */,
				19E555222076A156004C44FC /* MovieTableViewCell.swift */,
				19F5474420A79BCC006F40DF /* MovieViewController.swift */,
				19F5475020A888D3006F40DF /* ReviewTableViewCell.swift */,
				19F5473520A69F7F006F40DF /* WSReviewViewController.h */,
				19F5473620A69F7F006F40DF /* WSReviewViewController.m */,
				19F5473820A69F96006F40DF /* WSReviewViewController+Injectable.swift */,
			);
			path = View;
			sourceTree = "<group>";
		};
		19F5473E20A74C3E006F40DF /* Manager */ = {
			isa = PBXGroup;
			children = (
				19DE26BC207C7C8C0011DF93 /* ImageManagerTests.swift */,
				19DE26AC207BC7BC0011DF93 /* MovieAPITests.swift */,
				19DE26BA207C78670011DF93 /* MovieManagerTests.swift */,
			);
			path = Manager;
			sourceTree = "<group>";
		};
		19F5473F20A74C50006F40DF /* Spies */ = {
			isa = PBXGroup;
			children = (
				19DE26A8207BBD9D0011DF93 /* ManagerMocks.swift */,
				19DE26AA207BC21E0011DF93 /* ResolverMocks.swift */,
				19DE26AE207BCFF30011DF93 /* URLProtocolMock.swift */,
			);
			path = Spies;
			sourceTree = "<group>";
		};
		19FCF53E20D3380300AB142E /* Model */ = {
			isa = PBXGroup;
			children = (
				194F90FD20CFBE0A00F594F5 /* Error.swift */,
				19F5475620A8F001006F40DF /* Movie.swift */,
				193EEF8A2076911D00BFE706 /* Page.swift */,
				19F5475420A8EFF0006F40DF /* Person.swift */,
				194F90FA20CFB9A300F594F5 /* Result.swift */,
				19F5474C20A7DCB6006F40DF /* Review.swift */,
			);
			path = Model;
			sourceTree = "<group>";
		};
		19FCF53F20D3381E00AB142E /* Manager */ = {
			isa = PBXGroup;
			children = (
				194F90F720CFB80800F594F5 /* API.swift */,
				19DE26A4207AADD30011DF93 /* ImageManager.swift */,
				193EEF88207690C300BFE706 /* MovieManager.swift */,
			);
			path = Manager;
			sourceTree = "<group>";
		};
/* End PBXGroup section */

/* Begin PBXHeadersBuildPhase section */
		194F90D620CFB78B00F594F5 /* Headers */ = {
			isa = PBXHeadersBuildPhase;
			buildActionMask = 2147483647;
			files = (
				194F90EB20CFB78B00F594F5 /* API.h in Headers */,
			);
			runOnlyForDeploymentPostprocessing = 0;
		};
/* End PBXHeadersBuildPhase section */

/* Begin PBXNativeTarget section */
		194F90D820CFB78B00F594F5 /* API */ = {
			isa = PBXNativeTarget;
			buildConfigurationList = 194F90F120CFB78B00F594F5 /* Build configuration list for PBXNativeTarget "API" */;
			buildPhases = (
				194F90F920CFB90D00F594F5 /* Weaver */,
				194F90D420CFB78B00F594F5 /* Sources */,
				194F90D520CFB78B00F594F5 /* Frameworks */,
				194F90D620CFB78B00F594F5 /* Headers */,
				194F90D720CFB78B00F594F5 /* Resources */,
			);
			buildRules = (
			);
			dependencies = (
			);
			name = API;
			productName = API;
			productReference = 194F90D920CFB78B00F594F5 /* API.framework */;
			productType = "com.apple.product-type.framework";
		};
		194F90E020CFB78B00F594F5 /* APITests */ = {
			isa = PBXNativeTarget;
			buildConfigurationList = 194F90F420CFB78B00F594F5 /* Build configuration list for PBXNativeTarget "APITests" */;
			buildPhases = (
				194F90DD20CFB78B00F594F5 /* Sources */,
				194F90DE20CFB78B00F594F5 /* Frameworks */,
				194F90DF20CFB78B00F594F5 /* Resources */,
			);
			buildRules = (
			);
			dependencies = (
				194F90E420CFB78B00F594F5 /* PBXTargetDependency */,
				194F90E620CFB78B00F594F5 /* PBXTargetDependency */,
			);
			name = APITests;
			productName = APITests;
			productReference = 194F90E120CFB78B00F594F5 /* APITests.xctest */;
			productType = "com.apple.product-type.bundle.unit-test";
		};
		19956DF0206B4F0A00751B70 /* Sample */ = {
			isa = PBXNativeTarget;
			buildConfigurationList = 19956E0E206B4F0A00751B70 /* Build configuration list for PBXNativeTarget "Sample" */;
			buildPhases = (
				19956E1F206BFAFD00751B70 /* Weaver */,
				19956DED206B4F0A00751B70 /* Sources */,
				19956DEE206B4F0A00751B70 /* Frameworks */,
				19956DEF206B4F0A00751B70 /* Resources */,
				194F90EF20CFB78B00F594F5 /* Embed Frameworks */,
			);
			buildRules = (
			);
			dependencies = (
				194F90ED20CFB78B00F594F5 /* PBXTargetDependency */,
			);
			name = Sample;
			productName = Sample;
			productReference = 19956DF1206B4F0A00751B70 /* Sample.app */;
			productType = "com.apple.product-type.application";
		};
/* End PBXNativeTarget section */

/* Begin PBXProject section */
		19956DE9206B4F0A00751B70 /* Project object */ = {
			isa = PBXProject;
			attributes = {
				LastSwiftUpdateCheck = 0940;
				LastUpgradeCheck = 1000;
				ORGANIZATIONNAME = Scribd;
				TargetAttributes = {
					194F90D820CFB78B00F594F5 = {
						CreatedOnToolsVersion = 9.4;
						LastSwiftMigration = 0940;
						ProvisioningStyle = Automatic;
					};
					194F90E020CFB78B00F594F5 = {
						CreatedOnToolsVersion = 9.4;
						ProvisioningStyle = Automatic;
						TestTargetID = 19956DF0206B4F0A00751B70;
					};
					19956DF0206B4F0A00751B70 = {
						CreatedOnToolsVersion = 9.2;
						LastSwiftMigration = 0920;
						ProvisioningStyle = Automatic;
					};
				};
			};
			buildConfigurationList = 19956DEC206B4F0A00751B70 /* Build configuration list for PBXProject "Sample" */;
			compatibilityVersion = "Xcode 8.0";
			developmentRegion = en;
			hasScannedForEncodings = 0;
			knownRegions = (
				en,
				Base,
			);
			mainGroup = 19956DE8206B4F0A00751B70;
			productRefGroup = 19956DF2206B4F0A00751B70 /* Products */;
			projectDirPath = "";
			projectRoot = "";
			targets = (
				19956DF0206B4F0A00751B70 /* Sample */,
				194F90D820CFB78B00F594F5 /* API */,
				194F90E020CFB78B00F594F5 /* APITests */,
			);
		};
/* End PBXProject section */

/* Begin PBXResourcesBuildPhase section */
		194F90D720CFB78B00F594F5 /* Resources */ = {
			isa = PBXResourcesBuildPhase;
			buildActionMask = 2147483647;
			files = (
			);
			runOnlyForDeploymentPostprocessing = 0;
		};
		194F90DF20CFB78B00F594F5 /* Resources */ = {
			isa = PBXResourcesBuildPhase;
			buildActionMask = 2147483647;
			files = (
			);
			runOnlyForDeploymentPostprocessing = 0;
		};
		19956DEF206B4F0A00751B70 /* Resources */ = {
			isa = PBXResourcesBuildPhase;
			buildActionMask = 2147483647;
			files = (
				19956DFF206B4F0A00751B70 /* LaunchScreen.storyboard in Resources */,
				19956DFC206B4F0A00751B70 /* Assets.xcassets in Resources */,
			);
			runOnlyForDeploymentPostprocessing = 0;
		};
/* End PBXResourcesBuildPhase section */

/* Begin PBXShellScriptBuildPhase section */
		194F90F920CFB90D00F594F5 /* Weaver */ = {
			isa = PBXShellScriptBuildPhase;
			buildActionMask = 2147483647;
			files = (
			);
			inputFileListPaths = (
			);
			inputPaths = (
			);
			name = Weaver;
			outputFileListPaths = (
			);
			outputPaths = (
			);
			runOnlyForDeploymentPostprocessing = 0;
			shellPath = /bin/sh;
			shellScript = "weaver swift --config-path .api.weaver.yaml\n";
		};
		19956E1F206BFAFD00751B70 /* Weaver */ = {
			isa = PBXShellScriptBuildPhase;
			buildActionMask = 2147483647;
			files = (
			);
			inputFileListPaths = (
			);
			inputPaths = (
			);
			name = Weaver;
			outputFileListPaths = (
			);
			outputPaths = (
			);
			runOnlyForDeploymentPostprocessing = 0;
			shellPath = /bin/sh;
			shellScript = "weaver swift --config-path .sample.weaver.yaml\n";
		};
/* End PBXShellScriptBuildPhase section */

/* Begin PBXSourcesBuildPhase section */
		194F90D420CFB78B00F594F5 /* Sources */ = {
			isa = PBXSourcesBuildPhase;
			buildActionMask = 2147483647;
			files = (
				194F910420CFBE9E00F594F5 /* Logger.swift in Sources */,
				194F90FB20CFB9A300F594F5 /* Result.swift in Sources */,
				19FCF54320D3388F00AB142E /* Weaver.ImageManager.swift in Sources */,
				19FCF54120D3384700AB142E /* ImageManager.swift in Sources */,
				19FCF54520D33A0300AB142E /* Movie.swift in Sources */,
				194F910020CFBE4D00F594F5 /* Weaver.API.swift in Sources */,
				195848D020D43F8300BB1F09 /* Person.swift in Sources */,
				194F90FE20CFBE0A00F594F5 /* Error.swift in Sources */,
				195848D120D43F8300BB1F09 /* Review.swift in Sources */,
				19FCF53D20D337FF00AB142E /* Page.swift in Sources */,
				19FCF54A20D33D2400AB142E /* Weaver.MovieManager.swift in Sources */,
				19FCF54420D339EB00AB142E /* MovieManager.swift in Sources */,
				194F90F820CFB80800F594F5 /* API.swift in Sources */,
			);
			runOnlyForDeploymentPostprocessing = 0;
		};
		194F90DD20CFB78B00F594F5 /* Sources */ = {
			isa = PBXSourcesBuildPhase;
			buildActionMask = 2147483647;
			files = (
				195848DA20D442E700BB1F09 /* MovieManagerTests.swift in Sources */,
				195848D720D442E700BB1F09 /* ResolverMocks.swift in Sources */,
				195848D420D442DF00BB1F09 /* URLProtocolMock.swift in Sources */,
				195848D620D442E700BB1F09 /* ManagerMocks.swift in Sources */,
				195848D820D442E700BB1F09 /* ImageManagerTests.swift in Sources */,
				195848D920D442E700BB1F09 /* MovieAPITests.swift in Sources */,
			);
			runOnlyForDeploymentPostprocessing = 0;
		};
		19956DED206B4F0A00751B70 /* Sources */ = {
			isa = PBXSourcesBuildPhase;
			buildActionMask = 2147483647;
			files = (
				19273AE321CED0FA006E18E7 /* Weaver.AppDelegate.swift in Sources */,
				19FCF54020D3384300AB142E /* PersonManager.swift in Sources */,
				19273AE421CED0FA006E18E7 /* Weaver.HomeViewController.swift in Sources */,
				19956DF5206B4F0A00751B70 /* AppDelegate.swift in Sources */,
				19F5474520A79BCD006F40DF /* MovieViewController.swift in Sources */,
				190988B821FF86780086F5D2 /* HomeViewController.swift in Sources */,
				195848D320D4426100BB1F09 /* ReviewManager.swift in Sources */,
				19F5473720A69F7F006F40DF /* WSReviewViewController.m in Sources */,
				19273AE621CED0FA006E18E7 /* Weaver.ReviewManager.swift in Sources */,
				19F5475120A888D3006F40DF /* ReviewTableViewCell.swift in Sources */,
				19273AE721CED0FA006E18E7 /* Weaver.MovieViewController.swift in Sources */,
				19273AE521CED0FA006E18E7 /* Weaver.WSReviewViewController+Injectable.swift in Sources */,
				19273AE221CED0FA006E18E7 /* Weaver.PersonManager.swift in Sources */,
				19E555232076A156004C44FC /* MovieTableViewCell.swift in Sources */,
				19F5473920A69F96006F40DF /* WSReviewViewController+Injectable.swift in Sources */,
			);
			runOnlyForDeploymentPostprocessing = 0;
		};
/* End PBXSourcesBuildPhase section */

/* Begin PBXTargetDependency section */
		194F90E420CFB78B00F594F5 /* PBXTargetDependency */ = {
			isa = PBXTargetDependency;
			target = 194F90D820CFB78B00F594F5 /* API */;
			targetProxy = 194F90E320CFB78B00F594F5 /* PBXContainerItemProxy */;
		};
		194F90E620CFB78B00F594F5 /* PBXTargetDependency */ = {
			isa = PBXTargetDependency;
			target = 19956DF0206B4F0A00751B70 /* Sample */;
			targetProxy = 194F90E520CFB78B00F594F5 /* PBXContainerItemProxy */;
		};
		194F90ED20CFB78B00F594F5 /* PBXTargetDependency */ = {
			isa = PBXTargetDependency;
			target = 194F90D820CFB78B00F594F5 /* API */;
			targetProxy = 194F90EC20CFB78B00F594F5 /* PBXContainerItemProxy */;
		};
/* End PBXTargetDependency section */

/* Begin PBXVariantGroup section */
		19956DFD206B4F0A00751B70 /* LaunchScreen.storyboard */ = {
			isa = PBXVariantGroup;
			children = (
				19956DFE206B4F0A00751B70 /* Base */,
			);
			name = LaunchScreen.storyboard;
			sourceTree = "<group>";
		};
/* End PBXVariantGroup section */

/* Begin XCBuildConfiguration section */
		194F90F220CFB78B00F594F5 /* Debug */ = {
			isa = XCBuildConfiguration;
			buildSettings = {
				CLANG_ENABLE_MODULES = YES;
				CLANG_ENABLE_OBJC_WEAK = YES;
				CLANG_WARN_DEPRECATED_OBJC_IMPLEMENTATIONS = YES;
				CLANG_WARN_OBJC_IMPLICIT_RETAIN_SELF = YES;
				CODE_SIGN_IDENTITY = "";
				CODE_SIGN_STYLE = Automatic;
				CURRENT_PROJECT_VERSION = 1;
				DEFINES_MODULE = YES;
				DYLIB_COMPATIBILITY_VERSION = 1;
				DYLIB_CURRENT_VERSION = 1;
				DYLIB_INSTALL_NAME_BASE = "@rpath";
				INFOPLIST_FILE = API/Info.plist;
				INSTALL_PATH = "$(LOCAL_LIBRARY_DIR)/Frameworks";
				IPHONEOS_DEPLOYMENT_TARGET = 11.2;
				LD_RUNPATH_SEARCH_PATHS = "$(inherited) @executable_path/Frameworks @loader_path/Frameworks";
				PRODUCT_BUNDLE_IDENTIFIER = com.scribd.beaverdi.API;
				PRODUCT_NAME = "$(TARGET_NAME:c99extidentifier)";
				SKIP_INSTALL = YES;
				SWIFT_OPTIMIZATION_LEVEL = "-Onone";
				TARGETED_DEVICE_FAMILY = "1,2";
				VERSIONING_SYSTEM = "apple-generic";
				VERSION_INFO_PREFIX = "";
			};
			name = Debug;
		};
		194F90F320CFB78B00F594F5 /* Release */ = {
			isa = XCBuildConfiguration;
			buildSettings = {
				CLANG_ENABLE_MODULES = YES;
				CLANG_ENABLE_OBJC_WEAK = YES;
				CLANG_WARN_DEPRECATED_OBJC_IMPLEMENTATIONS = YES;
				CLANG_WARN_OBJC_IMPLICIT_RETAIN_SELF = YES;
				CODE_SIGN_IDENTITY = "";
				CODE_SIGN_STYLE = Automatic;
				CURRENT_PROJECT_VERSION = 1;
				DEFINES_MODULE = YES;
				DYLIB_COMPATIBILITY_VERSION = 1;
				DYLIB_CURRENT_VERSION = 1;
				DYLIB_INSTALL_NAME_BASE = "@rpath";
				INFOPLIST_FILE = API/Info.plist;
				INSTALL_PATH = "$(LOCAL_LIBRARY_DIR)/Frameworks";
				IPHONEOS_DEPLOYMENT_TARGET = 11.2;
				LD_RUNPATH_SEARCH_PATHS = "$(inherited) @executable_path/Frameworks @loader_path/Frameworks";
				PRODUCT_BUNDLE_IDENTIFIER = com.scribd.beaverdi.API;
				PRODUCT_NAME = "$(TARGET_NAME:c99extidentifier)";
				SKIP_INSTALL = YES;
				TARGETED_DEVICE_FAMILY = "1,2";
				VERSIONING_SYSTEM = "apple-generic";
				VERSION_INFO_PREFIX = "";
			};
			name = Release;
		};
		194F90F520CFB78B00F594F5 /* Debug */ = {
			isa = XCBuildConfiguration;
			buildSettings = {
				ALWAYS_EMBED_SWIFT_STANDARD_LIBRARIES = YES;
				CLANG_ENABLE_OBJC_WEAK = YES;
				CLANG_WARN_DEPRECATED_OBJC_IMPLEMENTATIONS = YES;
				CLANG_WARN_OBJC_IMPLICIT_RETAIN_SELF = YES;
				CODE_SIGN_STYLE = Automatic;
				INFOPLIST_FILE = APITests/Info.plist;
				IPHONEOS_DEPLOYMENT_TARGET = 11.4;
				LD_RUNPATH_SEARCH_PATHS = "$(inherited) @executable_path/Frameworks @loader_path/Frameworks";
				PRODUCT_BUNDLE_IDENTIFIER = com.scribd.beaverdi.APITests;
				PRODUCT_NAME = "$(TARGET_NAME)";
				TARGETED_DEVICE_FAMILY = "1,2";
				TEST_HOST = "$(BUILT_PRODUCTS_DIR)/Sample.app/Sample";
			};
			name = Debug;
		};
		194F90F620CFB78B00F594F5 /* Release */ = {
			isa = XCBuildConfiguration;
			buildSettings = {
				ALWAYS_EMBED_SWIFT_STANDARD_LIBRARIES = YES;
				CLANG_ENABLE_OBJC_WEAK = YES;
				CLANG_WARN_DEPRECATED_OBJC_IMPLEMENTATIONS = YES;
				CLANG_WARN_OBJC_IMPLICIT_RETAIN_SELF = YES;
				CODE_SIGN_STYLE = Automatic;
				INFOPLIST_FILE = APITests/Info.plist;
				IPHONEOS_DEPLOYMENT_TARGET = 11.4;
				LD_RUNPATH_SEARCH_PATHS = "$(inherited) @executable_path/Frameworks @loader_path/Frameworks";
				PRODUCT_BUNDLE_IDENTIFIER = com.scribd.beaverdi.APITests;
				PRODUCT_NAME = "$(TARGET_NAME)";
				TARGETED_DEVICE_FAMILY = "1,2";
				TEST_HOST = "$(BUILT_PRODUCTS_DIR)/Sample.app/Sample";
			};
			name = Release;
		};
		19956E0C206B4F0A00751B70 /* Debug */ = {
			isa = XCBuildConfiguration;
			buildSettings = {
				ALWAYS_SEARCH_USER_PATHS = NO;
				CLANG_ANALYZER_NONNULL = YES;
				CLANG_ANALYZER_NUMBER_OBJECT_CONVERSION = YES_AGGRESSIVE;
				CLANG_CXX_LANGUAGE_STANDARD = "gnu++14";
				CLANG_CXX_LIBRARY = "libc++";
				CLANG_ENABLE_MODULES = YES;
				CLANG_ENABLE_OBJC_ARC = YES;
				CLANG_WARN_BLOCK_CAPTURE_AUTORELEASING = YES;
				CLANG_WARN_BOOL_CONVERSION = YES;
				CLANG_WARN_COMMA = YES;
				CLANG_WARN_CONSTANT_CONVERSION = YES;
				CLANG_WARN_DEPRECATED_OBJC_IMPLEMENTATIONS = YES;
				CLANG_WARN_DIRECT_OBJC_ISA_USAGE = YES_ERROR;
				CLANG_WARN_DOCUMENTATION_COMMENTS = YES;
				CLANG_WARN_EMPTY_BODY = YES;
				CLANG_WARN_ENUM_CONVERSION = YES;
				CLANG_WARN_INFINITE_RECURSION = YES;
				CLANG_WARN_INT_CONVERSION = YES;
				CLANG_WARN_NON_LITERAL_NULL_CONVERSION = YES;
				CLANG_WARN_OBJC_IMPLICIT_RETAIN_SELF = YES;
				CLANG_WARN_OBJC_LITERAL_CONVERSION = YES;
				CLANG_WARN_OBJC_ROOT_CLASS = YES_ERROR;
				CLANG_WARN_RANGE_LOOP_ANALYSIS = YES;
				CLANG_WARN_STRICT_PROTOTYPES = YES;
				CLANG_WARN_SUSPICIOUS_MOVE = YES;
				CLANG_WARN_UNGUARDED_AVAILABILITY = YES_AGGRESSIVE;
				CLANG_WARN_UNREACHABLE_CODE = YES;
				CLANG_WARN__DUPLICATE_METHOD_MATCH = YES;
				CODE_SIGN_IDENTITY = "iPhone Developer";
				COPY_PHASE_STRIP = NO;
				DEBUG_INFORMATION_FORMAT = dwarf;
				ENABLE_STRICT_OBJC_MSGSEND = YES;
				ENABLE_TESTABILITY = YES;
				GCC_C_LANGUAGE_STANDARD = gnu11;
				GCC_DYNAMIC_NO_PIC = NO;
				GCC_NO_COMMON_BLOCKS = YES;
				GCC_OPTIMIZATION_LEVEL = 0;
				GCC_PREPROCESSOR_DEFINITIONS = (
					"DEBUG=1",
					"$(inherited)",
				);
				GCC_WARN_64_TO_32_BIT_CONVERSION = YES;
				GCC_WARN_ABOUT_RETURN_TYPE = YES_ERROR;
				GCC_WARN_UNDECLARED_SELECTOR = YES;
				GCC_WARN_UNINITIALIZED_AUTOS = YES_AGGRESSIVE;
				GCC_WARN_UNUSED_FUNCTION = YES;
				GCC_WARN_UNUSED_VARIABLE = YES;
				IPHONEOS_DEPLOYMENT_TARGET = 11.2;
				MTL_ENABLE_DEBUG_INFO = YES;
				ONLY_ACTIVE_ARCH = YES;
				SDKROOT = iphoneos;
				SWIFT_ACTIVE_COMPILATION_CONDITIONS = DEBUG;
				SWIFT_OPTIMIZATION_LEVEL = "-Onone";
				SWIFT_VERSION = 5.0;
			};
			name = Debug;
		};
		19956E0D206B4F0A00751B70 /* Release */ = {
			isa = XCBuildConfiguration;
			buildSettings = {
				ALWAYS_SEARCH_USER_PATHS = NO;
				CLANG_ANALYZER_NONNULL = YES;
				CLANG_ANALYZER_NUMBER_OBJECT_CONVERSION = YES_AGGRESSIVE;
				CLANG_CXX_LANGUAGE_STANDARD = "gnu++14";
				CLANG_CXX_LIBRARY = "libc++";
				CLANG_ENABLE_MODULES = YES;
				CLANG_ENABLE_OBJC_ARC = YES;
				CLANG_WARN_BLOCK_CAPTURE_AUTORELEASING = YES;
				CLANG_WARN_BOOL_CONVERSION = YES;
				CLANG_WARN_COMMA = YES;
				CLANG_WARN_CONSTANT_CONVERSION = YES;
				CLANG_WARN_DEPRECATED_OBJC_IMPLEMENTATIONS = YES;
				CLANG_WARN_DIRECT_OBJC_ISA_USAGE = YES_ERROR;
				CLANG_WARN_DOCUMENTATION_COMMENTS = YES;
				CLANG_WARN_EMPTY_BODY = YES;
				CLANG_WARN_ENUM_CONVERSION = YES;
				CLANG_WARN_INFINITE_RECURSION = YES;
				CLANG_WARN_INT_CONVERSION = YES;
				CLANG_WARN_NON_LITERAL_NULL_CONVERSION = YES;
				CLANG_WARN_OBJC_IMPLICIT_RETAIN_SELF = YES;
				CLANG_WARN_OBJC_LITERAL_CONVERSION = YES;
				CLANG_WARN_OBJC_ROOT_CLASS = YES_ERROR;
				CLANG_WARN_RANGE_LOOP_ANALYSIS = YES;
				CLANG_WARN_STRICT_PROTOTYPES = YES;
				CLANG_WARN_SUSPICIOUS_MOVE = YES;
				CLANG_WARN_UNGUARDED_AVAILABILITY = YES_AGGRESSIVE;
				CLANG_WARN_UNREACHABLE_CODE = YES;
				CLANG_WARN__DUPLICATE_METHOD_MATCH = YES;
				CODE_SIGN_IDENTITY = "iPhone Developer";
				COPY_PHASE_STRIP = NO;
				DEBUG_INFORMATION_FORMAT = "dwarf-with-dsym";
				ENABLE_NS_ASSERTIONS = NO;
				ENABLE_STRICT_OBJC_MSGSEND = YES;
				GCC_C_LANGUAGE_STANDARD = gnu11;
				GCC_NO_COMMON_BLOCKS = YES;
				GCC_WARN_64_TO_32_BIT_CONVERSION = YES;
				GCC_WARN_ABOUT_RETURN_TYPE = YES_ERROR;
				GCC_WARN_UNDECLARED_SELECTOR = YES;
				GCC_WARN_UNINITIALIZED_AUTOS = YES_AGGRESSIVE;
				GCC_WARN_UNUSED_FUNCTION = YES;
				GCC_WARN_UNUSED_VARIABLE = YES;
				IPHONEOS_DEPLOYMENT_TARGET = 11.2;
				MTL_ENABLE_DEBUG_INFO = NO;
				SDKROOT = iphoneos;
				SWIFT_OPTIMIZATION_LEVEL = "-Owholemodule";
				SWIFT_VERSION = 5.0;
				VALIDATE_PRODUCT = YES;
			};
			name = Release;
		};
		19956E0F206B4F0A00751B70 /* Debug */ = {
			isa = XCBuildConfiguration;
			buildSettings = {
				ALWAYS_EMBED_SWIFT_STANDARD_LIBRARIES = YES;
				ASSETCATALOG_COMPILER_APPICON_NAME = AppIcon;
				CLANG_ENABLE_MODULES = YES;
				CODE_SIGN_STYLE = Automatic;
				INFOPLIST_FILE = Sample/Info.plist;
				LD_RUNPATH_SEARCH_PATHS = "$(inherited) @executable_path/Frameworks";
				PRODUCT_BUNDLE_IDENTIFIER = com.scribd.beaverdi.Sample;
				PRODUCT_NAME = "$(TARGET_NAME)";
				SWIFT_OBJC_BRIDGING_HEADER = "Sample/Sample-Bridging-Header.h";
				SWIFT_OPTIMIZATION_LEVEL = "-Onone";
				TARGETED_DEVICE_FAMILY = "1,2";
			};
			name = Debug;
		};
		19956E10206B4F0A00751B70 /* Release */ = {
			isa = XCBuildConfiguration;
			buildSettings = {
				ALWAYS_EMBED_SWIFT_STANDARD_LIBRARIES = YES;
				ASSETCATALOG_COMPILER_APPICON_NAME = AppIcon;
				CLANG_ENABLE_MODULES = YES;
				CODE_SIGN_STYLE = Automatic;
				INFOPLIST_FILE = Sample/Info.plist;
				LD_RUNPATH_SEARCH_PATHS = "$(inherited) @executable_path/Frameworks";
				PRODUCT_BUNDLE_IDENTIFIER = com.scribd.beaverdi.Sample;
				PRODUCT_NAME = "$(TARGET_NAME)";
				SWIFT_OBJC_BRIDGING_HEADER = "Sample/Sample-Bridging-Header.h";
				TARGETED_DEVICE_FAMILY = "1,2";
			};
			name = Release;
		};
/* End XCBuildConfiguration section */

/* Begin XCConfigurationList section */
		194F90F120CFB78B00F594F5 /* Build configuration list for PBXNativeTarget "API" */ = {
			isa = XCConfigurationList;
			buildConfigurations = (
				194F90F220CFB78B00F594F5 /* Debug */,
				194F90F320CFB78B00F594F5 /* Release */,
			);
			defaultConfigurationIsVisible = 0;
			defaultConfigurationName = Release;
		};
		194F90F420CFB78B00F594F5 /* Build configuration list for PBXNativeTarget "APITests" */ = {
			isa = XCConfigurationList;
			buildConfigurations = (
				194F90F520CFB78B00F594F5 /* Debug */,
				194F90F620CFB78B00F594F5 /* Release */,
			);
			defaultConfigurationIsVisible = 0;
			defaultConfigurationName = Release;
		};
		19956DEC206B4F0A00751B70 /* Build configuration list for PBXProject "Sample" */ = {
			isa = XCConfigurationList;
			buildConfigurations = (
				19956E0C206B4F0A00751B70 /* Debug */,
				19956E0D206B4F0A00751B70 /* Release */,
			);
			defaultConfigurationIsVisible = 0;
			defaultConfigurationName = Release;
		};
		19956E0E206B4F0A00751B70 /* Build configuration list for PBXNativeTarget "Sample" */ = {
			isa = XCConfigurationList;
			buildConfigurations = (
				19956E0F206B4F0A00751B70 /* Debug */,
				19956E10206B4F0A00751B70 /* Release */,
			);
			defaultConfigurationIsVisible = 0;
			defaultConfigurationName = Release;
		};
/* End XCConfigurationList section */
	};
	rootObject = 19956DE9206B4F0A00751B70 /* Project object */;
}
