// !$*UTF8*$!
{
	archiveVersion = 1;
	classes = {
	};
	objectVersion = 48;
	objects = {

/* Begin PBXBuildFile section */
		19956DF5206B4F0A00751B70 /* AppDelegate.swift in Sources */ = {isa = PBXBuildFile; fileRef = 19956DF4206B4F0A00751B70 /* AppDelegate.swift */; };
		19956DF7206B4F0A00751B70 /* ViewController.swift in Sources */ = {isa = PBXBuildFile; fileRef = 19956DF6206B4F0A00751B70 /* ViewController.swift */; };
		19956DFA206B4F0A00751B70 /* Main.storyboard in Resources */ = {isa = PBXBuildFile; fileRef = 19956DF8206B4F0A00751B70 /* Main.storyboard */; };
		19956DFC206B4F0A00751B70 /* Assets.xcassets in Resources */ = {isa = PBXBuildFile; fileRef = 19956DFB206B4F0A00751B70 /* Assets.xcassets */; };
		19956DFF206B4F0A00751B70 /* LaunchScreen.storyboard in Resources */ = {isa = PBXBuildFile; fileRef = 19956DFD206B4F0A00751B70 /* LaunchScreen.storyboard */; };
		19956E0A206B4F0A00751B70 /* SampleTests.swift in Sources */ = {isa = PBXBuildFile; fileRef = 19956E09206B4F0A00751B70 /* SampleTests.swift */; };
		19956E21206BFD2B00751B70 /* BeaverDI.ViewController.swift in Sources */ = {isa = PBXBuildFile; fileRef = 19956E20206BFD2B00751B70 /* BeaverDI.ViewController.swift */; };
		E63DEAFF2905ADE99164D0B6 /* Pods_SampleTests.framework in Frameworks */ = {isa = PBXBuildFile; fileRef = C3B22DACCEE24A465932D904 /* Pods_SampleTests.framework */; };
		FE763E2C6332FFDD3306EE53 /* Pods_Sample.framework in Frameworks */ = {isa = PBXBuildFile; fileRef = 69F58A342BE7250A4AD988D7 /* Pods_Sample.framework */; };
/* End PBXBuildFile section */

/* Begin PBXContainerItemProxy section */
		19956E06206B4F0A00751B70 /* PBXContainerItemProxy */ = {
			isa = PBXContainerItemProxy;
			containerPortal = 19956DE9206B4F0A00751B70 /* Project object */;
			proxyType = 1;
			remoteGlobalIDString = 19956DF0206B4F0A00751B70;
			remoteInfo = Sample;
		};
/* End PBXContainerItemProxy section */

/* Begin PBXFileReference section */
		19956DF1206B4F0A00751B70 /* Sample.app */ = {isa = PBXFileReference; explicitFileType = wrapper.application; includeInIndex = 0; path = Sample.app; sourceTree = BUILT_PRODUCTS_DIR; };
		19956DF4206B4F0A00751B70 /* AppDelegate.swift */ = {isa = PBXFileReference; lastKnownFileType = sourcecode.swift; path = AppDelegate.swift; sourceTree = "<group>"; };
		19956DF6206B4F0A00751B70 /* ViewController.swift */ = {isa = PBXFileReference; lastKnownFileType = sourcecode.swift; path = ViewController.swift; sourceTree = "<group>"; };
		19956DF9206B4F0A00751B70 /* Base */ = {isa = PBXFileReference; lastKnownFileType = file.storyboard; name = Base; path = Base.lproj/Main.storyboard; sourceTree = "<group>"; };
		19956DFB206B4F0A00751B70 /* Assets.xcassets */ = {isa = PBXFileReference; lastKnownFileType = folder.assetcatalog; path = Assets.xcassets; sourceTree = "<group>"; };
		19956DFE206B4F0A00751B70 /* Base */ = {isa = PBXFileReference; lastKnownFileType = file.storyboard; name = Base; path = Base.lproj/LaunchScreen.storyboard; sourceTree = "<group>"; };
		19956E00206B4F0A00751B70 /* Info.plist */ = {isa = PBXFileReference; lastKnownFileType = text.plist.xml; path = Info.plist; sourceTree = "<group>"; };
		19956E05206B4F0A00751B70 /* SampleTests.xctest */ = {isa = PBXFileReference; explicitFileType = wrapper.cfbundle; includeInIndex = 0; path = SampleTests.xctest; sourceTree = BUILT_PRODUCTS_DIR; };
		19956E09206B4F0A00751B70 /* SampleTests.swift */ = {isa = PBXFileReference; lastKnownFileType = sourcecode.swift; path = SampleTests.swift; sourceTree = "<group>"; };
		19956E0B206B4F0A00751B70 /* Info.plist */ = {isa = PBXFileReference; lastKnownFileType = text.plist.xml; path = Info.plist; sourceTree = "<group>"; };
		19956E20206BFD2B00751B70 /* BeaverDI.ViewController.swift */ = {isa = PBXFileReference; fileEncoding = 4; lastKnownFileType = sourcecode.swift; path = BeaverDI.ViewController.swift; sourceTree = "<group>"; };
		1DB489099BF76BF80AAE12C3 /* Pods-Sample.debug.xcconfig */ = {isa = PBXFileReference; includeInIndex = 1; lastKnownFileType = text.xcconfig; name = "Pods-Sample.debug.xcconfig"; path = "Pods/Target Support Files/Pods-Sample/Pods-Sample.debug.xcconfig"; sourceTree = "<group>"; };
		24FCD488C9B0AAA6774C8E07 /* Pods-SampleTests.debug.xcconfig */ = {isa = PBXFileReference; includeInIndex = 1; lastKnownFileType = text.xcconfig; name = "Pods-SampleTests.debug.xcconfig"; path = "Pods/Target Support Files/Pods-SampleTests/Pods-SampleTests.debug.xcconfig"; sourceTree = "<group>"; };
		69F58A342BE7250A4AD988D7 /* Pods_Sample.framework */ = {isa = PBXFileReference; explicitFileType = wrapper.framework; includeInIndex = 0; path = Pods_Sample.framework; sourceTree = BUILT_PRODUCTS_DIR; };
		C3B22DACCEE24A465932D904 /* Pods_SampleTests.framework */ = {isa = PBXFileReference; explicitFileType = wrapper.framework; includeInIndex = 0; path = Pods_SampleTests.framework; sourceTree = BUILT_PRODUCTS_DIR; };
		C62BE20D85067826649E9607 /* Pods-SampleTests.release.xcconfig */ = {isa = PBXFileReference; includeInIndex = 1; lastKnownFileType = text.xcconfig; name = "Pods-SampleTests.release.xcconfig"; path = "Pods/Target Support Files/Pods-SampleTests/Pods-SampleTests.release.xcconfig"; sourceTree = "<group>"; };
		EC59A2BFC5F9E4267D337935 /* Pods-Sample.release.xcconfig */ = {isa = PBXFileReference; includeInIndex = 1; lastKnownFileType = text.xcconfig; name = "Pods-Sample.release.xcconfig"; path = "Pods/Target Support Files/Pods-Sample/Pods-Sample.release.xcconfig"; sourceTree = "<group>"; };
/* End PBXFileReference section */

/* Begin PBXFrameworksBuildPhase section */
		19956DEE206B4F0A00751B70 /* Frameworks */ = {
			isa = PBXFrameworksBuildPhase;
			buildActionMask = 2147483647;
			files = (
				FE763E2C6332FFDD3306EE53 /* Pods_Sample.framework in Frameworks */,
			);
			runOnlyForDeploymentPostprocessing = 0;
		};
		19956E02206B4F0A00751B70 /* Frameworks */ = {
			isa = PBXFrameworksBuildPhase;
			buildActionMask = 2147483647;
			files = (
				E63DEAFF2905ADE99164D0B6 /* Pods_SampleTests.framework in Frameworks */,
			);
			runOnlyForDeploymentPostprocessing = 0;
		};
/* End PBXFrameworksBuildPhase section */

/* Begin PBXGroup section */
		15F9B54D8D3BC255D3691CCD /* Frameworks */ = {
			isa = PBXGroup;
			children = (
				69F58A342BE7250A4AD988D7 /* Pods_Sample.framework */,
				C3B22DACCEE24A465932D904 /* Pods_SampleTests.framework */,
			);
			name = Frameworks;
			sourceTree = "<group>";
		};
		19956DE8206B4F0A00751B70 = {
			isa = PBXGroup;
			children = (
				19956DF3206B4F0A00751B70 /* Sample */,
				19956E08206B4F0A00751B70 /* SampleTests */,
				19956DF2206B4F0A00751B70 /* Products */,
				DE29F99B55222227193FB4A5 /* Pods */,
				15F9B54D8D3BC255D3691CCD /* Frameworks */,
			);
			sourceTree = "<group>";
		};
		19956DF2206B4F0A00751B70 /* Products */ = {
			isa = PBXGroup;
			children = (
				19956DF1206B4F0A00751B70 /* Sample.app */,
				19956E05206B4F0A00751B70 /* SampleTests.xctest */,
			);
			name = Products;
			sourceTree = "<group>";
		};
		19956DF3206B4F0A00751B70 /* Sample */ = {
			isa = PBXGroup;
			children = (
				19956E18206B51FF00751B70 /* Generated */,
				19956DF4206B4F0A00751B70 /* AppDelegate.swift */,
				19956DF6206B4F0A00751B70 /* ViewController.swift */,
				19956DF8206B4F0A00751B70 /* Main.storyboard */,
				19956DFB206B4F0A00751B70 /* Assets.xcassets */,
				19956DFD206B4F0A00751B70 /* LaunchScreen.storyboard */,
				19956E00206B4F0A00751B70 /* Info.plist */,
			);
			path = Sample;
			sourceTree = "<group>";
		};
		19956E08206B4F0A00751B70 /* SampleTests */ = {
			isa = PBXGroup;
			children = (
				19956E09206B4F0A00751B70 /* SampleTests.swift */,
				19956E0B206B4F0A00751B70 /* Info.plist */,
			);
			path = SampleTests;
			sourceTree = "<group>";
		};
		19956E18206B51FF00751B70 /* Generated */ = {
			isa = PBXGroup;
			children = (
				19956E20206BFD2B00751B70 /* BeaverDI.ViewController.swift */,
			);
			path = Generated;
			sourceTree = "<group>";
		};
		DE29F99B55222227193FB4A5 /* Pods */ = {
			isa = PBXGroup;
			children = (
				1DB489099BF76BF80AAE12C3 /* Pods-Sample.debug.xcconfig */,
				EC59A2BFC5F9E4267D337935 /* Pods-Sample.release.xcconfig */,
				24FCD488C9B0AAA6774C8E07 /* Pods-SampleTests.debug.xcconfig */,
				C62BE20D85067826649E9607 /* Pods-SampleTests.release.xcconfig */,
			);
			name = Pods;
			sourceTree = "<group>";
		};
/* End PBXGroup section */

/* Begin PBXNativeTarget section */
		19956DF0206B4F0A00751B70 /* Sample */ = {
			isa = PBXNativeTarget;
			buildConfigurationList = 19956E0E206B4F0A00751B70 /* Build configuration list for PBXNativeTarget "Sample" */;
			buildPhases = (
				2D4062DD05F0929CF777D5C6 /* [CP] Check Pods Manifest.lock */,
				19956E1F206BFAFD00751B70 /* BeaverDI */,
				19956DED206B4F0A00751B70 /* Sources */,
				19956DEE206B4F0A00751B70 /* Frameworks */,
				19956DEF206B4F0A00751B70 /* Resources */,
				4F4C846B13D08EFB2ABAF5D4 /* [CP] Embed Pods Frameworks */,
			);
			buildRules = (
			);
			dependencies = (
			);
			name = Sample;
			productName = Sample;
			productReference = 19956DF1206B4F0A00751B70 /* Sample.app */;
			productType = "com.apple.product-type.application";
		};
		19956E04206B4F0A00751B70 /* SampleTests */ = {
			isa = PBXNativeTarget;
			buildConfigurationList = 19956E11206B4F0A00751B70 /* Build configuration list for PBXNativeTarget "SampleTests" */;
			buildPhases = (
				0C67F0AA51E38E77335F421E /* [CP] Check Pods Manifest.lock */,
				19956E01206B4F0A00751B70 /* Sources */,
				19956E02206B4F0A00751B70 /* Frameworks */,
				19956E03206B4F0A00751B70 /* Resources */,
			);
			buildRules = (
			);
			dependencies = (
				19956E07206B4F0A00751B70 /* PBXTargetDependency */,
			);
			name = SampleTests;
			productName = SampleTests;
			productReference = 19956E05206B4F0A00751B70 /* SampleTests.xctest */;
			productType = "com.apple.product-type.bundle.unit-test";
		};
/* End PBXNativeTarget section */

/* Begin PBXProject section */
		19956DE9206B4F0A00751B70 /* Project object */ = {
			isa = PBXProject;
			attributes = {
				LastSwiftUpdateCheck = 0920;
				LastUpgradeCheck = 0920;
				ORGANIZATIONNAME = Scribd;
				TargetAttributes = {
					19956DF0206B4F0A00751B70 = {
						CreatedOnToolsVersion = 9.2;
						ProvisioningStyle = Automatic;
					};
					19956E04206B4F0A00751B70 = {
						CreatedOnToolsVersion = 9.2;
						ProvisioningStyle = Automatic;
						TestTargetID = 19956DF0206B4F0A00751B70;
					};
				};
			};
			buildConfigurationList = 19956DEC206B4F0A00751B70 /* Build configuration list for PBXProject "Sample" */;
			compatibilityVersion = "Xcode 8.0";
			developmentRegion = en;
			hasScannedForEncodings = 0;
			knownRegions = (
				en,
				Base,
			);
			mainGroup = 19956DE8206B4F0A00751B70;
			productRefGroup = 19956DF2206B4F0A00751B70 /* Products */;
			projectDirPath = "";
			projectRoot = "";
			targets = (
				19956DF0206B4F0A00751B70 /* Sample */,
				19956E04206B4F0A00751B70 /* SampleTests */,
			);
		};
/* End PBXProject section */

/* Begin PBXResourcesBuildPhase section */
		19956DEF206B4F0A00751B70 /* Resources */ = {
			isa = PBXResourcesBuildPhase;
			buildActionMask = 2147483647;
			files = (
				19956DFF206B4F0A00751B70 /* LaunchScreen.storyboard in Resources */,
				19956DFC206B4F0A00751B70 /* Assets.xcassets in Resources */,
				19956DFA206B4F0A00751B70 /* Main.storyboard in Resources */,
			);
			runOnlyForDeploymentPostprocessing = 0;
		};
		19956E03206B4F0A00751B70 /* Resources */ = {
			isa = PBXResourcesBuildPhase;
			buildActionMask = 2147483647;
			files = (
			);
			runOnlyForDeploymentPostprocessing = 0;
		};
/* End PBXResourcesBuildPhase section */

/* Begin PBXShellScriptBuildPhase section */
		0C67F0AA51E38E77335F421E /* [CP] Check Pods Manifest.lock */ = {
			isa = PBXShellScriptBuildPhase;
			buildActionMask = 2147483647;
			files = (
			);
			inputPaths = (
				"${PODS_PODFILE_DIR_PATH}/Podfile.lock",
				"${PODS_ROOT}/Manifest.lock",
			);
			name = "[CP] Check Pods Manifest.lock";
			outputPaths = (
				"$(DERIVED_FILE_DIR)/Pods-SampleTests-checkManifestLockResult.txt",
			);
			runOnlyForDeploymentPostprocessing = 0;
			shellPath = /bin/sh;
			shellScript = "diff \"${PODS_PODFILE_DIR_PATH}/Podfile.lock\" \"${PODS_ROOT}/Manifest.lock\" > /dev/null\nif [ $? != 0 ] ; then\n    # print error to STDERR\n    echo \"error: The sandbox is not in sync with the Podfile.lock. Run 'pod install' or update your CocoaPods installation.\" >&2\n    exit 1\nfi\n# This output is used by Xcode 'outputs' to avoid re-running this script phase.\necho \"SUCCESS\" > \"${SCRIPT_OUTPUT_FILE_0}\"\n";
			showEnvVarsInLog = 0;
		};
		19956E1F206BFAFD00751B70 /* BeaverDI */ = {
			isa = PBXShellScriptBuildPhase;
			buildActionMask = 2147483647;
			files = (
			);
			inputPaths = (
			);
			name = BeaverDI;
			outputPaths = (
			);
			runOnlyForDeploymentPostprocessing = 0;
			shellPath = /bin/sh;
			shellScript = "beaverdi --output_path ${SOURCE_ROOT}/Sample/Generated/ ${SOURCE_ROOT}/Sample/*.swift";
		};
		2D4062DD05F0929CF777D5C6 /* [CP] Check Pods Manifest.lock */ = {
			isa = PBXShellScriptBuildPhase;
			buildActionMask = 2147483647;
			files = (
			);
			inputPaths = (
				"${PODS_PODFILE_DIR_PATH}/Podfile.lock",
				"${PODS_ROOT}/Manifest.lock",
			);
			name = "[CP] Check Pods Manifest.lock";
			outputPaths = (
				"$(DERIVED_FILE_DIR)/Pods-Sample-checkManifestLockResult.txt",
			);
			runOnlyForDeploymentPostprocessing = 0;
			shellPath = /bin/sh;
			shellScript = "diff \"${PODS_PODFILE_DIR_PATH}/Podfile.lock\" \"${PODS_ROOT}/Manifest.lock\" > /dev/null\nif [ $? != 0 ] ; then\n    # print error to STDERR\n    echo \"error: The sandbox is not in sync with the Podfile.lock. Run 'pod install' or update your CocoaPods installation.\" >&2\n    exit 1\nfi\n# This output is used by Xcode 'outputs' to avoid re-running this script phase.\necho \"SUCCESS\" > \"${SCRIPT_OUTPUT_FILE_0}\"\n";
			showEnvVarsInLog = 0;
		};
		4F4C846B13D08EFB2ABAF5D4 /* [CP] Embed Pods Frameworks */ = {
			isa = PBXShellScriptBuildPhase;
			buildActionMask = 2147483647;
			files = (
			);
			inputPaths = (
				"${SRCROOT}/Pods/Target Support Files/Pods-Sample/Pods-Sample-frameworks.sh",
				"${BUILT_PRODUCTS_DIR}/BeaverDI/BeaverDI.framework",
			);
			name = "[CP] Embed Pods Frameworks";
			outputPaths = (
				"${TARGET_BUILD_DIR}/${FRAMEWORKS_FOLDER_PATH}/BeaverDI.framework",
			);
			runOnlyForDeploymentPostprocessing = 0;
			shellPath = /bin/sh;
			shellScript = "\"${SRCROOT}/Pods/Target Support Files/Pods-Sample/Pods-Sample-frameworks.sh\"\n";
			showEnvVarsInLog = 0;
		};
/* End PBXShellScriptBuildPhase section */

/* Begin PBXSourcesBuildPhase section */
		19956DED206B4F0A00751B70 /* Sources */ = {
			isa = PBXSourcesBuildPhase;
			buildActionMask = 2147483647;
			files = (
				19956DF7206B4F0A00751B70 /* ViewController.swift in Sources */,
				19956DF5206B4F0A00751B70 /* AppDelegate.swift in Sources */,
				19956E21206BFD2B00751B70 /* BeaverDI.ViewController.swift in Sources */,
			);
			runOnlyForDeploymentPostprocessing = 0;
		};
		19956E01206B4F0A00751B70 /* Sources */ = {
			isa = PBXSourcesBuildPhase;
			buildActionMask = 2147483647;
			files = (
				19956E0A206B4F0A00751B70 /* SampleTests.swift in Sources */,
			);
			runOnlyForDeploymentPostprocessing = 0;
		};
/* End PBXSourcesBuildPhase section */

/* Begin PBXTargetDependency section */
		19956E07206B4F0A00751B70 /* PBXTargetDependency */ = {
			isa = PBXTargetDependency;
			target = 19956DF0206B4F0A00751B70 /* Sample */;
			targetProxy = 19956E06206B4F0A00751B70 /* PBXContainerItemProxy */;
		};
/* End PBXTargetDependency section */

/* Begin PBXVariantGroup section */
		19956DF8206B4F0A00751B70 /* Main.storyboard */ = {
			isa = PBXVariantGroup;
			children = (
				19956DF9206B4F0A00751B70 /* Base */,
			);
			name = Main.storyboard;
			sourceTree = "<group>";
		};
		19956DFD206B4F0A00751B70 /* LaunchScreen.storyboard */ = {
			isa = PBXVariantGroup;
			children = (
				19956DFE206B4F0A00751B70 /* Base */,
			);
			name = LaunchScreen.storyboard;
			sourceTree = "<group>";
		};
/* End PBXVariantGroup section */

/* Begin XCBuildConfiguration section */
		19956E0C206B4F0A00751B70 /* Debug */ = {
			isa = XCBuildConfiguration;
			buildSettings = {
				ALWAYS_SEARCH_USER_PATHS = NO;
				CLANG_ANALYZER_NONNULL = YES;
				CLANG_ANALYZER_NUMBER_OBJECT_CONVERSION = YES_AGGRESSIVE;
				CLANG_CXX_LANGUAGE_STANDARD = "gnu++14";
				CLANG_CXX_LIBRARY = "libc++";
				CLANG_ENABLE_MODULES = YES;
				CLANG_ENABLE_OBJC_ARC = YES;
				CLANG_WARN_BLOCK_CAPTURE_AUTORELEASING = YES;
				CLANG_WARN_BOOL_CONVERSION = YES;
				CLANG_WARN_COMMA = YES;
				CLANG_WARN_CONSTANT_CONVERSION = YES;
				CLANG_WARN_DIRECT_OBJC_ISA_USAGE = YES_ERROR;
				CLANG_WARN_DOCUMENTATION_COMMENTS = YES;
				CLANG_WARN_EMPTY_BODY = YES;
				CLANG_WARN_ENUM_CONVERSION = YES;
				CLANG_WARN_INFINITE_RECURSION = YES;
				CLANG_WARN_INT_CONVERSION = YES;
				CLANG_WARN_NON_LITERAL_NULL_CONVERSION = YES;
				CLANG_WARN_OBJC_LITERAL_CONVERSION = YES;
				CLANG_WARN_OBJC_ROOT_CLASS = YES_ERROR;
				CLANG_WARN_RANGE_LOOP_ANALYSIS = YES;
				CLANG_WARN_STRICT_PROTOTYPES = YES;
				CLANG_WARN_SUSPICIOUS_MOVE = YES;
				CLANG_WARN_UNGUARDED_AVAILABILITY = YES_AGGRESSIVE;
				CLANG_WARN_UNREACHABLE_CODE = YES;
				CLANG_WARN__DUPLICATE_METHOD_MATCH = YES;
				CODE_SIGN_IDENTITY = "iPhone Developer";
				COPY_PHASE_STRIP = NO;
				DEBUG_INFORMATION_FORMAT = dwarf;
				ENABLE_STRICT_OBJC_MSGSEND = YES;
				ENABLE_TESTABILITY = YES;
				GCC_C_LANGUAGE_STANDARD = gnu11;
				GCC_DYNAMIC_NO_PIC = NO;
				GCC_NO_COMMON_BLOCKS = YES;
				GCC_OPTIMIZATION_LEVEL = 0;
				GCC_PREPROCESSOR_DEFINITIONS = (
					"DEBUG=1",
					"$(inherited)",
				);
				GCC_WARN_64_TO_32_BIT_CONVERSION = YES;
				GCC_WARN_ABOUT_RETURN_TYPE = YES_ERROR;
				GCC_WARN_UNDECLARED_SELECTOR = YES;
				GCC_WARN_UNINITIALIZED_AUTOS = YES_AGGRESSIVE;
				GCC_WARN_UNUSED_FUNCTION = YES;
				GCC_WARN_UNUSED_VARIABLE = YES;
				IPHONEOS_DEPLOYMENT_TARGET = 11.2;
				MTL_ENABLE_DEBUG_INFO = YES;
				ONLY_ACTIVE_ARCH = YES;
				SDKROOT = iphoneos;
				SWIFT_ACTIVE_COMPILATION_CONDITIONS = DEBUG;
				SWIFT_OPTIMIZATION_LEVEL = "-Onone";
			};
			name = Debug;
		};
		19956E0D206B4F0A00751B70 /* Release */ = {
			isa = XCBuildConfiguration;
			buildSettings = {
				ALWAYS_SEARCH_USER_PATHS = NO;
				CLANG_ANALYZER_NONNULL = YES;
				CLANG_ANALYZER_NUMBER_OBJECT_CONVERSION = YES_AGGRESSIVE;
				CLANG_CXX_LANGUAGE_STANDARD = "gnu++14";
				CLANG_CXX_LIBRARY = "libc++";
				CLANG_ENABLE_MODULES = YES;
				CLANG_ENABLE_OBJC_ARC = YES;
				CLANG_WARN_BLOCK_CAPTURE_AUTORELEASING = YES;
				CLANG_WARN_BOOL_CONVERSION = YES;
				CLANG_WARN_COMMA = YES;
				CLANG_WARN_CONSTANT_CONVERSION = YES;
				CLANG_WARN_DIRECT_OBJC_ISA_USAGE = YES_ERROR;
				CLANG_WARN_DOCUMENTATION_COMMENTS = YES;
				CLANG_WARN_EMPTY_BODY = YES;
				CLANG_WARN_ENUM_CONVERSION = YES;
				CLANG_WARN_INFINITE_RECURSION = YES;
				CLANG_WARN_INT_CONVERSION = YES;
				CLANG_WARN_NON_LITERAL_NULL_CONVERSION = YES;
				CLANG_WARN_OBJC_LITERAL_CONVERSION = YES;
				CLANG_WARN_OBJC_ROOT_CLASS = YES_ERROR;
				CLANG_WARN_RANGE_LOOP_ANALYSIS = YES;
				CLANG_WARN_STRICT_PROTOTYPES = YES;
				CLANG_WARN_SUSPICIOUS_MOVE = YES;
				CLANG_WARN_UNGUARDED_AVAILABILITY = YES_AGGRESSIVE;
				CLANG_WARN_UNREACHABLE_CODE = YES;
				CLANG_WARN__DUPLICATE_METHOD_MATCH = YES;
				CODE_SIGN_IDENTITY = "iPhone Developer";
				COPY_PHASE_STRIP = NO;
				DEBUG_INFORMATION_FORMAT = "dwarf-with-dsym";
				ENABLE_NS_ASSERTIONS = NO;
				ENABLE_STRICT_OBJC_MSGSEND = YES;
				GCC_C_LANGUAGE_STANDARD = gnu11;
				GCC_NO_COMMON_BLOCKS = YES;
				GCC_WARN_64_TO_32_BIT_CONVERSION = YES;
				GCC_WARN_ABOUT_RETURN_TYPE = YES_ERROR;
				GCC_WARN_UNDECLARED_SELECTOR = YES;
				GCC_WARN_UNINITIALIZED_AUTOS = YES_AGGRESSIVE;
				GCC_WARN_UNUSED_FUNCTION = YES;
				GCC_WARN_UNUSED_VARIABLE = YES;
				IPHONEOS_DEPLOYMENT_TARGET = 11.2;
				MTL_ENABLE_DEBUG_INFO = NO;
				SDKROOT = iphoneos;
				SWIFT_OPTIMIZATION_LEVEL = "-Owholemodule";
				VALIDATE_PRODUCT = YES;
			};
			name = Release;
		};
		19956E0F206B4F0A00751B70 /* Debug */ = {
			isa = XCBuildConfiguration;
			baseConfigurationReference = 1DB489099BF76BF80AAE12C3 /* Pods-Sample.debug.xcconfig */;
			buildSettings = {
				ASSETCATALOG_COMPILER_APPICON_NAME = AppIcon;
				CODE_SIGN_STYLE = Automatic;
				INFOPLIST_FILE = Sample/Info.plist;
				LD_RUNPATH_SEARCH_PATHS = "$(inherited) @executable_path/Frameworks";
				PRODUCT_BUNDLE_IDENTIFIER = com.scribd.beaverdi.Sample;
				PRODUCT_NAME = "$(TARGET_NAME)";
				SWIFT_VERSION = 4.0;
				TARGETED_DEVICE_FAMILY = "1,2";
			};
			name = Debug;
		};
		19956E10206B4F0A00751B70 /* Release */ = {
			isa = XCBuildConfiguration;
			baseConfigurationReference = EC59A2BFC5F9E4267D337935 /* Pods-Sample.release.xcconfig */;
			buildSettings = {
				ASSETCATALOG_COMPILER_APPICON_NAME = AppIcon;
				CODE_SIGN_STYLE = Automatic;
				INFOPLIST_FILE = Sample/Info.plist;
				LD_RUNPATH_SEARCH_PATHS = "$(inherited) @executable_path/Frameworks";
				PRODUCT_BUNDLE_IDENTIFIER = com.scribd.beaverdi.Sample;
				PRODUCT_NAME = "$(TARGET_NAME)";
				SWIFT_VERSION = 4.0;
				TARGETED_DEVICE_FAMILY = "1,2";
			};
			name = Release;
		};
		19956E12206B4F0A00751B70 /* Debug */ = {
			isa = XCBuildConfiguration;
			baseConfigurationReference = 24FCD488C9B0AAA6774C8E07 /* Pods-SampleTests.debug.xcconfig */;
			buildSettings = {
				ALWAYS_EMBED_SWIFT_STANDARD_LIBRARIES = YES;
				BUNDLE_LOADER = "$(TEST_HOST)";
				CODE_SIGN_STYLE = Automatic;
				INFOPLIST_FILE = SampleTests/Info.plist;
				LD_RUNPATH_SEARCH_PATHS = "$(inherited) @executable_path/Frameworks @loader_path/Frameworks";
				PRODUCT_BUNDLE_IDENTIFIER = com.scribd.beaverdi.SampleTests;
				PRODUCT_NAME = "$(TARGET_NAME)";
				SWIFT_VERSION = 4.0;
				TARGETED_DEVICE_FAMILY = "1,2";
				TEST_HOST = "$(BUILT_PRODUCTS_DIR)/Sample.app/Sample";
			};
			name = Debug;
		};
		19956E13206B4F0A00751B70 /* Release */ = {
			isa = XCBuildConfiguration;
			baseConfigurationReference = C62BE20D85067826649E9607 /* Pods-SampleTests.release.xcconfig */;
			buildSettings = {
				ALWAYS_EMBED_SWIFT_STANDARD_LIBRARIES = YES;
				BUNDLE_LOADER = "$(TEST_HOST)";
				CODE_SIGN_STYLE = Automatic;
				INFOPLIST_FILE = SampleTests/Info.plist;
				LD_RUNPATH_SEARCH_PATHS = "$(inherited) @executable_path/Frameworks @loader_path/Frameworks";
				PRODUCT_BUNDLE_IDENTIFIER = com.scribd.beaverdi.SampleTests;
				PRODUCT_NAME = "$(TARGET_NAME)";
				SWIFT_VERSION = 4.0;
				TARGETED_DEVICE_FAMILY = "1,2";
				TEST_HOST = "$(BUILT_PRODUCTS_DIR)/Sample.app/Sample";
			};
			name = Release;
		};
/* End XCBuildConfiguration section */

/* Begin XCConfigurationList section */
		19956DEC206B4F0A00751B70 /* Build configuration list for PBXProject "Sample" */ = {
			isa = XCConfigurationList;
			buildConfigurations = (
				19956E0C206B4F0A00751B70 /* Debug */,
				19956E0D206B4F0A00751B70 /* Release */,
			);
			defaultConfigurationIsVisible = 0;
			defaultConfigurationName = Release;
		};
		19956E0E206B4F0A00751B70 /* Build configuration list for PBXNativeTarget "Sample" */ = {
			isa = XCConfigurationList;
			buildConfigurations = (
				19956E0F206B4F0A00751B70 /* Debug */,
				19956E10206B4F0A00751B70 /* Release */,
			);
			defaultConfigurationIsVisible = 0;
			defaultConfigurationName = Release;
		};
		19956E11206B4F0A00751B70 /* Build configuration list for PBXNativeTarget "SampleTests" */ = {
			isa = XCConfigurationList;
			buildConfigurations = (
				19956E12206B4F0A00751B70 /* Debug */,
				19956E13206B4F0A00751B70 /* Release */,
			);
			defaultConfigurationIsVisible = 0;
			defaultConfigurationName = Release;
		};
/* End XCConfigurationList section */
	};
	rootObject = 19956DE9206B4F0A00751B70 /* Project object */;
}
